{
  "version": 4,
  "terraform_version": "1.11.3",
  "serial": 1181,
  "lineage": "7d436fce-2584-8463-9bd8-664206d26d7c",
  "outputs": {},
  "resources": [
    {
      "mode": "managed",
      "type": "null_resource",
      "name": "workspace_setup",
      "provider": "provider[\"registry.terraform.io/hashicorp/null\"]",
      "instances": [
        {
          "schema_version": 0,
          "attributes": {
            "id": "1278682400866296009",
            "triggers": null
          },
          "sensitive_attributes": []
        }
      ]
    },
    {
      "module": "module.compute",
      "mode": "data",
      "type": "aws_ami",
      "name": "ubuntu",
      "provider": "provider[\"registry.terraform.io/hashicorp/aws\"]",
      "instances": [
        {
          "schema_version": 0,
          "attributes": {
            "architecture": "x86_64",
            "arn": "arn:aws:ec2:us-east-1::image/ami-0069aa073aac75299",
            "block_device_mappings": [
              {
                "device_name": "/dev/sda1",
                "ebs": {
                  "delete_on_termination": "true",
                  "encrypted": "false",
                  "iops": "0",
                  "snapshot_id": "snap-0cb32ae398c8cd4eb",
                  "throughput": "0",
                  "volume_size": "8",
                  "volume_type": "gp2"
                },
                "no_device": "",
                "virtual_name": ""
              },
              {
                "device_name": "/dev/sdb",
                "ebs": {},
                "no_device": "",
                "virtual_name": "ephemeral0"
              },
              {
                "device_name": "/dev/sdc",
                "ebs": {},
                "no_device": "",
                "virtual_name": "ephemeral1"
              }
            ],
            "boot_mode": "legacy-bios",
            "creation_date": "2025-04-03T06:02:20.000Z",
            "deprecation_time": "2027-04-03T06:02:20.000Z",
            "description": "Canonical, Ubuntu, 20.04, amd64 focal image",
            "ena_support": true,
            "executable_users": null,
            "filter": [
              {
                "name": "name",
                "values": [
                  "ubuntu/images/hvm-ssd/ubuntu-focal-20.04-amd64-server-*"
                ]
              },
              {
                "name": "virtualization-type",
                "values": [
                  "hvm"
                ]
              }
            ],
            "hypervisor": "xen",
            "id": "ami-0069aa073aac75299",
            "image_id": "ami-0069aa073aac75299",
            "image_location": "amazon/ubuntu/images/hvm-ssd/ubuntu-focal-20.04-amd64-server-20250403",
            "image_owner_alias": "amazon",
            "image_type": "machine",
            "imds_support": "",
            "include_deprecated": false,
            "kernel_id": "",
            "last_launched_time": "",
            "most_recent": true,
            "name": "ubuntu/images/hvm-ssd/ubuntu-focal-20.04-amd64-server-20250403",
            "name_regex": null,
            "owner_id": "099720109477",
            "owners": [
              "099720109477"
            ],
            "platform": "",
            "platform_details": "Linux/UNIX",
            "product_codes": [],
            "public": true,
            "ramdisk_id": "",
            "root_device_name": "/dev/sda1",
            "root_device_type": "ebs",
            "root_snapshot_id": "snap-0cb32ae398c8cd4eb",
            "sriov_net_support": "simple",
            "state": "available",
            "state_reason": {
              "code": "UNSET",
              "message": "UNSET"
            },
            "tags": {},
            "timeouts": null,
            "tpm_support": "",
            "uefi_data": null,
            "usage_operation": "RunInstances",
            "virtualization_type": "hvm"
          },
          "sensitive_attributes": []
        }
      ]
    },
    {
      "module": "module.compute",
      "mode": "data",
      "type": "aws_iam_instance_profile",
      "name": "admin_profile",
      "provider": "provider[\"registry.terraform.io/hashicorp/aws\"]",
      "instances": [
        {
          "schema_version": 0,
          "attributes": {
            "arn": "arn:aws:iam::975050283031:instance-profile/payjack-dev-us-east-1-admin-profile",
            "create_date": "2025-04-17 05:10:36 +0000 UTC",
            "id": "AIPA6GBMGTAL3HMUXBBSW",
            "name": "payjack-dev-us-east-1-admin-profile",
            "path": "/",
            "role_arn": "arn:aws:iam::975050283031:role/admin-ssm-role",
            "role_id": "AROA6GBMGTAL2TYMRDMOX",
            "role_name": "admin-ssm-role"
          },
          "sensitive_attributes": []
        }
      ]
    },
    {
      "module": "module.compute",
      "mode": "data",
      "type": "aws_iam_instance_profile",
      "name": "app_profile",
      "provider": "provider[\"registry.terraform.io/hashicorp/aws\"]",
      "instances": [
        {
          "schema_version": 0,
          "attributes": {
            "arn": "arn:aws:iam::975050283031:instance-profile/payjack-dev-us-east-1-app-profile",
            "create_date": "2025-04-17 05:10:36 +0000 UTC",
            "id": "AIPA6GBMGTALTDZOYTLY7",
            "name": "payjack-dev-us-east-1-app-profile",
            "path": "/",
            "role_arn": "arn:aws:iam::975050283031:role/payjack-dev-us-east-1-app-role",
            "role_id": "AROA6GBMGTALZG2PFQV23",
            "role_name": "payjack-dev-us-east-1-app-role"
          },
          "sensitive_attributes": []
        }
      ]
    },
    {
      "module": "module.compute",
      "mode": "data",
      "type": "aws_ssm_parameter",
      "name": "admin_sg_id",
      "provider": "provider[\"registry.terraform.io/hashicorp/aws\"]",
      "instances": [
        {
          "schema_version": 0,
          "attributes": {
            "arn": "arn:aws:ssm:us-east-1:975050283031:parameter/payjack-dev-us-east-1/admin_sg_id",
            "id": "/payjack-dev-us-east-1/admin_sg_id",
            "insecure_value": "sg-0c47e7868e2fa6c90",
            "name": "/payjack-dev-us-east-1/admin_sg_id",
            "type": "String",
            "value": "sg-0c47e7868e2fa6c90",
            "version": 1,
            "with_decryption": true
          },
          "sensitive_attributes": [
            [
              {
                "type": "get_attr",
                "value": "value"
              }
            ]
          ]
        }
      ]
    },
    {
      "module": "module.compute",
      "mode": "data",
      "type": "aws_ssm_parameter",
      "name": "alb_sg_id",
      "provider": "provider[\"registry.terraform.io/hashicorp/aws\"]",
      "instances": [
        {
          "schema_version": 0,
          "attributes": {
            "arn": "arn:aws:ssm:us-east-1:975050283031:parameter/payjack-dev-us-east-1/alb_sg_id",
            "id": "/payjack-dev-us-east-1/alb_sg_id",
            "insecure_value": "sg-04a5d6c67502fc970",
            "name": "/payjack-dev-us-east-1/alb_sg_id",
            "type": "String",
            "value": "sg-04a5d6c67502fc970",
            "version": 1,
            "with_decryption": true
          },
          "sensitive_attributes": [
            [
              {
                "type": "get_attr",
                "value": "value"
              }
            ]
          ]
        }
      ]
    },
    {
      "module": "module.compute",
      "mode": "data",
      "type": "aws_ssm_parameter",
      "name": "asg_sg_id",
      "provider": "provider[\"registry.terraform.io/hashicorp/aws\"]",
      "instances": [
        {
          "schema_version": 0,
          "attributes": {
            "arn": "arn:aws:ssm:us-east-1:975050283031:parameter/payjack-dev-us-east-1/asg_sg_id",
            "id": "/payjack-dev-us-east-1/asg_sg_id",
            "insecure_value": "sg-0c47e7868e2fa6c90",
            "name": "/payjack-dev-us-east-1/asg_sg_id",
            "type": "String",
            "value": "sg-0c47e7868e2fa6c90",
            "version": 1,
            "with_decryption": true
          },
          "sensitive_attributes": [
            [
              {
                "type": "get_attr",
                "value": "value"
              }
            ]
          ]
        }
      ]
    },
    {
      "module": "module.compute",
      "mode": "data",
      "type": "aws_ssm_parameter",
      "name": "private_subnet_ids",
      "provider": "provider[\"registry.terraform.io/hashicorp/aws\"]",
      "instances": [
        {
          "schema_version": 0,
          "attributes": {
            "arn": "arn:aws:ssm:us-east-1:975050283031:parameter/payjack-dev-us-east-1/private_subnet_ids",
            "id": "/payjack-dev-us-east-1/private_subnet_ids",
            "insecure_value": "subnet-04724e4dd10ec5c76,subnet-060f6afa91d17c624,subnet-026f9bfa770db9321",
            "name": "/payjack-dev-us-east-1/private_subnet_ids",
            "type": "StringList",
            "value": "subnet-04724e4dd10ec5c76,subnet-060f6afa91d17c624,subnet-026f9bfa770db9321",
            "version": 1,
            "with_decryption": true
          },
          "sensitive_attributes": [
            [
              {
                "type": "get_attr",
                "value": "value"
              }
            ]
          ]
        }
      ]
    },
    {
      "module": "module.compute",
      "mode": "data",
      "type": "aws_ssm_parameter",
      "name": "public_subnet_ids",
      "provider": "provider[\"registry.terraform.io/hashicorp/aws\"]",
      "instances": [
        {
          "schema_version": 0,
          "attributes": {
            "arn": "arn:aws:ssm:us-east-1:975050283031:parameter/payjack-dev-us-east-1/public_subnet_ids",
            "id": "/payjack-dev-us-east-1/public_subnet_ids",
            "insecure_value": "subnet-05a52d8863a3f6005,subnet-0831b80cf45437aa9",
            "name": "/payjack-dev-us-east-1/public_subnet_ids",
            "type": "StringList",
            "value": "subnet-05a52d8863a3f6005,subnet-0831b80cf45437aa9",
            "version": 1,
            "with_decryption": true
          },
          "sensitive_attributes": [
            [
              {
                "type": "get_attr",
                "value": "value"
              }
            ]
          ]
        }
      ]
    },
    {
      "module": "module.compute",
      "mode": "managed",
      "type": "aws_instance",
      "name": "admin",
      "provider": "provider[\"registry.terraform.io/hashicorp/aws\"]",
      "instances": [
        {
          "schema_version": 1,
          "attributes": {
            "ami": "ami-0069aa073aac75299",
            "arn": "arn:aws:ec2:us-east-1:975050283031:instance/i-0cba59e88df7cff92",
            "associate_public_ip_address": false,
            "availability_zone": "us-east-1a",
            "capacity_reservation_specification": [
              {
                "capacity_reservation_preference": "open",
                "capacity_reservation_target": []
              }
            ],
            "cpu_core_count": 1,
            "cpu_options": [
              {
                "amd_sev_snp": "",
                "core_count": 1,
                "threads_per_core": 2
              }
            ],
            "cpu_threads_per_core": 2,
            "credit_specification": [
              {
                "cpu_credits": "unlimited"
              }
            ],
            "disable_api_stop": false,
            "disable_api_termination": false,
            "ebs_block_device": [],
            "ebs_optimized": false,
            "enable_primary_ipv6": null,
            "enclave_options": [
              {
                "enabled": false
              }
            ],
            "ephemeral_block_device": [],
            "get_password_data": false,
            "hibernation": false,
            "host_id": "",
            "host_resource_group_arn": null,
            "iam_instance_profile": "payjack-dev-us-east-1-admin-profile",
            "id": "i-0cba59e88df7cff92",
            "instance_initiated_shutdown_behavior": "stop",
            "instance_lifecycle": "",
            "instance_market_options": [],
            "instance_state": "running",
            "instance_type": "t3.micro",
            "ipv6_address_count": 0,
            "ipv6_addresses": [],
            "key_name": "",
            "launch_template": [],
            "maintenance_options": [
              {
                "auto_recovery": "default"
              }
            ],
            "metadata_options": [
              {
                "http_endpoint": "enabled",
                "http_protocol_ipv6": "disabled",
                "http_put_response_hop_limit": 1,
                "http_tokens": "optional",
                "instance_metadata_tags": "disabled"
              }
            ],
            "monitoring": false,
            "network_interface": [],
            "outpost_arn": "",
            "password_data": "",
            "placement_group": "",
            "placement_partition_number": 0,
            "primary_network_interface_id": "eni-0b8209a4842d7503c",
            "private_dns": "ip-10-0-3-217.ec2.internal",
            "private_dns_name_options": [
              {
                "enable_resource_name_dns_a_record": false,
                "enable_resource_name_dns_aaaa_record": false,
                "hostname_type": "ip-name"
              }
            ],
            "private_ip": "10.0.3.217",
            "public_dns": "",
            "public_ip": "",
            "root_block_device": [
              {
                "delete_on_termination": true,
                "device_name": "/dev/sda1",
                "encrypted": false,
                "iops": 100,
                "kms_key_id": "",
                "tags": {},
                "tags_all": {},
                "throughput": 0,
                "volume_id": "vol-07c4cd4fbe1475115",
                "volume_size": 8,
                "volume_type": "gp2"
              }
            ],
            "secondary_private_ips": [],
            "security_groups": [
              "sg-0c47e7868e2fa6c90"
            ],
            "source_dest_check": true,
            "spot_instance_request_id": "",
            "subnet_id": "subnet-04724e4dd10ec5c76",
            "tags": {
              "Environment": "dev",
              "Managed_by": "terraform",
              "Name": "payjack-dev-us-east-1-admin-server",
              "Owner": "mimi",
              "Project": "payjack"
            },
            "tags_all": {
              "Environment": "dev",
              "Managed_by": "terraform",
              "Name": "payjack-dev-us-east-1-admin-server",
              "Owner": "mimi",
              "Project": "payjack"
            },
            "tenancy": "default",
            "timeouts": null,
            "user_data": null,
            "user_data_base64": null,
            "user_data_replace_on_change": false,
            "volume_tags": null,
            "vpc_security_group_ids": [
              "sg-0c47e7868e2fa6c90"
            ]
          },
          "sensitive_attributes": [
            [
              {
                "type": "get_attr",
                "value": "security_groups"
              }
            ],
            [
              {
                "type": "get_attr",
                "value": "subnet_id"
              }
            ]
          ],
          "private": "eyJlMmJmYjczMC1lY2FhLTExZTYtOGY4OC0zNDM2M2JjN2M0YzAiOnsiY3JlYXRlIjo2MDAwMDAwMDAwMDAsImRlbGV0ZSI6MTIwMDAwMDAwMDAwMCwicmVhZCI6OTAwMDAwMDAwMDAwLCJ1cGRhdGUiOjYwMDAwMDAwMDAwMH0sInNjaGVtYV92ZXJzaW9uIjoiMSJ9",
          "dependencies": [
            "module.compute.data.aws_ami.ubuntu",
            "module.compute.data.aws_iam_instance_profile.admin_profile",
            "module.compute.data.aws_ssm_parameter.admin_sg_id",
            "module.compute.data.aws_ssm_parameter.private_subnet_ids",
            "module.networking.aws_eip.nat_eip",
            "module.networking.aws_internet_gateway.igw",
            "module.networking.aws_nat_gateway.nat",
            "module.networking.aws_route_table.private",
            "module.networking.aws_route_table.public",
            "module.networking.aws_route_table_association.private",
            "module.networking.aws_route_table_association.public",
            "module.networking.aws_ssm_parameter.igw_id",
            "module.networking.aws_ssm_parameter.nat_id",
            "module.networking.aws_ssm_parameter.private_rt_id",
            "module.networking.aws_ssm_parameter.private_subnet_ids",
            "module.networking.aws_ssm_parameter.public_rt_id",
            "module.networking.aws_ssm_parameter.public_subnet_ids",
            "module.networking.aws_ssm_parameter.vpc_id",
            "module.networking.aws_subnet.app",
            "module.networking.aws_subnet.private",
            "module.networking.aws_subnet.public",
            "module.networking.aws_vpc.main",
            "module.networking.data.aws_availability_zones.available",
            "module.networking.data.aws_ssm_parameter.private_subnet_ids",
            "module.networking.data.aws_ssm_parameter.public_subnet_ids",
            "module.networking.data.aws_ssm_parameter.vpc_id",
            "module.security.aws_security_group.admin_sg",
            "module.security.aws_security_group.alb_sg",
            "module.security.aws_security_group.asg_sg",
            "module.security.aws_security_group.elasticache_sg",
            "module.security.aws_security_group.kafka_sg",
            "module.security.aws_security_group.rds_sg",
            "module.security.aws_ssm_parameter.admin_sg_id",
            "module.security.aws_ssm_parameter.alb_sg_id",
            "module.security.aws_ssm_parameter.asg_sg_id",
            "module.security.aws_ssm_parameter.elasticache_sg_id",
            "module.security.aws_ssm_parameter.kafka_sg_id",
            "module.security.aws_ssm_parameter.rds_sg_id",
            "module.security.data.aws_ssm_parameter.vpc_id"
          ]
        }
      ]
    },
    {
      "module": "module.database",
      "mode": "data",
      "type": "aws_availability_zones",
      "name": "available",
      "provider": "provider[\"registry.terraform.io/hashicorp/aws\"]",
      "instances": [
        {
          "schema_version": 0,
          "attributes": {
            "all_availability_zones": null,
            "exclude_names": null,
            "exclude_zone_ids": null,
            "filter": null,
            "group_names": [
              "us-east-1-zg-1"
            ],
            "id": "us-east-1",
            "names": [
              "us-east-1a",
              "us-east-1b",
              "us-east-1c",
              "us-east-1d",
              "us-east-1e",
              "us-east-1f"
            ],
            "state": "available",
            "timeouts": null,
            "zone_ids": [
              "use1-az1",
              "use1-az2",
              "use1-az4",
              "use1-az6",
              "use1-az3",
              "use1-az5"
            ]
          },
          "sensitive_attributes": []
        }
      ]
    },
    {
      "module": "module.database",
      "mode": "data",
      "type": "aws_secretsmanager_secret_version",
      "name": "db_creds",
      "provider": "provider[\"registry.terraform.io/hashicorp/aws\"]",
      "instances": [
        {
          "schema_version": 0,
          "attributes": {
            "arn": "arn:aws:secretsmanager:us-east-1:975050283031:secret:payjack-dev-us-east-1-secret-ready-9yzlPQ",
            "created_date": "2025-04-17T05:14:04Z",
            "id": "arn:aws:secretsmanager:us-east-1:975050283031:secret:payjack-dev-us-east-1-secret-ready-9yzlPQ|AWSCURRENT",
            "secret_binary": "",
            "secret_id": "arn:aws:secretsmanager:us-east-1:975050283031:secret:payjack-dev-us-east-1-secret-ready-9yzlPQ",
            "secret_string": "{\"password\":\"2iEKDe4%TmF30UIb\",\"username\":\"payjackadmin\"}",
            "version_id": "terraform-20250417051403621300000011",
            "version_stage": "AWSCURRENT",
            "version_stages": [
              "AWSCURRENT"
            ]
          },
          "sensitive_attributes": [
            [
              {
                "type": "get_attr",
                "value": "secret_string"
              }
            ],
            [
              {
                "type": "get_attr",
                "value": "secret_binary"
              }
            ]
          ]
        }
      ]
    },
    {
      "module": "module.database",
      "mode": "data",
      "type": "aws_ssm_parameter",
      "name": "alb_logs",
      "provider": "provider[\"registry.terraform.io/hashicorp/aws\"]",
      "instances": [
        {
          "schema_version": 0,
          "attributes": {
            "arn": "arn:aws:ssm:us-east-1:975050283031:parameter/payjack-dev-us-east-1/alb-logs-bucket-name",
            "id": "/payjack-dev-us-east-1/alb-logs-bucket-name",
            "insecure_value": "payjack-dev-us-east-1-alb-logs",
            "name": "/payjack-dev-us-east-1/alb-logs-bucket-name",
            "type": "String",
            "value": "payjack-dev-us-east-1-alb-logs",
            "version": 1,
            "with_decryption": true
          },
          "sensitive_attributes": [
            [
              {
                "type": "get_attr",
                "value": "value"
              }
            ]
          ]
        }
      ]
    },
    {
      "module": "module.database",
      "mode": "data",
      "type": "aws_ssm_parameter",
      "name": "alb_sg_id",
      "provider": "provider[\"registry.terraform.io/hashicorp/aws\"]",
      "instances": [
        {
          "schema_version": 0,
          "attributes": {
            "arn": "arn:aws:ssm:us-east-1:975050283031:parameter/payjack-dev-us-east-1/alb_sg_id",
            "id": "/payjack-dev-us-east-1/alb_sg_id",
            "insecure_value": "sg-04a5d6c67502fc970",
            "name": "/payjack-dev-us-east-1/alb_sg_id",
            "type": "String",
            "value": "sg-04a5d6c67502fc970",
            "version": 1,
            "with_decryption": true
          },
          "sensitive_attributes": [
            [
              {
                "type": "get_attr",
                "value": "value"
              }
            ]
          ]
        }
      ]
    },
    {
      "module": "module.database",
      "mode": "data",
      "type": "aws_ssm_parameter",
      "name": "private_subnet_ids",
      "provider": "provider[\"registry.terraform.io/hashicorp/aws\"]",
      "instances": [
        {
          "schema_version": 0,
          "attributes": {
            "arn": "arn:aws:ssm:us-east-1:975050283031:parameter/payjack-dev-us-east-1/private_subnet_ids",
            "id": "/payjack-dev-us-east-1/private_subnet_ids",
            "insecure_value": "subnet-04724e4dd10ec5c76,subnet-060f6afa91d17c624,subnet-026f9bfa770db9321",
            "name": "/payjack-dev-us-east-1/private_subnet_ids",
            "type": "StringList",
            "value": "subnet-04724e4dd10ec5c76,subnet-060f6afa91d17c624,subnet-026f9bfa770db9321",
            "version": 1,
            "with_decryption": true
          },
          "sensitive_attributes": [
            [
              {
                "type": "get_attr",
                "value": "value"
              }
            ]
          ]
        }
      ]
    },
    {
      "module": "module.database",
      "mode": "data",
      "type": "aws_ssm_parameter",
      "name": "public_subnet_ids",
      "provider": "provider[\"registry.terraform.io/hashicorp/aws\"]",
      "instances": [
        {
          "schema_version": 0,
          "attributes": {
            "arn": "arn:aws:ssm:us-east-1:975050283031:parameter/payjack-dev-us-east-1/public_subnet_ids",
            "id": "/payjack-dev-us-east-1/public_subnet_ids",
            "insecure_value": "subnet-05a52d8863a3f6005,subnet-0831b80cf45437aa9",
            "name": "/payjack-dev-us-east-1/public_subnet_ids",
            "type": "StringList",
            "value": "subnet-05a52d8863a3f6005,subnet-0831b80cf45437aa9",
            "version": 1,
            "with_decryption": true
          },
          "sensitive_attributes": [
            [
              {
                "type": "get_attr",
                "value": "value"
              }
            ]
          ]
        }
      ]
    },
    {
      "module": "module.database",
      "mode": "data",
      "type": "aws_ssm_parameter",
      "name": "rds_sg_id",
      "provider": "provider[\"registry.terraform.io/hashicorp/aws\"]",
      "instances": [
        {
          "schema_version": 0,
          "attributes": {
            "arn": "arn:aws:ssm:us-east-1:975050283031:parameter/payjack-dev-us-east-1/rds_sg_id",
            "id": "/payjack-dev-us-east-1/rds_sg_id",
            "insecure_value": "sg-05e5b8826517b5f2f",
            "name": "/payjack-dev-us-east-1/rds_sg_id",
            "type": "String",
            "value": "sg-05e5b8826517b5f2f",
            "version": 1,
            "with_decryption": true
          },
          "sensitive_attributes": [
            [
              {
                "type": "get_attr",
                "value": "value"
              }
            ]
          ]
        }
      ]
    },
    {
      "module": "module.database",
      "mode": "data",
      "type": "aws_ssm_parameter",
      "name": "vpc_id",
      "provider": "provider[\"registry.terraform.io/hashicorp/aws\"]",
      "instances": [
        {
          "schema_version": 0,
          "attributes": {
            "arn": "arn:aws:ssm:us-east-1:975050283031:parameter/payjack-dev-us-east-1/vpc_id",
            "id": "/payjack-dev-us-east-1/vpc_id",
            "insecure_value": "",
            "name": "/payjack-dev-us-east-1/vpc_id",
            "type": "SecureString",
            "value": "vpc-04da810f698d50a30",
            "version": 1,
            "with_decryption": true
          },
          "sensitive_attributes": [
            [
              {
                "type": "get_attr",
                "value": "value"
              }
            ]
          ]
        }
      ]
    },
    {
      "module": "module.database",
      "mode": "managed",
      "type": "aws_db_instance",
      "name": "rds",
      "provider": "provider[\"registry.terraform.io/hashicorp/aws\"]",
      "instances": [
        {
          "schema_version": 2,
          "attributes": {
            "address": "payjack-dev-us-east-1-db-instance.cr062ek2u96a.us-east-1.rds.amazonaws.com",
            "allocated_storage": 20,
            "allow_major_version_upgrade": null,
            "apply_immediately": false,
            "arn": "arn:aws:rds:us-east-1:975050283031:db:payjack-dev-us-east-1-db-instance",
            "auto_minor_version_upgrade": true,
            "availability_zone": "us-east-1b",
            "backup_retention_period": 0,
            "backup_target": "region",
            "backup_window": "04:46-05:16",
            "blue_green_update": [],
            "ca_cert_identifier": "rds-ca-rsa2048-g1",
            "character_set_name": "",
            "copy_tags_to_snapshot": false,
            "custom_iam_instance_profile": "",
            "customer_owned_ip_enabled": false,
            "database_insights_mode": "standard",
            "db_name": "payjackdb",
            "db_subnet_group_name": "payjack-dev-us-east-1-db-subnet-group",
            "dedicated_log_volume": false,
            "delete_automated_backups": true,
            "deletion_protection": false,
            "domain": "",
            "domain_auth_secret_arn": "",
            "domain_dns_ips": null,
            "domain_fqdn": "",
            "domain_iam_role_name": "",
            "domain_ou": "",
            "enabled_cloudwatch_logs_exports": null,
            "endpoint": "payjack-dev-us-east-1-db-instance.cr062ek2u96a.us-east-1.rds.amazonaws.com:3306",
            "engine": "mysql",
            "engine_lifecycle_support": "open-source-rds-extended-support",
            "engine_version": "8.0.40",
            "engine_version_actual": "8.0.40",
            "final_snapshot_identifier": null,
            "hosted_zone_id": "Z2R2ITUGPM61AM",
            "iam_database_authentication_enabled": false,
            "id": "db-3ZG4PNJDVKTTPJJ6G2SYGRYLPA",
            "identifier": "payjack-dev-us-east-1-db-instance",
            "identifier_prefix": "",
            "instance_class": "db.t3.micro",
            "iops": 0,
            "kms_key_id": "",
            "latest_restorable_time": "",
            "license_model": "general-public-license",
            "listener_endpoint": [],
            "maintenance_window": "thu:08:35-thu:09:05",
            "manage_master_user_password": null,
            "master_user_secret": [],
            "master_user_secret_kms_key_id": null,
            "max_allocated_storage": 0,
            "monitoring_interval": 0,
            "monitoring_role_arn": "",
            "multi_az": false,
            "nchar_character_set_name": "",
            "network_type": "IPV4",
            "option_group_name": "default:mysql-8-0",
            "parameter_group_name": "default.mysql8.0",
            "password": "2iEKDe4%TmF30UIb",
            "password_wo": null,
            "password_wo_version": null,
            "performance_insights_enabled": false,
            "performance_insights_kms_key_id": "",
            "performance_insights_retention_period": 0,
            "port": 3306,
            "publicly_accessible": false,
            "replica_mode": "",
            "replicas": [],
            "replicate_source_db": "",
            "resource_id": "db-3ZG4PNJDVKTTPJJ6G2SYGRYLPA",
            "restore_to_point_in_time": [],
            "s3_import": [],
            "skip_final_snapshot": true,
            "snapshot_identifier": null,
            "status": "available",
            "storage_encrypted": false,
            "storage_throughput": 0,
            "storage_type": "gp2",
            "tags": {
              "Environment": "dev",
              "Managed_by": "terraform",
              "Name": "payjack-dev-us-east-1-db",
              "Owner": "mimi",
              "Project": "payjack"
            },
            "tags_all": {
              "Environment": "dev",
              "Managed_by": "terraform",
              "Name": "payjack-dev-us-east-1-db",
              "Owner": "mimi",
              "Project": "payjack"
            },
            "timeouts": null,
            "timezone": "",
            "upgrade_storage_config": null,
            "username": "payjackadmin",
            "vpc_security_group_ids": [
              "sg-05e5b8826517b5f2f"
            ]
          },
          "sensitive_attributes": [
            [
              {
                "type": "get_attr",
                "value": "vpc_security_group_ids"
              }
            ],
            [
              {
                "type": "get_attr",
                "value": "password"
              }
            ],
            [
              {
                "type": "get_attr",
                "value": "password_wo"
              }
            ],
            [
              {
                "type": "get_attr",
                "value": "username"
              }
            ]
          ],
          "private": "eyJlMmJmYjczMC1lY2FhLTExZTYtOGY4OC0zNDM2M2JjN2M0YzAiOnsiY3JlYXRlIjozMDAwMDAwMDAwMDAwLCJkZWxldGUiOjM2MDAwMDAwMDAwMDAsInVwZGF0ZSI6NDgwMDAwMDAwMDAwMH0sInNjaGVtYV92ZXJzaW9uIjoiMiJ9",
          "dependencies": [
            "module.database.aws_db_subnet_group.rds",
            "module.database.aws_secretsmanager_secret.rds",
            "module.database.aws_secretsmanager_secret_version.rds",
            "module.database.data.aws_secretsmanager_secret_version.db_creds",
            "module.database.data.aws_ssm_parameter.private_subnet_ids",
            "module.database.data.aws_ssm_parameter.rds_sg_id",
            "module.database.random_password.rds",
            "module.networking.aws_eip.nat_eip",
            "module.networking.aws_internet_gateway.igw",
            "module.networking.aws_nat_gateway.nat",
            "module.networking.aws_route_table.private",
            "module.networking.aws_route_table.public",
            "module.networking.aws_route_table_association.private",
            "module.networking.aws_route_table_association.public",
            "module.networking.aws_ssm_parameter.igw_id",
            "module.networking.aws_ssm_parameter.nat_id",
            "module.networking.aws_ssm_parameter.private_rt_id",
            "module.networking.aws_ssm_parameter.private_subnet_ids",
            "module.networking.aws_ssm_parameter.public_rt_id",
            "module.networking.aws_ssm_parameter.public_subnet_ids",
            "module.networking.aws_ssm_parameter.vpc_id",
            "module.networking.aws_subnet.app",
            "module.networking.aws_subnet.private",
            "module.networking.aws_subnet.public",
            "module.networking.aws_vpc.main",
            "module.networking.data.aws_availability_zones.available",
            "module.networking.data.aws_ssm_parameter.private_subnet_ids",
            "module.networking.data.aws_ssm_parameter.public_subnet_ids",
            "module.networking.data.aws_ssm_parameter.vpc_id",
            "module.security.aws_security_group.admin_sg",
            "module.security.aws_security_group.alb_sg",
            "module.security.aws_security_group.asg_sg",
            "module.security.aws_security_group.elasticache_sg",
            "module.security.aws_security_group.kafka_sg",
            "module.security.aws_security_group.rds_sg",
            "module.security.aws_ssm_parameter.admin_sg_id",
            "module.security.aws_ssm_parameter.alb_sg_id",
            "module.security.aws_ssm_parameter.asg_sg_id",
            "module.security.aws_ssm_parameter.elasticache_sg_id",
            "module.security.aws_ssm_parameter.kafka_sg_id",
            "module.security.aws_ssm_parameter.rds_sg_id",
            "module.security.data.aws_ssm_parameter.vpc_id"
          ]
        }
      ]
    },
    {
      "module": "module.database",
      "mode": "managed",
      "type": "aws_db_subnet_group",
      "name": "rds",
      "provider": "provider[\"registry.terraform.io/hashicorp/aws\"]",
      "instances": [
        {
          "schema_version": 0,
          "attributes": {
            "arn": "arn:aws:rds:us-east-1:975050283031:subgrp:payjack-dev-us-east-1-db-subnet-group",
            "description": "Managed by Terraform",
            "id": "payjack-dev-us-east-1-db-subnet-group",
            "name": "payjack-dev-us-east-1-db-subnet-group",
            "name_prefix": "",
            "subnet_ids": [
              "subnet-026f9bfa770db9321",
              "subnet-04724e4dd10ec5c76",
              "subnet-060f6afa91d17c624"
            ],
            "supported_network_types": [
              "IPV4"
            ],
            "tags": null,
            "tags_all": {},
            "vpc_id": "vpc-04da810f698d50a30"
          },
          "sensitive_attributes": [
            [
              {
                "type": "get_attr",
                "value": "subnet_ids"
              }
            ]
          ],
          "private": "bnVsbA==",
          "dependencies": [
            "module.database.data.aws_ssm_parameter.private_subnet_ids",
            "module.networking.aws_eip.nat_eip",
            "module.networking.aws_internet_gateway.igw",
            "module.networking.aws_nat_gateway.nat",
            "module.networking.aws_route_table.private",
            "module.networking.aws_route_table.public",
            "module.networking.aws_route_table_association.private",
            "module.networking.aws_route_table_association.public",
            "module.networking.aws_ssm_parameter.igw_id",
            "module.networking.aws_ssm_parameter.nat_id",
            "module.networking.aws_ssm_parameter.private_rt_id",
            "module.networking.aws_ssm_parameter.private_subnet_ids",
            "module.networking.aws_ssm_parameter.public_rt_id",
            "module.networking.aws_ssm_parameter.public_subnet_ids",
            "module.networking.aws_ssm_parameter.vpc_id",
            "module.networking.aws_subnet.app",
            "module.networking.aws_subnet.private",
            "module.networking.aws_subnet.public",
            "module.networking.aws_vpc.main",
            "module.networking.data.aws_availability_zones.available",
            "module.networking.data.aws_ssm_parameter.private_subnet_ids",
            "module.networking.data.aws_ssm_parameter.public_subnet_ids",
            "module.networking.data.aws_ssm_parameter.vpc_id",
            "module.security.aws_security_group.admin_sg",
            "module.security.aws_security_group.alb_sg",
            "module.security.aws_security_group.asg_sg",
            "module.security.aws_security_group.elasticache_sg",
            "module.security.aws_security_group.kafka_sg",
            "module.security.aws_security_group.rds_sg",
            "module.security.aws_ssm_parameter.admin_sg_id",
            "module.security.aws_ssm_parameter.alb_sg_id",
            "module.security.aws_ssm_parameter.asg_sg_id",
            "module.security.aws_ssm_parameter.elasticache_sg_id",
            "module.security.aws_ssm_parameter.kafka_sg_id",
            "module.security.aws_ssm_parameter.rds_sg_id",
            "module.security.data.aws_ssm_parameter.vpc_id"
          ]
        }
      ]
    },
    {
      "module": "module.database",
      "mode": "managed",
      "type": "aws_secretsmanager_secret",
      "name": "rds",
      "provider": "provider[\"registry.terraform.io/hashicorp/aws\"]",
      "instances": [
        {
          "schema_version": 0,
          "attributes": {
            "arn": "arn:aws:secretsmanager:us-east-1:975050283031:secret:payjack-dev-us-east-1-secret-ready-9yzlPQ",
            "description": "RDS credentials for payjack-dev-us-east-1-db",
            "force_overwrite_replica_secret": false,
            "id": "arn:aws:secretsmanager:us-east-1:975050283031:secret:payjack-dev-us-east-1-secret-ready-9yzlPQ",
            "kms_key_id": "",
            "name": "payjack-dev-us-east-1-secret-ready",
            "name_prefix": "",
            "policy": "",
            "recovery_window_in_days": 30,
            "replica": [],
            "tags": {
              "Environment": "dev",
              "Managed_by": "terraform",
              "Name": "payjack-dev-us-east-1-db-secret",
              "Owner": "mimi",
              "Project": "payjack"
            },
            "tags_all": {
              "Environment": "dev",
              "Managed_by": "terraform",
              "Name": "payjack-dev-us-east-1-db-secret",
              "Owner": "mimi",
              "Project": "payjack"
            }
          },
          "sensitive_attributes": [],
          "private": "bnVsbA==",
          "dependencies": [
            "module.networking.aws_eip.nat_eip",
            "module.networking.aws_internet_gateway.igw",
            "module.networking.aws_nat_gateway.nat",
            "module.networking.aws_route_table.private",
            "module.networking.aws_route_table.public",
            "module.networking.aws_route_table_association.private",
            "module.networking.aws_route_table_association.public",
            "module.networking.aws_ssm_parameter.igw_id",
            "module.networking.aws_ssm_parameter.nat_id",
            "module.networking.aws_ssm_parameter.private_rt_id",
            "module.networking.aws_ssm_parameter.private_subnet_ids",
            "module.networking.aws_ssm_parameter.public_rt_id",
            "module.networking.aws_ssm_parameter.public_subnet_ids",
            "module.networking.aws_ssm_parameter.vpc_id",
            "module.networking.aws_subnet.app",
            "module.networking.aws_subnet.private",
            "module.networking.aws_subnet.public",
            "module.networking.aws_vpc.main",
            "module.networking.data.aws_availability_zones.available",
            "module.networking.data.aws_ssm_parameter.private_subnet_ids",
            "module.networking.data.aws_ssm_parameter.public_subnet_ids",
            "module.networking.data.aws_ssm_parameter.vpc_id",
            "module.security.aws_security_group.admin_sg",
            "module.security.aws_security_group.alb_sg",
            "module.security.aws_security_group.asg_sg",
            "module.security.aws_security_group.elasticache_sg",
            "module.security.aws_security_group.kafka_sg",
            "module.security.aws_security_group.rds_sg",
            "module.security.aws_ssm_parameter.admin_sg_id",
            "module.security.aws_ssm_parameter.alb_sg_id",
            "module.security.aws_ssm_parameter.asg_sg_id",
            "module.security.aws_ssm_parameter.elasticache_sg_id",
            "module.security.aws_ssm_parameter.kafka_sg_id",
            "module.security.aws_ssm_parameter.rds_sg_id",
            "module.security.data.aws_ssm_parameter.vpc_id"
          ]
        }
      ]
    },
    {
      "module": "module.database",
      "mode": "managed",
      "type": "aws_secretsmanager_secret_version",
      "name": "rds",
      "provider": "provider[\"registry.terraform.io/hashicorp/aws\"]",
      "instances": [
        {
          "schema_version": 0,
          "attributes": {
            "arn": "arn:aws:secretsmanager:us-east-1:975050283031:secret:payjack-dev-us-east-1-secret-ready-9yzlPQ",
            "has_secret_string_wo": null,
            "id": "arn:aws:secretsmanager:us-east-1:975050283031:secret:payjack-dev-us-east-1-secret-ready-9yzlPQ|terraform-20250417051403621300000011",
            "secret_binary": "",
            "secret_id": "arn:aws:secretsmanager:us-east-1:975050283031:secret:payjack-dev-us-east-1-secret-ready-9yzlPQ",
            "secret_string": "{\"password\":\"2iEKDe4%TmF30UIb\",\"username\":\"payjackadmin\"}",
            "secret_string_wo": null,
            "secret_string_wo_version": null,
            "version_id": "terraform-20250417051403621300000011",
            "version_stages": [
              "AWSCURRENT"
            ]
          },
          "sensitive_attributes": [
            [
              {
                "type": "get_attr",
                "value": "secret_string"
              }
            ],
            [
              {
                "type": "get_attr",
                "value": "secret_string_wo"
              }
            ],
            [
              {
                "type": "get_attr",
                "value": "secret_binary"
              }
            ]
          ],
          "private": "bnVsbA==",
          "dependencies": [
            "module.database.aws_secretsmanager_secret.rds",
            "module.database.random_password.rds",
            "module.networking.aws_eip.nat_eip",
            "module.networking.aws_internet_gateway.igw",
            "module.networking.aws_nat_gateway.nat",
            "module.networking.aws_route_table.private",
            "module.networking.aws_route_table.public",
            "module.networking.aws_route_table_association.private",
            "module.networking.aws_route_table_association.public",
            "module.networking.aws_ssm_parameter.igw_id",
            "module.networking.aws_ssm_parameter.nat_id",
            "module.networking.aws_ssm_parameter.private_rt_id",
            "module.networking.aws_ssm_parameter.private_subnet_ids",
            "module.networking.aws_ssm_parameter.public_rt_id",
            "module.networking.aws_ssm_parameter.public_subnet_ids",
            "module.networking.aws_ssm_parameter.vpc_id",
            "module.networking.aws_subnet.app",
            "module.networking.aws_subnet.private",
            "module.networking.aws_subnet.public",
            "module.networking.aws_vpc.main",
            "module.networking.data.aws_availability_zones.available",
            "module.networking.data.aws_ssm_parameter.private_subnet_ids",
            "module.networking.data.aws_ssm_parameter.public_subnet_ids",
            "module.networking.data.aws_ssm_parameter.vpc_id",
            "module.security.aws_security_group.admin_sg",
            "module.security.aws_security_group.alb_sg",
            "module.security.aws_security_group.asg_sg",
            "module.security.aws_security_group.elasticache_sg",
            "module.security.aws_security_group.kafka_sg",
            "module.security.aws_security_group.rds_sg",
            "module.security.aws_ssm_parameter.admin_sg_id",
            "module.security.aws_ssm_parameter.alb_sg_id",
            "module.security.aws_ssm_parameter.asg_sg_id",
            "module.security.aws_ssm_parameter.elasticache_sg_id",
            "module.security.aws_ssm_parameter.kafka_sg_id",
            "module.security.aws_ssm_parameter.rds_sg_id",
            "module.security.data.aws_ssm_parameter.vpc_id"
          ]
        }
      ]
    },
    {
      "module": "module.database",
      "mode": "managed",
      "type": "random_password",
      "name": "rds",
      "provider": "provider[\"registry.terraform.io/hashicorp/random\"]",
      "instances": [
        {
          "schema_version": 3,
          "attributes": {
            "bcrypt_hash": "$2a$10$dZOc9F2dcxbqFOke7g05GOjazUpzzcQeOxlWxhTCDfaamWhV1Eg.2",
            "id": "none",
            "keepers": null,
            "length": 16,
            "lower": true,
            "min_lower": 0,
            "min_numeric": 0,
            "min_special": 0,
            "min_upper": 0,
            "number": true,
            "numeric": true,
            "override_special": "_%@",
            "result": "2iEKDe4%TmF30UIb",
            "special": true,
            "upper": true
          },
          "sensitive_attributes": [
            [
              {
                "type": "get_attr",
                "value": "bcrypt_hash"
              }
            ],
            [
              {
                "type": "get_attr",
                "value": "result"
              }
            ]
          ],
          "dependencies": [
            "module.networking.aws_eip.nat_eip",
            "module.networking.aws_internet_gateway.igw",
            "module.networking.aws_nat_gateway.nat",
            "module.networking.aws_route_table.private",
            "module.networking.aws_route_table.public",
            "module.networking.aws_route_table_association.private",
            "module.networking.aws_route_table_association.public",
            "module.networking.aws_ssm_parameter.igw_id",
            "module.networking.aws_ssm_parameter.nat_id",
            "module.networking.aws_ssm_parameter.private_rt_id",
            "module.networking.aws_ssm_parameter.private_subnet_ids",
            "module.networking.aws_ssm_parameter.public_rt_id",
            "module.networking.aws_ssm_parameter.public_subnet_ids",
            "module.networking.aws_ssm_parameter.vpc_id",
            "module.networking.aws_subnet.app",
            "module.networking.aws_subnet.private",
            "module.networking.aws_subnet.public",
            "module.networking.aws_vpc.main",
            "module.networking.data.aws_availability_zones.available",
            "module.networking.data.aws_ssm_parameter.private_subnet_ids",
            "module.networking.data.aws_ssm_parameter.public_subnet_ids",
            "module.networking.data.aws_ssm_parameter.vpc_id",
            "module.security.aws_security_group.admin_sg",
            "module.security.aws_security_group.alb_sg",
            "module.security.aws_security_group.asg_sg",
            "module.security.aws_security_group.elasticache_sg",
            "module.security.aws_security_group.kafka_sg",
            "module.security.aws_security_group.rds_sg",
            "module.security.aws_ssm_parameter.admin_sg_id",
            "module.security.aws_ssm_parameter.alb_sg_id",
            "module.security.aws_ssm_parameter.asg_sg_id",
            "module.security.aws_ssm_parameter.elasticache_sg_id",
            "module.security.aws_ssm_parameter.kafka_sg_id",
            "module.security.aws_ssm_parameter.rds_sg_id",
            "module.security.data.aws_ssm_parameter.vpc_id"
          ]
        }
      ]
    },
    {
      "module": "module.iam",
      "mode": "data",
      "type": "aws_iam_policy_document",
      "name": "ec2_assume_role",
      "provider": "provider[\"registry.terraform.io/hashicorp/aws\"]",
      "instances": [
        {
          "schema_version": 0,
          "attributes": {
            "id": "2851119427",
            "json": "{\n  \"Version\": \"2012-10-17\",\n  \"Statement\": [\n    {\n      \"Effect\": \"Allow\",\n      \"Action\": \"sts:AssumeRole\",\n      \"Principal\": {\n        \"Service\": \"ec2.amazonaws.com\"\n      }\n    }\n  ]\n}",
            "minified_json": "{\"Version\":\"2012-10-17\",\"Statement\":[{\"Effect\":\"Allow\",\"Action\":\"sts:AssumeRole\",\"Principal\":{\"Service\":\"ec2.amazonaws.com\"}}]}",
            "override_json": null,
            "override_policy_documents": null,
            "policy_id": null,
            "source_json": null,
            "source_policy_documents": null,
            "statement": [
              {
                "actions": [
                  "sts:AssumeRole"
                ],
                "condition": [],
                "effect": "Allow",
                "not_actions": [],
                "not_principals": [],
                "not_resources": [],
                "principals": [
                  {
                    "identifiers": [
                      "ec2.amazonaws.com"
                    ],
                    "type": "Service"
                  }
                ],
                "resources": [],
                "sid": ""
              }
            ],
            "version": "2012-10-17"
          },
          "sensitive_attributes": []
        }
      ]
    },
    {
      "module": "module.iam",
      "mode": "managed",
      "type": "aws_iam_instance_profile",
      "name": "admin_profile",
      "provider": "provider[\"registry.terraform.io/hashicorp/aws\"]",
      "instances": [
        {
          "schema_version": 0,
          "attributes": {
            "arn": "arn:aws:iam::975050283031:instance-profile/payjack-dev-us-east-1-admin-profile",
            "create_date": "2025-04-17T05:10:36Z",
            "id": "payjack-dev-us-east-1-admin-profile",
            "name": "payjack-dev-us-east-1-admin-profile",
            "name_prefix": "",
            "path": "/",
            "role": "admin-ssm-role",
            "tags": null,
            "tags_all": {},
            "unique_id": "AIPA6GBMGTAL3HMUXBBSW"
          },
          "sensitive_attributes": [],
          "private": "bnVsbA==",
          "dependencies": [
            "module.iam.aws_iam_role.admin_role",
            "module.iam.data.aws_iam_policy_document.ec2_assume_role"
          ]
        }
      ]
    },
    {
      "module": "module.iam",
      "mode": "managed",
      "type": "aws_iam_instance_profile",
      "name": "app_profile",
      "provider": "provider[\"registry.terraform.io/hashicorp/aws\"]",
      "instances": [
        {
          "schema_version": 0,
          "attributes": {
            "arn": "arn:aws:iam::975050283031:instance-profile/payjack-dev-us-east-1-app-profile",
            "create_date": "2025-04-17T05:10:36Z",
            "id": "payjack-dev-us-east-1-app-profile",
            "name": "payjack-dev-us-east-1-app-profile",
            "name_prefix": "",
            "path": "/",
            "role": "payjack-dev-us-east-1-app-role",
            "tags": null,
            "tags_all": {},
            "unique_id": "AIPA6GBMGTALTDZOYTLY7"
          },
          "sensitive_attributes": [],
          "private": "bnVsbA==",
          "dependencies": [
            "module.iam.aws_iam_role.app_role",
            "module.iam.data.aws_iam_policy_document.ec2_assume_role"
          ]
        }
      ]
    },
    {
      "module": "module.iam",
      "mode": "managed",
      "type": "aws_iam_policy",
      "name": "app_s3_policy",
      "provider": "provider[\"registry.terraform.io/hashicorp/aws\"]",
      "instances": [
        {
          "schema_version": 0,
          "attributes": {
            "arn": "arn:aws:iam::975050283031:policy/payjack-dev-us-east-1-app-s3-policy",
            "attachment_count": 0,
            "description": "",
            "id": "arn:aws:iam::975050283031:policy/payjack-dev-us-east-1-app-s3-policy",
            "name": "payjack-dev-us-east-1-app-s3-policy",
            "name_prefix": "",
            "path": "/",
            "policy": "{\"Statement\":[{\"Action\":[\"s3:PutObject\",\"s3:GetObject\",\"s3:ListBucket\",\"s3:DeleteObject\",\"s3:PutObjectAcl\"],\"Effect\":\"Allow\",\"Resource\":\"*\"}],\"Version\":\"2012-10-17\"}",
            "policy_id": "ANPA6GBMGTALRL4TLSC5P",
            "tags": null,
            "tags_all": {}
          },
          "sensitive_attributes": [],
          "private": "bnVsbA=="
        }
      ]
    },
    {
      "module": "module.iam",
      "mode": "managed",
      "type": "aws_iam_role",
      "name": "admin_role",
      "provider": "provider[\"registry.terraform.io/hashicorp/aws\"]",
      "instances": [
        {
          "schema_version": 0,
          "attributes": {
            "arn": "arn:aws:iam::975050283031:role/admin-ssm-role",
            "assume_role_policy": "{\"Statement\":[{\"Action\":\"sts:AssumeRole\",\"Effect\":\"Allow\",\"Principal\":{\"Service\":\"ec2.amazonaws.com\"}}],\"Version\":\"2012-10-17\"}",
            "create_date": "2025-04-17T05:10:34Z",
            "description": "",
            "force_detach_policies": false,
            "id": "admin-ssm-role",
            "inline_policy": [],
            "managed_policy_arns": [],
            "max_session_duration": 3600,
            "name": "admin-ssm-role",
            "name_prefix": "",
            "path": "/",
            "permissions_boundary": "",
            "tags": null,
            "tags_all": {},
            "unique_id": "AROA6GBMGTAL2TYMRDMOX"
          },
          "sensitive_attributes": [],
          "private": "bnVsbA==",
          "dependencies": [
            "module.iam.data.aws_iam_policy_document.ec2_assume_role"
          ]
        }
      ]
    },
    {
      "module": "module.iam",
      "mode": "managed",
      "type": "aws_iam_role",
      "name": "app_role",
      "provider": "provider[\"registry.terraform.io/hashicorp/aws\"]",
      "instances": [
        {
          "schema_version": 0,
          "attributes": {
            "arn": "arn:aws:iam::975050283031:role/payjack-dev-us-east-1-app-role",
            "assume_role_policy": "{\"Statement\":[{\"Action\":\"sts:AssumeRole\",\"Effect\":\"Allow\",\"Principal\":{\"Service\":\"ec2.amazonaws.com\"}}],\"Version\":\"2012-10-17\"}",
            "create_date": "2025-04-17T05:10:34Z",
            "description": "",
            "force_detach_policies": false,
            "id": "payjack-dev-us-east-1-app-role",
            "inline_policy": [],
            "managed_policy_arns": [],
            "max_session_duration": 3600,
            "name": "payjack-dev-us-east-1-app-role",
            "name_prefix": "",
            "path": "/",
            "permissions_boundary": "",
            "tags": null,
            "tags_all": {},
            "unique_id": "AROA6GBMGTALZG2PFQV23"
          },
          "sensitive_attributes": [],
          "private": "bnVsbA==",
          "dependencies": [
            "module.iam.data.aws_iam_policy_document.ec2_assume_role"
          ]
        }
      ]
    },
    {
      "module": "module.iam",
      "mode": "managed",
      "type": "aws_iam_role_policy_attachment",
      "name": "admin_managed_ssm",
      "provider": "provider[\"registry.terraform.io/hashicorp/aws\"]",
      "instances": [
        {
          "index_key": "arn:aws:iam::aws:policy/AWSBudgetsActionsWithAWSResourceControlAccess",
          "schema_version": 0,
          "attributes": {
            "id": "admin-ssm-role-20250417051036898100000002",
            "policy_arn": "arn:aws:iam::aws:policy/AWSBudgetsActionsWithAWSResourceControlAccess",
            "role": "admin-ssm-role"
          },
          "sensitive_attributes": [],
          "private": "bnVsbA==",
          "dependencies": [
            "module.iam.aws_iam_role.admin_role",
            "module.iam.data.aws_iam_policy_document.ec2_assume_role"
          ]
        },
        {
          "index_key": "arn:aws:iam::aws:policy/AmazonSSMFullAccess",
          "schema_version": 0,
          "attributes": {
            "id": "admin-ssm-role-20250417051038594000000007",
            "policy_arn": "arn:aws:iam::aws:policy/AmazonSSMFullAccess",
            "role": "admin-ssm-role"
          },
          "sensitive_attributes": [],
          "private": "bnVsbA==",
          "dependencies": [
            "module.iam.aws_iam_role.admin_role",
            "module.iam.data.aws_iam_policy_document.ec2_assume_role"
          ]
        },
        {
          "index_key": "arn:aws:iam::aws:policy/AmazonSSMManagedInstanceCore",
          "schema_version": 0,
          "attributes": {
            "id": "admin-ssm-role-20250417051037917900000004",
            "policy_arn": "arn:aws:iam::aws:policy/AmazonSSMManagedInstanceCore",
            "role": "admin-ssm-role"
          },
          "sensitive_attributes": [],
          "private": "bnVsbA==",
          "dependencies": [
            "module.iam.aws_iam_role.admin_role",
            "module.iam.data.aws_iam_policy_document.ec2_assume_role"
          ]
        },
        {
          "index_key": "arn:aws:iam::aws:policy/service-role/AmazonEC2RoleforSSM",
          "schema_version": 0,
          "attributes": {
            "id": "admin-ssm-role-20250417051037965300000005",
            "policy_arn": "arn:aws:iam::aws:policy/service-role/AmazonEC2RoleforSSM",
            "role": "admin-ssm-role"
          },
          "sensitive_attributes": [],
          "private": "bnVsbA==",
          "dependencies": [
            "module.iam.aws_iam_role.admin_role",
            "module.iam.data.aws_iam_policy_document.ec2_assume_role"
          ]
        },
        {
          "index_key": "arn:aws:iam::aws:policy/service-role/AmazonSSMMaintenanceWindowRole",
          "schema_version": 0,
          "attributes": {
            "id": "admin-ssm-role-20250417051037109400000003",
            "policy_arn": "arn:aws:iam::aws:policy/service-role/AmazonSSMMaintenanceWindowRole",
            "role": "admin-ssm-role"
          },
          "sensitive_attributes": [],
          "private": "bnVsbA==",
          "dependencies": [
            "module.iam.aws_iam_role.admin_role",
            "module.iam.data.aws_iam_policy_document.ec2_assume_role"
          ]
        }
      ]
    },
    {
      "module": "module.iam",
      "mode": "managed",
      "type": "aws_iam_role_policy_attachment",
      "name": "app_attach_managed",
      "provider": "provider[\"registry.terraform.io/hashicorp/aws\"]",
      "instances": [
        {
          "index_key": "arn:aws:iam::aws:policy/AmazonEC2FullAccess",
          "schema_version": 0,
          "attributes": {
            "id": "payjack-dev-us-east-1-app-role-20250417051038156300000006",
            "policy_arn": "arn:aws:iam::aws:policy/AmazonEC2FullAccess",
            "role": "payjack-dev-us-east-1-app-role"
          },
          "sensitive_attributes": [],
          "private": "bnVsbA==",
          "dependencies": [
            "module.iam.aws_iam_role.app_role",
            "module.iam.data.aws_iam_policy_document.ec2_assume_role"
          ]
        },
        {
          "index_key": "arn:aws:iam::aws:policy/AmazonRDSFullAccess",
          "schema_version": 0,
          "attributes": {
            "id": "payjack-dev-us-east-1-app-role-20250417051038707300000008",
            "policy_arn": "arn:aws:iam::aws:policy/AmazonRDSFullAccess",
            "role": "payjack-dev-us-east-1-app-role"
          },
          "sensitive_attributes": [],
          "private": "bnVsbA==",
          "dependencies": [
            "module.iam.aws_iam_role.app_role",
            "module.iam.data.aws_iam_policy_document.ec2_assume_role"
          ]
        }
      ]
    },
    {
      "module": "module.iam",
      "mode": "managed",
      "type": "aws_iam_role_policy_attachment",
      "name": "app_attach_s3",
      "provider": "provider[\"registry.terraform.io/hashicorp/aws\"]",
      "instances": [
        {
          "schema_version": 0,
          "attributes": {
            "id": "payjack-dev-us-east-1-app-role-20250417051036898100000001",
            "policy_arn": "arn:aws:iam::975050283031:policy/payjack-dev-us-east-1-app-s3-policy",
            "role": "payjack-dev-us-east-1-app-role"
          },
          "sensitive_attributes": [],
          "private": "bnVsbA==",
          "dependencies": [
            "module.iam.aws_iam_policy.app_s3_policy",
            "module.iam.aws_iam_role.app_role",
            "module.iam.data.aws_iam_policy_document.ec2_assume_role"
          ]
        }
      ]
    },
    {
      "module": "module.load_balancer",
      "mode": "data",
      "type": "aws_availability_zones",
      "name": "available",
      "provider": "provider[\"registry.terraform.io/hashicorp/aws\"]",
      "instances": [
        {
          "schema_version": 0,
          "attributes": {
            "all_availability_zones": null,
            "exclude_names": null,
            "exclude_zone_ids": null,
            "filter": null,
            "group_names": [
              "us-east-1-zg-1"
            ],
            "id": "us-east-1",
            "names": [
              "us-east-1a",
              "us-east-1b",
              "us-east-1c",
              "us-east-1d",
              "us-east-1e",
              "us-east-1f"
            ],
            "state": "available",
            "timeouts": null,
            "zone_ids": [
              "use1-az1",
              "use1-az2",
              "use1-az4",
              "use1-az6",
              "use1-az3",
              "use1-az5"
            ]
          },
          "sensitive_attributes": []
        }
      ]
    },
    {
      "module": "module.load_balancer",
      "mode": "data",
      "type": "aws_s3_bucket",
      "name": "alb_logs",
      "provider": "provider[\"registry.terraform.io/hashicorp/aws\"]",
      "instances": [
        {
          "schema_version": 0,
          "attributes": {
            "arn": "arn:aws:s3:::payjack-dev-us-east-1-alb-logs",
            "bucket": "payjack-dev-us-east-1-alb-logs",
            "bucket_domain_name": "payjack-dev-us-east-1-alb-logs.s3.amazonaws.com",
            "bucket_regional_domain_name": "payjack-dev-us-east-1-alb-logs.s3.us-east-1.amazonaws.com",
            "hosted_zone_id": "Z3AQBSTGFYJSTF",
            "id": "payjack-dev-us-east-1-alb-logs",
            "region": "us-east-1",
            "website_domain": null,
            "website_endpoint": null
          },
          "sensitive_attributes": []
        }
      ]
    },
    {
      "module": "module.load_balancer",
      "mode": "data",
      "type": "aws_ssm_parameter",
      "name": "alb_sg_id",
      "provider": "provider[\"registry.terraform.io/hashicorp/aws\"]",
      "instances": [
        {
          "schema_version": 0,
          "attributes": {
            "arn": "arn:aws:ssm:us-east-1:975050283031:parameter/payjack-dev-us-east-1/alb_sg_id",
            "id": "/payjack-dev-us-east-1/alb_sg_id",
            "insecure_value": "sg-04a5d6c67502fc970",
            "name": "/payjack-dev-us-east-1/alb_sg_id",
            "type": "String",
            "value": "sg-04a5d6c67502fc970",
            "version": 1,
            "with_decryption": true
          },
          "sensitive_attributes": [
            [
              {
                "type": "get_attr",
                "value": "value"
              }
            ]
          ]
        }
      ]
    },
    {
      "module": "module.load_balancer",
      "mode": "data",
      "type": "aws_ssm_parameter",
      "name": "alb_target_group_arn",
      "provider": "provider[\"registry.terraform.io/hashicorp/aws\"]",
      "instances": [
        {
          "schema_version": 0,
          "attributes": {
            "arn": "arn:aws:ssm:us-east-1:975050283031:parameter/payjack-dev-us-east-1/alb_target_group_arn",
            "id": "/payjack-dev-us-east-1/alb_target_group_arn",
            "insecure_value": "arn:aws:elasticloadbalancing:us-east-1:975050283031:targetgroup/payjack-dev-us-east-1-tg/5691412671d48fe9",
            "name": "/payjack-dev-us-east-1/alb_target_group_arn",
            "type": "String",
            "value": "arn:aws:elasticloadbalancing:us-east-1:975050283031:targetgroup/payjack-dev-us-east-1-tg/5691412671d48fe9",
            "version": 1,
            "with_decryption": true
          },
          "sensitive_attributes": [
            [
              {
                "type": "get_attr",
                "value": "value"
              }
            ]
          ]
        }
      ]
    },
    {
      "module": "module.load_balancer",
      "mode": "data",
      "type": "aws_ssm_parameter",
      "name": "private_subnet_ids",
      "provider": "provider[\"registry.terraform.io/hashicorp/aws\"]",
      "instances": [
        {
          "schema_version": 0,
          "attributes": {
            "arn": "arn:aws:ssm:us-east-1:975050283031:parameter/payjack-dev-us-east-1/private_subnet_ids",
            "id": "/payjack-dev-us-east-1/private_subnet_ids",
            "insecure_value": "subnet-04724e4dd10ec5c76,subnet-060f6afa91d17c624,subnet-026f9bfa770db9321",
            "name": "/payjack-dev-us-east-1/private_subnet_ids",
            "type": "StringList",
            "value": "subnet-04724e4dd10ec5c76,subnet-060f6afa91d17c624,subnet-026f9bfa770db9321",
            "version": 1,
            "with_decryption": true
          },
          "sensitive_attributes": [
            [
              {
                "type": "get_attr",
                "value": "value"
              }
            ]
          ]
        }
      ]
    },
    {
      "module": "module.load_balancer",
      "mode": "data",
      "type": "aws_ssm_parameter",
      "name": "public_subnet_ids",
      "provider": "provider[\"registry.terraform.io/hashicorp/aws\"]",
      "instances": [
        {
          "schema_version": 0,
          "attributes": {
            "arn": "arn:aws:ssm:us-east-1:975050283031:parameter/payjack-dev-us-east-1/public_subnet_ids",
            "id": "/payjack-dev-us-east-1/public_subnet_ids",
            "insecure_value": "subnet-05a52d8863a3f6005,subnet-0831b80cf45437aa9",
            "name": "/payjack-dev-us-east-1/public_subnet_ids",
            "type": "StringList",
            "value": "subnet-05a52d8863a3f6005,subnet-0831b80cf45437aa9",
            "version": 1,
            "with_decryption": true
          },
          "sensitive_attributes": [
            [
              {
                "type": "get_attr",
                "value": "value"
              }
            ]
          ]
        }
      ]
    },
    {
      "module": "module.load_balancer",
      "mode": "data",
      "type": "aws_ssm_parameter",
      "name": "vpc_id",
      "provider": "provider[\"registry.terraform.io/hashicorp/aws\"]",
      "instances": [
        {
          "schema_version": 0,
          "attributes": {
            "arn": "arn:aws:ssm:us-east-1:975050283031:parameter/payjack-dev-us-east-1/vpc_id",
            "id": "/payjack-dev-us-east-1/vpc_id",
            "insecure_value": "",
            "name": "/payjack-dev-us-east-1/vpc_id",
            "type": "SecureString",
            "value": "vpc-04da810f698d50a30",
            "version": 1,
            "with_decryption": true
          },
          "sensitive_attributes": [
            [
              {
                "type": "get_attr",
                "value": "value"
              }
            ]
          ]
        }
      ]
    },
    {
      "module": "module.load_balancer",
      "mode": "managed",
      "type": "aws_lb",
      "name": "alb",
      "provider": "provider[\"registry.terraform.io/hashicorp/aws\"]",
      "instances": [
        {
          "schema_version": 0,
          "attributes": {
            "access_logs": [
              {
                "bucket": "payjack-dev-us-east-1-alb-logs",
                "enabled": true,
                "prefix": "dev"
              }
            ],
            "arn": "arn:aws:elasticloadbalancing:us-east-1:975050283031:loadbalancer/app/payjack-dev-us-east-1-alb/38371124bab2e7f6",
            "arn_suffix": "app/payjack-dev-us-east-1-alb/38371124bab2e7f6",
            "client_keep_alive": 3600,
            "connection_logs": [
              {
                "bucket": "",
                "enabled": false,
                "prefix": ""
              }
            ],
            "customer_owned_ipv4_pool": "",
            "desync_mitigation_mode": "defensive",
            "dns_name": "payjack-dev-us-east-1-alb-351471855.us-east-1.elb.amazonaws.com",
            "dns_record_client_routing_policy": null,
            "drop_invalid_header_fields": true,
            "enable_cross_zone_load_balancing": true,
            "enable_deletion_protection": false,
            "enable_http2": true,
            "enable_tls_version_and_cipher_suite_headers": false,
            "enable_waf_fail_open": false,
            "enable_xff_client_port": false,
            "enable_zonal_shift": false,
            "enforce_security_group_inbound_rules_on_private_link_traffic": "",
            "id": "arn:aws:elasticloadbalancing:us-east-1:975050283031:loadbalancer/app/payjack-dev-us-east-1-alb/38371124bab2e7f6",
            "idle_timeout": 60,
            "internal": false,
            "ip_address_type": "ipv4",
            "ipam_pools": [],
            "load_balancer_type": "application",
            "name": "payjack-dev-us-east-1-alb",
            "name_prefix": "",
            "preserve_host_header": false,
            "security_groups": [
              "sg-04a5d6c67502fc970"
            ],
            "subnet_mapping": [
              {
                "allocation_id": "",
                "ipv6_address": "",
                "outpost_id": "",
                "private_ipv4_address": "",
                "subnet_id": "subnet-05a52d8863a3f6005"
              },
              {
                "allocation_id": "",
                "ipv6_address": "",
                "outpost_id": "",
                "private_ipv4_address": "",
                "subnet_id": "subnet-0831b80cf45437aa9"
              }
            ],
            "subnets": [
              "subnet-05a52d8863a3f6005",
              "subnet-0831b80cf45437aa9"
            ],
            "tags": {
              "Environment": "dev",
              "Managed_by": "terraform",
              "Name": "payjack-dev-us-east-1-alb",
              "Owner": "mimi",
              "Project": "payjack"
            },
            "tags_all": {
              "Environment": "dev",
              "Managed_by": "terraform",
              "Name": "payjack-dev-us-east-1-alb",
              "Owner": "mimi",
              "Project": "payjack"
            },
            "timeouts": null,
            "vpc_id": "vpc-04da810f698d50a30",
            "xff_header_processing_mode": "append",
            "zone_id": "Z35SXDOTRQ7X7K"
          },
          "sensitive_attributes": [
            [
              {
                "type": "get_attr",
                "value": "security_groups"
              }
            ],
            [
              {
                "type": "get_attr",
                "value": "subnets"
              }
            ]
          ],
          "private": "eyJlMmJmYjczMC1lY2FhLTExZTYtOGY4OC0zNDM2M2JjN2M0YzAiOnsiY3JlYXRlIjo2MDAwMDAwMDAwMDAsImRlbGV0ZSI6NjAwMDAwMDAwMDAwLCJ1cGRhdGUiOjYwMDAwMDAwMDAwMH19",
          "dependencies": [
            "module.load_balancer.data.aws_s3_bucket.alb_logs",
            "module.load_balancer.data.aws_ssm_parameter.alb_sg_id",
            "module.load_balancer.data.aws_ssm_parameter.public_subnet_ids",
            "module.networking.aws_eip.nat_eip",
            "module.networking.aws_internet_gateway.igw",
            "module.networking.aws_nat_gateway.nat",
            "module.networking.aws_route_table.private",
            "module.networking.aws_route_table.public",
            "module.networking.aws_route_table_association.private",
            "module.networking.aws_route_table_association.public",
            "module.networking.aws_ssm_parameter.igw_id",
            "module.networking.aws_ssm_parameter.nat_id",
            "module.networking.aws_ssm_parameter.private_rt_id",
            "module.networking.aws_ssm_parameter.private_subnet_ids",
            "module.networking.aws_ssm_parameter.public_rt_id",
            "module.networking.aws_ssm_parameter.public_subnet_ids",
            "module.networking.aws_ssm_parameter.vpc_id",
            "module.networking.aws_subnet.app",
            "module.networking.aws_subnet.private",
            "module.networking.aws_subnet.public",
            "module.networking.aws_vpc.main",
            "module.networking.data.aws_availability_zones.available",
            "module.networking.data.aws_ssm_parameter.private_subnet_ids",
            "module.networking.data.aws_ssm_parameter.public_subnet_ids",
            "module.networking.data.aws_ssm_parameter.vpc_id",
            "module.security.aws_security_group.admin_sg",
            "module.security.aws_security_group.alb_sg",
            "module.security.aws_security_group.asg_sg",
            "module.security.aws_security_group.elasticache_sg",
            "module.security.aws_security_group.kafka_sg",
            "module.security.aws_security_group.rds_sg",
            "module.security.aws_ssm_parameter.admin_sg_id",
            "module.security.aws_ssm_parameter.alb_sg_id",
            "module.security.aws_ssm_parameter.asg_sg_id",
            "module.security.aws_ssm_parameter.elasticache_sg_id",
            "module.security.aws_ssm_parameter.kafka_sg_id",
            "module.security.aws_ssm_parameter.rds_sg_id",
            "module.security.data.aws_ssm_parameter.vpc_id"
          ]
        }
      ]
    },
    {
      "module": "module.load_balancer",
      "mode": "managed",
      "type": "aws_lb_target_group",
      "name": "alb_target_group",
      "provider": "provider[\"registry.terraform.io/hashicorp/aws\"]",
      "instances": [
        {
          "schema_version": 0,
          "attributes": {
            "arn": "arn:aws:elasticloadbalancing:us-east-1:975050283031:targetgroup/payjack-dev-us-east-1-tg/5691412671d48fe9",
            "arn_suffix": "targetgroup/payjack-dev-us-east-1-tg/5691412671d48fe9",
            "connection_termination": null,
            "deregistration_delay": "300",
            "health_check": [
              {
                "enabled": true,
                "healthy_threshold": 2,
                "interval": 30,
                "matcher": "200",
                "path": "/",
                "port": "traffic-port",
                "protocol": "HTTP",
                "timeout": 5,
                "unhealthy_threshold": 2
              }
            ],
            "id": "arn:aws:elasticloadbalancing:us-east-1:975050283031:targetgroup/payjack-dev-us-east-1-tg/5691412671d48fe9",
            "ip_address_type": "ipv4",
            "lambda_multi_value_headers_enabled": false,
            "load_balancer_arns": [],
            "load_balancing_algorithm_type": "round_robin",
            "load_balancing_anomaly_mitigation": "off",
            "load_balancing_cross_zone_enabled": "use_load_balancer_configuration",
            "name": "payjack-dev-us-east-1-tg",
            "name_prefix": "",
            "port": 80,
            "preserve_client_ip": null,
            "protocol": "HTTP",
            "protocol_version": "HTTP1",
            "proxy_protocol_v2": false,
            "slow_start": 0,
            "stickiness": [
              {
                "cookie_duration": 86400,
                "cookie_name": "",
                "enabled": false,
                "type": "lb_cookie"
              }
            ],
            "tags": {
              "Environment": "dev",
              "Managed_by": "terraform",
              "Name": "payjack-dev-us-east-1-tg",
              "Owner": "mimi",
              "Project": "payjack"
            },
            "tags_all": {
              "Environment": "dev",
              "Managed_by": "terraform",
              "Name": "payjack-dev-us-east-1-tg",
              "Owner": "mimi",
              "Project": "payjack"
            },
            "target_failover": [
              {
                "on_deregistration": null,
                "on_unhealthy": null
              }
            ],
            "target_group_health": [
              {
                "dns_failover": [
                  {
                    "minimum_healthy_targets_count": "1",
                    "minimum_healthy_targets_percentage": "off"
                  }
                ],
                "unhealthy_state_routing": [
                  {
                    "minimum_healthy_targets_count": 1,
                    "minimum_healthy_targets_percentage": "off"
                  }
                ]
              }
            ],
            "target_health_state": [
              {
                "enable_unhealthy_connection_termination": null,
                "unhealthy_draining_interval": null
              }
            ],
            "target_type": "ip",
            "vpc_id": "vpc-04da810f698d50a30"
          },
          "sensitive_attributes": [
            [
              {
                "type": "get_attr",
                "value": "vpc_id"
              }
            ]
          ],
          "private": "bnVsbA==",
          "dependencies": [
            "module.load_balancer.data.aws_ssm_parameter.vpc_id",
            "module.networking.aws_eip.nat_eip",
            "module.networking.aws_internet_gateway.igw",
            "module.networking.aws_nat_gateway.nat",
            "module.networking.aws_route_table.private",
            "module.networking.aws_route_table.public",
            "module.networking.aws_route_table_association.private",
            "module.networking.aws_route_table_association.public",
            "module.networking.aws_ssm_parameter.igw_id",
            "module.networking.aws_ssm_parameter.nat_id",
            "module.networking.aws_ssm_parameter.private_rt_id",
            "module.networking.aws_ssm_parameter.private_subnet_ids",
            "module.networking.aws_ssm_parameter.public_rt_id",
            "module.networking.aws_ssm_parameter.public_subnet_ids",
            "module.networking.aws_ssm_parameter.vpc_id",
            "module.networking.aws_subnet.app",
            "module.networking.aws_subnet.private",
            "module.networking.aws_subnet.public",
            "module.networking.aws_vpc.main",
            "module.networking.data.aws_availability_zones.available",
            "module.networking.data.aws_ssm_parameter.private_subnet_ids",
            "module.networking.data.aws_ssm_parameter.public_subnet_ids",
            "module.networking.data.aws_ssm_parameter.vpc_id",
            "module.security.aws_security_group.admin_sg",
            "module.security.aws_security_group.alb_sg",
            "module.security.aws_security_group.asg_sg",
            "module.security.aws_security_group.elasticache_sg",
            "module.security.aws_security_group.kafka_sg",
            "module.security.aws_security_group.rds_sg",
            "module.security.aws_ssm_parameter.admin_sg_id",
            "module.security.aws_ssm_parameter.alb_sg_id",
            "module.security.aws_ssm_parameter.asg_sg_id",
            "module.security.aws_ssm_parameter.elasticache_sg_id",
            "module.security.aws_ssm_parameter.kafka_sg_id",
            "module.security.aws_ssm_parameter.rds_sg_id",
            "module.security.data.aws_ssm_parameter.vpc_id"
          ],
          "create_before_destroy": true
        }
      ]
    },
    {
      "module": "module.load_balancer",
      "mode": "managed",
      "type": "aws_ssm_parameter",
      "name": "alb_arn",
      "provider": "provider[\"registry.terraform.io/hashicorp/aws\"]",
      "instances": [
        {
          "schema_version": 0,
          "attributes": {
            "allowed_pattern": "",
            "arn": "arn:aws:ssm:us-east-1:975050283031:parameter/payjack-dev-us-east-1/alb_arn",
            "data_type": "text",
            "description": "",
            "has_value_wo": null,
            "id": "/payjack-dev-us-east-1/alb_arn",
            "insecure_value": null,
            "key_id": "",
            "name": "/payjack-dev-us-east-1/alb_arn",
            "overwrite": null,
            "tags": {
              "Environment": "dev",
              "Managed_by": "terraform",
              "Owner": "mimi",
              "Project": "payjack"
            },
            "tags_all": {
              "Environment": "dev",
              "Managed_by": "terraform",
              "Owner": "mimi",
              "Project": "payjack"
            },
            "tier": "Standard",
            "type": "String",
            "value": "arn:aws:elasticloadbalancing:us-east-1:975050283031:loadbalancer/app/payjack-dev-us-east-1-alb/38371124bab2e7f6",
            "value_wo": null,
            "value_wo_version": null,
            "version": 1
          },
          "sensitive_attributes": [
            [
              {
                "type": "get_attr",
                "value": "value"
              }
            ],
            [
              {
                "type": "get_attr",
                "value": "value_wo"
              }
            ]
          ],
          "private": "bnVsbA==",
          "dependencies": [
            "module.load_balancer.aws_lb.alb",
            "module.load_balancer.data.aws_s3_bucket.alb_logs",
            "module.load_balancer.data.aws_ssm_parameter.alb_sg_id",
            "module.load_balancer.data.aws_ssm_parameter.public_subnet_ids",
            "module.networking.aws_eip.nat_eip",
            "module.networking.aws_internet_gateway.igw",
            "module.networking.aws_nat_gateway.nat",
            "module.networking.aws_route_table.private",
            "module.networking.aws_route_table.public",
            "module.networking.aws_route_table_association.private",
            "module.networking.aws_route_table_association.public",
            "module.networking.aws_ssm_parameter.igw_id",
            "module.networking.aws_ssm_parameter.nat_id",
            "module.networking.aws_ssm_parameter.private_rt_id",
            "module.networking.aws_ssm_parameter.private_subnet_ids",
            "module.networking.aws_ssm_parameter.public_rt_id",
            "module.networking.aws_ssm_parameter.public_subnet_ids",
            "module.networking.aws_ssm_parameter.vpc_id",
            "module.networking.aws_subnet.app",
            "module.networking.aws_subnet.private",
            "module.networking.aws_subnet.public",
            "module.networking.aws_vpc.main",
            "module.networking.data.aws_availability_zones.available",
            "module.networking.data.aws_ssm_parameter.private_subnet_ids",
            "module.networking.data.aws_ssm_parameter.public_subnet_ids",
            "module.networking.data.aws_ssm_parameter.vpc_id",
            "module.security.aws_security_group.admin_sg",
            "module.security.aws_security_group.alb_sg",
            "module.security.aws_security_group.asg_sg",
            "module.security.aws_security_group.elasticache_sg",
            "module.security.aws_security_group.kafka_sg",
            "module.security.aws_security_group.rds_sg",
            "module.security.aws_ssm_parameter.admin_sg_id",
            "module.security.aws_ssm_parameter.alb_sg_id",
            "module.security.aws_ssm_parameter.asg_sg_id",
            "module.security.aws_ssm_parameter.elasticache_sg_id",
            "module.security.aws_ssm_parameter.kafka_sg_id",
            "module.security.aws_ssm_parameter.rds_sg_id",
            "module.security.data.aws_ssm_parameter.vpc_id"
          ]
        }
      ]
    },
    {
      "module": "module.load_balancer",
      "mode": "managed",
      "type": "aws_ssm_parameter",
      "name": "alb_dns_name",
      "provider": "provider[\"registry.terraform.io/hashicorp/aws\"]",
      "instances": [
        {
          "schema_version": 0,
          "attributes": {
            "allowed_pattern": "",
            "arn": "arn:aws:ssm:us-east-1:975050283031:parameter/payjack-dev-us-east-1/alb_dns_name",
            "data_type": "text",
            "description": "",
            "has_value_wo": null,
            "id": "/payjack-dev-us-east-1/alb_dns_name",
            "insecure_value": null,
            "key_id": "",
            "name": "/payjack-dev-us-east-1/alb_dns_name",
            "overwrite": null,
            "tags": {
              "Environment": "dev",
              "Managed_by": "terraform",
              "Owner": "mimi",
              "Project": "payjack"
            },
            "tags_all": {
              "Environment": "dev",
              "Managed_by": "terraform",
              "Owner": "mimi",
              "Project": "payjack"
            },
            "tier": "Standard",
            "type": "String",
            "value": "payjack-dev-us-east-1-alb-351471855.us-east-1.elb.amazonaws.com",
            "value_wo": null,
            "value_wo_version": null,
            "version": 1
          },
          "sensitive_attributes": [
            [
              {
                "type": "get_attr",
                "value": "value"
              }
            ],
            [
              {
                "type": "get_attr",
                "value": "value_wo"
              }
            ]
          ],
          "private": "bnVsbA==",
          "dependencies": [
            "module.load_balancer.aws_lb.alb",
            "module.load_balancer.data.aws_s3_bucket.alb_logs",
            "module.load_balancer.data.aws_ssm_parameter.alb_sg_id",
            "module.load_balancer.data.aws_ssm_parameter.public_subnet_ids",
            "module.networking.aws_eip.nat_eip",
            "module.networking.aws_internet_gateway.igw",
            "module.networking.aws_nat_gateway.nat",
            "module.networking.aws_route_table.private",
            "module.networking.aws_route_table.public",
            "module.networking.aws_route_table_association.private",
            "module.networking.aws_route_table_association.public",
            "module.networking.aws_ssm_parameter.igw_id",
            "module.networking.aws_ssm_parameter.nat_id",
            "module.networking.aws_ssm_parameter.private_rt_id",
            "module.networking.aws_ssm_parameter.private_subnet_ids",
            "module.networking.aws_ssm_parameter.public_rt_id",
            "module.networking.aws_ssm_parameter.public_subnet_ids",
            "module.networking.aws_ssm_parameter.vpc_id",
            "module.networking.aws_subnet.app",
            "module.networking.aws_subnet.private",
            "module.networking.aws_subnet.public",
            "module.networking.aws_vpc.main",
            "module.networking.data.aws_availability_zones.available",
            "module.networking.data.aws_ssm_parameter.private_subnet_ids",
            "module.networking.data.aws_ssm_parameter.public_subnet_ids",
            "module.networking.data.aws_ssm_parameter.vpc_id",
            "module.security.aws_security_group.admin_sg",
            "module.security.aws_security_group.alb_sg",
            "module.security.aws_security_group.asg_sg",
            "module.security.aws_security_group.elasticache_sg",
            "module.security.aws_security_group.kafka_sg",
            "module.security.aws_security_group.rds_sg",
            "module.security.aws_ssm_parameter.admin_sg_id",
            "module.security.aws_ssm_parameter.alb_sg_id",
            "module.security.aws_ssm_parameter.asg_sg_id",
            "module.security.aws_ssm_parameter.elasticache_sg_id",
            "module.security.aws_ssm_parameter.kafka_sg_id",
            "module.security.aws_ssm_parameter.rds_sg_id",
            "module.security.data.aws_ssm_parameter.vpc_id"
          ]
        }
      ]
    },
    {
      "module": "module.load_balancer",
      "mode": "managed",
      "type": "aws_ssm_parameter",
      "name": "alb_target_group_arn",
      "provider": "provider[\"registry.terraform.io/hashicorp/aws\"]",
      "instances": [
        {
          "schema_version": 0,
          "attributes": {
            "allowed_pattern": "",
            "arn": "arn:aws:ssm:us-east-1:975050283031:parameter/payjack-dev-us-east-1/alb_target_group_arn",
            "data_type": "text",
            "description": "",
            "has_value_wo": null,
            "id": "/payjack-dev-us-east-1/alb_target_group_arn",
            "insecure_value": null,
            "key_id": "",
            "name": "/payjack-dev-us-east-1/alb_target_group_arn",
            "overwrite": null,
            "tags": {
              "Environment": "dev",
              "Managed_by": "terraform",
              "Owner": "mimi",
              "Project": "payjack"
            },
            "tags_all": {
              "Environment": "dev",
              "Managed_by": "terraform",
              "Owner": "mimi",
              "Project": "payjack"
            },
            "tier": "Standard",
            "type": "String",
            "value": "arn:aws:elasticloadbalancing:us-east-1:975050283031:targetgroup/payjack-dev-us-east-1-tg/5691412671d48fe9",
            "value_wo": null,
            "value_wo_version": null,
            "version": 1
          },
          "sensitive_attributes": [
            [
              {
                "type": "get_attr",
                "value": "value_wo"
              }
            ],
            [
              {
                "type": "get_attr",
                "value": "value"
              }
            ]
          ],
          "private": "bnVsbA==",
          "dependencies": [
            "module.load_balancer.aws_lb_target_group.alb_target_group",
            "module.load_balancer.data.aws_ssm_parameter.vpc_id",
            "module.networking.aws_eip.nat_eip",
            "module.networking.aws_internet_gateway.igw",
            "module.networking.aws_nat_gateway.nat",
            "module.networking.aws_route_table.private",
            "module.networking.aws_route_table.public",
            "module.networking.aws_route_table_association.private",
            "module.networking.aws_route_table_association.public",
            "module.networking.aws_ssm_parameter.igw_id",
            "module.networking.aws_ssm_parameter.nat_id",
            "module.networking.aws_ssm_parameter.private_rt_id",
            "module.networking.aws_ssm_parameter.private_subnet_ids",
            "module.networking.aws_ssm_parameter.public_rt_id",
            "module.networking.aws_ssm_parameter.public_subnet_ids",
            "module.networking.aws_ssm_parameter.vpc_id",
            "module.networking.aws_subnet.app",
            "module.networking.aws_subnet.private",
            "module.networking.aws_subnet.public",
            "module.networking.aws_vpc.main",
            "module.networking.data.aws_availability_zones.available",
            "module.networking.data.aws_ssm_parameter.private_subnet_ids",
            "module.networking.data.aws_ssm_parameter.public_subnet_ids",
            "module.networking.data.aws_ssm_parameter.vpc_id",
            "module.security.aws_security_group.admin_sg",
            "module.security.aws_security_group.alb_sg",
            "module.security.aws_security_group.asg_sg",
            "module.security.aws_security_group.elasticache_sg",
            "module.security.aws_security_group.kafka_sg",
            "module.security.aws_security_group.rds_sg",
            "module.security.aws_ssm_parameter.admin_sg_id",
            "module.security.aws_ssm_parameter.alb_sg_id",
            "module.security.aws_ssm_parameter.asg_sg_id",
            "module.security.aws_ssm_parameter.elasticache_sg_id",
            "module.security.aws_ssm_parameter.kafka_sg_id",
            "module.security.aws_ssm_parameter.rds_sg_id",
            "module.security.data.aws_ssm_parameter.vpc_id"
          ]
        }
      ]
    },
    {
      "module": "module.load_balancer",
      "mode": "managed",
      "type": "aws_ssm_parameter",
      "name": "alb_zone_id",
      "provider": "provider[\"registry.terraform.io/hashicorp/aws\"]",
      "instances": [
        {
          "schema_version": 0,
          "attributes": {
            "allowed_pattern": "",
            "arn": "arn:aws:ssm:us-east-1:975050283031:parameter/payjack-dev-us-east-1/alb_zone_id",
            "data_type": "text",
            "description": "",
            "has_value_wo": null,
            "id": "/payjack-dev-us-east-1/alb_zone_id",
            "insecure_value": null,
            "key_id": "",
            "name": "/payjack-dev-us-east-1/alb_zone_id",
            "overwrite": null,
            "tags": {
              "Environment": "dev",
              "Managed_by": "terraform",
              "Owner": "mimi",
              "Project": "payjack"
            },
            "tags_all": {
              "Environment": "dev",
              "Managed_by": "terraform",
              "Owner": "mimi",
              "Project": "payjack"
            },
            "tier": "Standard",
            "type": "String",
            "value": "Z35SXDOTRQ7X7K",
            "value_wo": null,
            "value_wo_version": null,
            "version": 1
          },
          "sensitive_attributes": [
            [
              {
                "type": "get_attr",
                "value": "value"
              }
            ],
            [
              {
                "type": "get_attr",
                "value": "value_wo"
              }
            ]
          ],
          "private": "bnVsbA==",
          "dependencies": [
            "module.load_balancer.aws_lb.alb",
            "module.load_balancer.data.aws_s3_bucket.alb_logs",
            "module.load_balancer.data.aws_ssm_parameter.alb_sg_id",
            "module.load_balancer.data.aws_ssm_parameter.public_subnet_ids",
            "module.networking.aws_eip.nat_eip",
            "module.networking.aws_internet_gateway.igw",
            "module.networking.aws_nat_gateway.nat",
            "module.networking.aws_route_table.private",
            "module.networking.aws_route_table.public",
            "module.networking.aws_route_table_association.private",
            "module.networking.aws_route_table_association.public",
            "module.networking.aws_ssm_parameter.igw_id",
            "module.networking.aws_ssm_parameter.nat_id",
            "module.networking.aws_ssm_parameter.private_rt_id",
            "module.networking.aws_ssm_parameter.private_subnet_ids",
            "module.networking.aws_ssm_parameter.public_rt_id",
            "module.networking.aws_ssm_parameter.public_subnet_ids",
            "module.networking.aws_ssm_parameter.vpc_id",
            "module.networking.aws_subnet.app",
            "module.networking.aws_subnet.private",
            "module.networking.aws_subnet.public",
            "module.networking.aws_vpc.main",
            "module.networking.data.aws_availability_zones.available",
            "module.networking.data.aws_ssm_parameter.private_subnet_ids",
            "module.networking.data.aws_ssm_parameter.public_subnet_ids",
            "module.networking.data.aws_ssm_parameter.vpc_id",
            "module.security.aws_security_group.admin_sg",
            "module.security.aws_security_group.alb_sg",
            "module.security.aws_security_group.asg_sg",
            "module.security.aws_security_group.elasticache_sg",
            "module.security.aws_security_group.kafka_sg",
            "module.security.aws_security_group.rds_sg",
            "module.security.aws_ssm_parameter.admin_sg_id",
            "module.security.aws_ssm_parameter.alb_sg_id",
            "module.security.aws_ssm_parameter.asg_sg_id",
            "module.security.aws_ssm_parameter.elasticache_sg_id",
            "module.security.aws_ssm_parameter.kafka_sg_id",
            "module.security.aws_ssm_parameter.rds_sg_id",
            "module.security.data.aws_ssm_parameter.vpc_id"
          ]
        }
      ]
    },
    {
      "module": "module.networking",
      "mode": "data",
      "type": "aws_availability_zones",
      "name": "available",
      "provider": "provider[\"registry.terraform.io/hashicorp/aws\"]",
      "instances": [
        {
          "schema_version": 0,
          "attributes": {
            "all_availability_zones": null,
            "exclude_names": null,
            "exclude_zone_ids": null,
            "filter": null,
            "group_names": [
              "us-east-1-zg-1"
            ],
            "id": "us-east-1",
            "names": [
              "us-east-1a",
              "us-east-1b",
              "us-east-1c",
              "us-east-1d",
              "us-east-1e",
              "us-east-1f"
            ],
            "state": "available",
            "timeouts": null,
            "zone_ids": [
              "use1-az1",
              "use1-az2",
              "use1-az4",
              "use1-az6",
              "use1-az3",
              "use1-az5"
            ]
          },
          "sensitive_attributes": []
        }
      ]
    },
    {
      "module": "module.networking",
      "mode": "data",
      "type": "aws_ssm_parameter",
      "name": "private_subnet_ids",
      "provider": "provider[\"registry.terraform.io/hashicorp/aws\"]",
      "instances": [
        {
          "schema_version": 0,
          "attributes": {
            "arn": "arn:aws:ssm:us-east-1:975050283031:parameter/payjack-dev-us-east-1/private_subnet_ids",
            "id": "/payjack-dev-us-east-1/private_subnet_ids",
            "insecure_value": "subnet-04724e4dd10ec5c76,subnet-060f6afa91d17c624,subnet-026f9bfa770db9321",
            "name": "/payjack-dev-us-east-1/private_subnet_ids",
            "type": "StringList",
            "value": "subnet-04724e4dd10ec5c76,subnet-060f6afa91d17c624,subnet-026f9bfa770db9321",
            "version": 1,
            "with_decryption": true
          },
          "sensitive_attributes": [
            [
              {
                "type": "get_attr",
                "value": "value"
              }
            ]
          ]
        }
      ]
    },
    {
      "module": "module.networking",
      "mode": "data",
      "type": "aws_ssm_parameter",
      "name": "public_subnet_ids",
      "provider": "provider[\"registry.terraform.io/hashicorp/aws\"]",
      "instances": [
        {
          "schema_version": 0,
          "attributes": {
            "arn": "arn:aws:ssm:us-east-1:975050283031:parameter/payjack-dev-us-east-1/public_subnet_ids",
            "id": "/payjack-dev-us-east-1/public_subnet_ids",
            "insecure_value": "subnet-05a52d8863a3f6005,subnet-0831b80cf45437aa9",
            "name": "/payjack-dev-us-east-1/public_subnet_ids",
            "type": "StringList",
            "value": "subnet-05a52d8863a3f6005,subnet-0831b80cf45437aa9",
            "version": 1,
            "with_decryption": true
          },
          "sensitive_attributes": [
            [
              {
                "type": "get_attr",
                "value": "value"
              }
            ]
          ]
        }
      ]
    },
    {
      "module": "module.networking",
      "mode": "data",
      "type": "aws_ssm_parameter",
      "name": "vpc_id",
      "provider": "provider[\"registry.terraform.io/hashicorp/aws\"]",
      "instances": [
        {
          "schema_version": 0,
          "attributes": {
            "arn": "arn:aws:ssm:us-east-1:975050283031:parameter/payjack-dev-us-east-1/vpc_id",
            "id": "/payjack-dev-us-east-1/vpc_id",
            "insecure_value": "",
            "name": "/payjack-dev-us-east-1/vpc_id",
            "type": "SecureString",
            "value": "vpc-04da810f698d50a30",
            "version": 1,
            "with_decryption": true
          },
          "sensitive_attributes": [
            [
              {
                "type": "get_attr",
                "value": "value"
              }
            ]
          ]
        }
      ]
    },
    {
      "module": "module.networking",
      "mode": "managed",
      "type": "aws_eip",
      "name": "nat_eip",
      "provider": "provider[\"registry.terraform.io/hashicorp/aws\"]",
      "instances": [
        {
          "index_key": 0,
          "schema_version": 0,
          "attributes": {
            "address": null,
            "allocation_id": "eipalloc-0b9d795469b7961c0",
            "arn": "arn:aws:ec2:us-east-1:975050283031:elastic-ip/eipalloc-0b9d795469b7961c0",
            "associate_with_private_ip": null,
            "association_id": "",
            "carrier_ip": "",
            "customer_owned_ip": "",
            "customer_owned_ipv4_pool": "",
            "domain": "vpc",
            "id": "eipalloc-0b9d795469b7961c0",
            "instance": "",
            "ipam_pool_id": null,
            "network_border_group": "us-east-1",
            "network_interface": "",
            "private_dns": null,
            "private_ip": "",
            "ptr_record": "",
            "public_dns": "ec2-52-203-34-54.compute-1.amazonaws.com",
            "public_ip": "52.203.34.54",
            "public_ipv4_pool": "amazon",
            "tags": {
              "Environment": "dev",
              "Managed_by": "terraform",
              "Name": "payjack-dev-us-east-1-nat-eip-1",
              "Owner": "mimi",
              "Project": "payjack"
            },
            "tags_all": {
              "Environment": "dev",
              "Managed_by": "terraform",
              "Name": "payjack-dev-us-east-1-nat-eip-1",
              "Owner": "mimi",
              "Project": "payjack"
            },
            "timeouts": null,
            "vpc": true
          },
          "sensitive_attributes": [],
          "private": "eyJlMmJmYjczMC1lY2FhLTExZTYtOGY4OC0zNDM2M2JjN2M0YzAiOnsiZGVsZXRlIjoxODAwMDAwMDAwMDAsInJlYWQiOjkwMDAwMDAwMDAwMCwidXBkYXRlIjozMDAwMDAwMDAwMDB9fQ==",
          "create_before_destroy": true
        },
        {
          "index_key": 1,
          "schema_version": 0,
          "attributes": {
            "address": null,
            "allocation_id": "eipalloc-0b930fab1182faeb3",
            "arn": "arn:aws:ec2:us-east-1:975050283031:elastic-ip/eipalloc-0b930fab1182faeb3",
            "associate_with_private_ip": null,
            "association_id": "",
            "carrier_ip": "",
            "customer_owned_ip": "",
            "customer_owned_ipv4_pool": "",
            "domain": "vpc",
            "id": "eipalloc-0b930fab1182faeb3",
            "instance": "",
            "ipam_pool_id": null,
            "network_border_group": "us-east-1",
            "network_interface": "",
            "private_dns": null,
            "private_ip": "",
            "ptr_record": "",
            "public_dns": "ec2-54-80-25-146.compute-1.amazonaws.com",
            "public_ip": "54.80.25.146",
            "public_ipv4_pool": "amazon",
            "tags": {
              "Environment": "dev",
              "Managed_by": "terraform",
              "Name": "payjack-dev-us-east-1-nat-eip-2",
              "Owner": "mimi",
              "Project": "payjack"
            },
            "tags_all": {
              "Environment": "dev",
              "Managed_by": "terraform",
              "Name": "payjack-dev-us-east-1-nat-eip-2",
              "Owner": "mimi",
              "Project": "payjack"
            },
            "timeouts": null,
            "vpc": true
          },
          "sensitive_attributes": [],
          "private": "eyJlMmJmYjczMC1lY2FhLTExZTYtOGY4OC0zNDM2M2JjN2M0YzAiOnsiZGVsZXRlIjoxODAwMDAwMDAwMDAsInJlYWQiOjkwMDAwMDAwMDAwMCwidXBkYXRlIjozMDAwMDAwMDAwMDB9fQ==",
          "create_before_destroy": true
        },
        {
          "index_key": 2,
          "schema_version": 0,
          "attributes": {
            "address": null,
            "allocation_id": "eipalloc-01578c59b8792ee96",
            "arn": "arn:aws:ec2:us-east-1:975050283031:elastic-ip/eipalloc-01578c59b8792ee96",
            "associate_with_private_ip": null,
            "association_id": "",
            "carrier_ip": "",
            "customer_owned_ip": "",
            "customer_owned_ipv4_pool": "",
            "domain": "vpc",
            "id": "eipalloc-01578c59b8792ee96",
            "instance": "",
            "ipam_pool_id": null,
            "network_border_group": "us-east-1",
            "network_interface": "",
            "private_dns": null,
            "private_ip": "",
            "ptr_record": "",
            "public_dns": "ec2-18-211-114-231.compute-1.amazonaws.com",
            "public_ip": "18.211.114.231",
            "public_ipv4_pool": "amazon",
            "tags": {
              "Environment": "dev",
              "Managed_by": "terraform",
              "Name": "payjack-dev-us-east-1-nat-eip-3",
              "Owner": "mimi",
              "Project": "payjack"
            },
            "tags_all": {
              "Environment": "dev",
              "Managed_by": "terraform",
              "Name": "payjack-dev-us-east-1-nat-eip-3",
              "Owner": "mimi",
              "Project": "payjack"
            },
            "timeouts": null,
            "vpc": true
          },
          "sensitive_attributes": [],
          "private": "eyJlMmJmYjczMC1lY2FhLTExZTYtOGY4OC0zNDM2M2JjN2M0YzAiOnsiZGVsZXRlIjoxODAwMDAwMDAwMDAsInJlYWQiOjkwMDAwMDAwMDAwMCwidXBkYXRlIjozMDAwMDAwMDAwMDB9fQ==",
          "create_before_destroy": true
        }
      ]
    },
    {
      "module": "module.networking",
      "mode": "managed",
      "type": "aws_internet_gateway",
      "name": "igw",
      "provider": "provider[\"registry.terraform.io/hashicorp/aws\"]",
      "instances": [
        {
          "schema_version": 0,
          "attributes": {
            "arn": "arn:aws:ec2:us-east-1:975050283031:internet-gateway/igw-04fe91a88ed642765",
            "id": "igw-04fe91a88ed642765",
            "owner_id": "975050283031",
            "tags": {
              "Environment": "dev",
              "Managed_by": "terraform",
              "Name": "payjack-dev-us-east-1-igw",
              "Owner": "mimi",
              "Project": "payjack"
            },
            "tags_all": {
              "Environment": "dev",
              "Managed_by": "terraform",
              "Name": "payjack-dev-us-east-1-igw",
              "Owner": "mimi",
              "Project": "payjack"
            },
            "timeouts": null,
            "vpc_id": "vpc-04da810f698d50a30"
          },
          "sensitive_attributes": [
            [
              {
                "type": "get_attr",
                "value": "vpc_id"
              }
            ]
          ],
          "private": "eyJlMmJmYjczMC1lY2FhLTExZTYtOGY4OC0zNDM2M2JjN2M0YzAiOnsiY3JlYXRlIjoxMjAwMDAwMDAwMDAwLCJkZWxldGUiOjEyMDAwMDAwMDAwMDAsInVwZGF0ZSI6MTIwMDAwMDAwMDAwMH19",
          "dependencies": [
            "module.networking.aws_ssm_parameter.vpc_id",
            "module.networking.aws_vpc.main"
          ],
          "create_before_destroy": true
        }
      ]
    },
    {
      "module": "module.networking",
      "mode": "managed",
      "type": "aws_nat_gateway",
      "name": "nat",
      "provider": "provider[\"registry.terraform.io/hashicorp/aws\"]",
      "instances": [
        {
          "index_key": 0,
          "schema_version": 0,
          "attributes": {
            "allocation_id": "eipalloc-0b9d795469b7961c0",
            "association_id": "eipassoc-0898604802ec72c6c",
            "connectivity_type": "public",
            "id": "nat-0d8a9f754e4b3d303",
            "network_interface_id": "eni-0d3e6b34f20e508ae",
            "private_ip": "10.0.0.41",
            "public_ip": "52.203.34.54",
            "secondary_allocation_ids": null,
            "secondary_private_ip_address_count": 0,
            "secondary_private_ip_addresses": [],
            "subnet_id": "subnet-05a52d8863a3f6005",
            "tags": {
              "Environment": "dev",
              "Managed_by": "terraform",
              "Name": "payjack-dev-us-east-1-nat-gateway-1",
              "Owner": "mimi",
              "Project": "payjack"
            },
            "tags_all": {
              "Environment": "dev",
              "Managed_by": "terraform",
              "Name": "payjack-dev-us-east-1-nat-gateway-1",
              "Owner": "mimi",
              "Project": "payjack"
            },
            "timeouts": null
          },
          "sensitive_attributes": [],
          "private": "eyJlMmJmYjczMC1lY2FhLTExZTYtOGY4OC0zNDM2M2JjN2M0YzAiOnsiY3JlYXRlIjo2MDAwMDAwMDAwMDAsImRlbGV0ZSI6MTgwMDAwMDAwMDAwMCwidXBkYXRlIjo2MDAwMDAwMDAwMDB9fQ==",
          "dependencies": [
            "module.networking.aws_eip.nat_eip",
            "module.networking.aws_subnet.public",
            "module.networking.aws_vpc.main",
            "module.networking.data.aws_availability_zones.available"
          ],
          "create_before_destroy": true
        },
        {
          "index_key": 1,
          "schema_version": 0,
          "attributes": {
            "allocation_id": "eipalloc-0b930fab1182faeb3",
            "association_id": "eipassoc-0fd637e19acaeff34",
            "connectivity_type": "public",
            "id": "nat-01ac09aa26b26f68e",
            "network_interface_id": "eni-025730104d6a18838",
            "private_ip": "10.0.1.125",
            "public_ip": "54.80.25.146",
            "secondary_allocation_ids": null,
            "secondary_private_ip_address_count": 0,
            "secondary_private_ip_addresses": [],
            "subnet_id": "subnet-0831b80cf45437aa9",
            "tags": {
              "Environment": "dev",
              "Managed_by": "terraform",
              "Name": "payjack-dev-us-east-1-nat-gateway-2",
              "Owner": "mimi",
              "Project": "payjack"
            },
            "tags_all": {
              "Environment": "dev",
              "Managed_by": "terraform",
              "Name": "payjack-dev-us-east-1-nat-gateway-2",
              "Owner": "mimi",
              "Project": "payjack"
            },
            "timeouts": null
          },
          "sensitive_attributes": [],
          "private": "eyJlMmJmYjczMC1lY2FhLTExZTYtOGY4OC0zNDM2M2JjN2M0YzAiOnsiY3JlYXRlIjo2MDAwMDAwMDAwMDAsImRlbGV0ZSI6MTgwMDAwMDAwMDAwMCwidXBkYXRlIjo2MDAwMDAwMDAwMDB9fQ==",
          "dependencies": [
            "module.networking.aws_eip.nat_eip",
            "module.networking.aws_subnet.public",
            "module.networking.aws_vpc.main",
            "module.networking.data.aws_availability_zones.available"
          ],
          "create_before_destroy": true
        },
        {
          "index_key": 2,
          "schema_version": 0,
          "attributes": {
            "allocation_id": "eipalloc-01578c59b8792ee96",
            "association_id": "eipassoc-06b4b43e99b373ad7",
            "connectivity_type": "public",
            "id": "nat-0e3b108907ea23f60",
            "network_interface_id": "eni-0739e71114c5916c8",
            "private_ip": "10.0.0.202",
            "public_ip": "18.211.114.231",
            "secondary_allocation_ids": null,
            "secondary_private_ip_address_count": 0,
            "secondary_private_ip_addresses": [],
            "subnet_id": "subnet-05a52d8863a3f6005",
            "tags": {
              "Environment": "dev",
              "Managed_by": "terraform",
              "Name": "payjack-dev-us-east-1-nat-gateway-3",
              "Owner": "mimi",
              "Project": "payjack"
            },
            "tags_all": {
              "Environment": "dev",
              "Managed_by": "terraform",
              "Name": "payjack-dev-us-east-1-nat-gateway-3",
              "Owner": "mimi",
              "Project": "payjack"
            },
            "timeouts": null
          },
          "sensitive_attributes": [],
          "private": "eyJlMmJmYjczMC1lY2FhLTExZTYtOGY4OC0zNDM2M2JjN2M0YzAiOnsiY3JlYXRlIjo2MDAwMDAwMDAwMDAsImRlbGV0ZSI6MTgwMDAwMDAwMDAwMCwidXBkYXRlIjo2MDAwMDAwMDAwMDB9fQ==",
          "dependencies": [
            "module.networking.aws_eip.nat_eip",
            "module.networking.aws_subnet.public",
            "module.networking.aws_vpc.main",
            "module.networking.data.aws_availability_zones.available"
          ],
          "create_before_destroy": true
        }
      ]
    },
    {
      "module": "module.networking",
      "mode": "managed",
      "type": "aws_route_table",
      "name": "private",
      "provider": "provider[\"registry.terraform.io/hashicorp/aws\"]",
      "instances": [
        {
          "index_key": 0,
          "schema_version": 0,
          "attributes": {
            "arn": "arn:aws:ec2:us-east-1:975050283031:route-table/rtb-0a4476f86f654de9f",
            "id": "rtb-0a4476f86f654de9f",
            "owner_id": "975050283031",
            "propagating_vgws": [],
            "route": [
              {
                "carrier_gateway_id": "",
                "cidr_block": "0.0.0.0/0",
                "core_network_arn": "",
                "destination_prefix_list_id": "",
                "egress_only_gateway_id": "",
                "gateway_id": "",
                "ipv6_cidr_block": "",
                "local_gateway_id": "",
                "nat_gateway_id": "nat-0d8a9f754e4b3d303",
                "network_interface_id": "",
                "transit_gateway_id": "",
                "vpc_endpoint_id": "",
                "vpc_peering_connection_id": ""
              }
            ],
            "tags": {
              "Environment": "dev",
              "Managed_by": "terraform",
              "Name": "payjack-dev-us-east-1-private-rtb-1",
              "Owner": "mimi",
              "Project": "payjack"
            },
            "tags_all": {
              "Environment": "dev",
              "Managed_by": "terraform",
              "Name": "payjack-dev-us-east-1-private-rtb-1",
              "Owner": "mimi",
              "Project": "payjack"
            },
            "timeouts": null,
            "vpc_id": "vpc-04da810f698d50a30"
          },
          "sensitive_attributes": [],
          "private": "eyJlMmJmYjczMC1lY2FhLTExZTYtOGY4OC0zNDM2M2JjN2M0YzAiOnsiY3JlYXRlIjozMDAwMDAwMDAwMDAsImRlbGV0ZSI6MzAwMDAwMDAwMDAwLCJ1cGRhdGUiOjEyMDAwMDAwMDAwMH19",
          "dependencies": [
            "module.networking.aws_eip.nat_eip",
            "module.networking.aws_nat_gateway.nat",
            "module.networking.aws_subnet.public",
            "module.networking.aws_vpc.main",
            "module.networking.data.aws_availability_zones.available"
          ],
          "create_before_destroy": true
        },
        {
          "index_key": 1,
          "schema_version": 0,
          "attributes": {
            "arn": "arn:aws:ec2:us-east-1:975050283031:route-table/rtb-04c89aff225b41c66",
            "id": "rtb-04c89aff225b41c66",
            "owner_id": "975050283031",
            "propagating_vgws": [],
            "route": [
              {
                "carrier_gateway_id": "",
                "cidr_block": "0.0.0.0/0",
                "core_network_arn": "",
                "destination_prefix_list_id": "",
                "egress_only_gateway_id": "",
                "gateway_id": "",
                "ipv6_cidr_block": "",
                "local_gateway_id": "",
                "nat_gateway_id": "nat-01ac09aa26b26f68e",
                "network_interface_id": "",
                "transit_gateway_id": "",
                "vpc_endpoint_id": "",
                "vpc_peering_connection_id": ""
              }
            ],
            "tags": {
              "Environment": "dev",
              "Managed_by": "terraform",
              "Name": "payjack-dev-us-east-1-private-rtb-2",
              "Owner": "mimi",
              "Project": "payjack"
            },
            "tags_all": {
              "Environment": "dev",
              "Managed_by": "terraform",
              "Name": "payjack-dev-us-east-1-private-rtb-2",
              "Owner": "mimi",
              "Project": "payjack"
            },
            "timeouts": null,
            "vpc_id": "vpc-04da810f698d50a30"
          },
          "sensitive_attributes": [],
          "private": "eyJlMmJmYjczMC1lY2FhLTExZTYtOGY4OC0zNDM2M2JjN2M0YzAiOnsiY3JlYXRlIjozMDAwMDAwMDAwMDAsImRlbGV0ZSI6MzAwMDAwMDAwMDAwLCJ1cGRhdGUiOjEyMDAwMDAwMDAwMH19",
          "dependencies": [
            "module.networking.aws_eip.nat_eip",
            "module.networking.aws_nat_gateway.nat",
            "module.networking.aws_subnet.public",
            "module.networking.aws_vpc.main",
            "module.networking.data.aws_availability_zones.available"
          ],
          "create_before_destroy": true
        },
        {
          "index_key": 2,
          "schema_version": 0,
          "attributes": {
            "arn": "arn:aws:ec2:us-east-1:975050283031:route-table/rtb-0073b059485445f45",
            "id": "rtb-0073b059485445f45",
            "owner_id": "975050283031",
            "propagating_vgws": [],
            "route": [
              {
                "carrier_gateway_id": "",
                "cidr_block": "0.0.0.0/0",
                "core_network_arn": "",
                "destination_prefix_list_id": "",
                "egress_only_gateway_id": "",
                "gateway_id": "",
                "ipv6_cidr_block": "",
                "local_gateway_id": "",
                "nat_gateway_id": "nat-0e3b108907ea23f60",
                "network_interface_id": "",
                "transit_gateway_id": "",
                "vpc_endpoint_id": "",
                "vpc_peering_connection_id": ""
              }
            ],
            "tags": {
              "Environment": "dev",
              "Managed_by": "terraform",
              "Name": "payjack-dev-us-east-1-private-rtb-3",
              "Owner": "mimi",
              "Project": "payjack"
            },
            "tags_all": {
              "Environment": "dev",
              "Managed_by": "terraform",
              "Name": "payjack-dev-us-east-1-private-rtb-3",
              "Owner": "mimi",
              "Project": "payjack"
            },
            "timeouts": null,
            "vpc_id": "vpc-04da810f698d50a30"
          },
          "sensitive_attributes": [],
          "private": "eyJlMmJmYjczMC1lY2FhLTExZTYtOGY4OC0zNDM2M2JjN2M0YzAiOnsiY3JlYXRlIjozMDAwMDAwMDAwMDAsImRlbGV0ZSI6MzAwMDAwMDAwMDAwLCJ1cGRhdGUiOjEyMDAwMDAwMDAwMH19",
          "dependencies": [
            "module.networking.aws_eip.nat_eip",
            "module.networking.aws_nat_gateway.nat",
            "module.networking.aws_subnet.public",
            "module.networking.aws_vpc.main",
            "module.networking.data.aws_availability_zones.available"
          ],
          "create_before_destroy": true
        }
      ]
    },
    {
      "module": "module.networking",
      "mode": "managed",
      "type": "aws_route_table",
      "name": "public",
      "provider": "provider[\"registry.terraform.io/hashicorp/aws\"]",
      "instances": [
        {
          "schema_version": 0,
          "attributes": {
            "arn": "arn:aws:ec2:us-east-1:975050283031:route-table/rtb-0d694bf2b278cee62",
            "id": "rtb-0d694bf2b278cee62",
            "owner_id": "975050283031",
            "propagating_vgws": [],
            "route": [
              {
                "carrier_gateway_id": "",
                "cidr_block": "0.0.0.0/0",
                "core_network_arn": "",
                "destination_prefix_list_id": "",
                "egress_only_gateway_id": "",
                "gateway_id": "igw-04fe91a88ed642765",
                "ipv6_cidr_block": "",
                "local_gateway_id": "",
                "nat_gateway_id": "",
                "network_interface_id": "",
                "transit_gateway_id": "",
                "vpc_endpoint_id": "",
                "vpc_peering_connection_id": ""
              }
            ],
            "tags": {
              "Environment": "dev",
              "Managed_by": "terraform",
              "Name": "payjack-dev-us-east-1-public-rtb",
              "Owner": "mimi",
              "Project": "payjack"
            },
            "tags_all": {
              "Environment": "dev",
              "Managed_by": "terraform",
              "Name": "payjack-dev-us-east-1-public-rtb",
              "Owner": "mimi",
              "Project": "payjack"
            },
            "timeouts": null,
            "vpc_id": "vpc-04da810f698d50a30"
          },
          "sensitive_attributes": [
            [
              {
                "type": "get_attr",
                "value": "route"
              }
            ],
            [
              {
                "type": "get_attr",
                "value": "vpc_id"
              }
            ]
          ],
          "private": "eyJlMmJmYjczMC1lY2FhLTExZTYtOGY4OC0zNDM2M2JjN2M0YzAiOnsiY3JlYXRlIjozMDAwMDAwMDAwMDAsImRlbGV0ZSI6MzAwMDAwMDAwMDAwLCJ1cGRhdGUiOjEyMDAwMDAwMDAwMH19",
          "dependencies": [
            "module.networking.aws_internet_gateway.igw",
            "module.networking.aws_ssm_parameter.igw_id",
            "module.networking.aws_ssm_parameter.vpc_id",
            "module.networking.aws_vpc.main"
          ],
          "create_before_destroy": true
        }
      ]
    },
    {
      "module": "module.networking",
      "mode": "managed",
      "type": "aws_route_table_association",
      "name": "private",
      "provider": "provider[\"registry.terraform.io/hashicorp/aws\"]",
      "instances": [
        {
          "index_key": 0,
          "schema_version": 0,
          "attributes": {
            "gateway_id": "",
            "id": "rtbassoc-012b5d2d1ab3a6b9c",
            "route_table_id": "rtb-0a4476f86f654de9f",
            "subnet_id": "subnet-04724e4dd10ec5c76",
            "timeouts": null
          },
          "sensitive_attributes": [],
          "private": "eyJlMmJmYjczMC1lY2FhLTExZTYtOGY4OC0zNDM2M2JjN2M0YzAiOnsiY3JlYXRlIjozMDAwMDAwMDAwMDAsImRlbGV0ZSI6MzAwMDAwMDAwMDAwLCJ1cGRhdGUiOjEyMDAwMDAwMDAwMH19",
          "dependencies": [
            "module.networking.aws_eip.nat_eip",
            "module.networking.aws_nat_gateway.nat",
            "module.networking.aws_route_table.private",
            "module.networking.aws_subnet.private",
            "module.networking.aws_subnet.public",
            "module.networking.aws_vpc.main",
            "module.networking.data.aws_availability_zones.available"
          ],
          "create_before_destroy": true
        },
        {
          "index_key": 1,
          "schema_version": 0,
          "attributes": {
            "gateway_id": "",
            "id": "rtbassoc-078256ac16b8b2401",
            "route_table_id": "rtb-04c89aff225b41c66",
            "subnet_id": "subnet-060f6afa91d17c624",
            "timeouts": null
          },
          "sensitive_attributes": [],
          "private": "eyJlMmJmYjczMC1lY2FhLTExZTYtOGY4OC0zNDM2M2JjN2M0YzAiOnsiY3JlYXRlIjozMDAwMDAwMDAwMDAsImRlbGV0ZSI6MzAwMDAwMDAwMDAwLCJ1cGRhdGUiOjEyMDAwMDAwMDAwMH19",
          "dependencies": [
            "module.networking.aws_eip.nat_eip",
            "module.networking.aws_nat_gateway.nat",
            "module.networking.aws_route_table.private",
            "module.networking.aws_subnet.private",
            "module.networking.aws_subnet.public",
            "module.networking.aws_vpc.main",
            "module.networking.data.aws_availability_zones.available"
          ],
          "create_before_destroy": true
        },
        {
          "index_key": 2,
          "schema_version": 0,
          "attributes": {
            "gateway_id": "",
            "id": "rtbassoc-0d9e1307bfc381303",
            "route_table_id": "rtb-0073b059485445f45",
            "subnet_id": "subnet-026f9bfa770db9321",
            "timeouts": null
          },
          "sensitive_attributes": [],
          "private": "eyJlMmJmYjczMC1lY2FhLTExZTYtOGY4OC0zNDM2M2JjN2M0YzAiOnsiY3JlYXRlIjozMDAwMDAwMDAwMDAsImRlbGV0ZSI6MzAwMDAwMDAwMDAwLCJ1cGRhdGUiOjEyMDAwMDAwMDAwMH19",
          "dependencies": [
            "module.networking.aws_eip.nat_eip",
            "module.networking.aws_nat_gateway.nat",
            "module.networking.aws_route_table.private",
            "module.networking.aws_subnet.private",
            "module.networking.aws_subnet.public",
            "module.networking.aws_vpc.main",
            "module.networking.data.aws_availability_zones.available"
          ],
          "create_before_destroy": true
        }
      ]
    },
    {
      "module": "module.networking",
      "mode": "managed",
      "type": "aws_route_table_association",
      "name": "public",
      "provider": "provider[\"registry.terraform.io/hashicorp/aws\"]",
      "instances": [
        {
          "index_key": 0,
          "schema_version": 0,
          "attributes": {
            "gateway_id": "",
            "id": "rtbassoc-08cc72668bbfe6888",
            "route_table_id": "rtb-0d694bf2b278cee62",
            "subnet_id": "subnet-05a52d8863a3f6005",
            "timeouts": null
          },
          "sensitive_attributes": [
            [
              {
                "type": "get_attr",
                "value": "route_table_id"
              }
            ]
          ],
          "private": "eyJlMmJmYjczMC1lY2FhLTExZTYtOGY4OC0zNDM2M2JjN2M0YzAiOnsiY3JlYXRlIjozMDAwMDAwMDAwMDAsImRlbGV0ZSI6MzAwMDAwMDAwMDAwLCJ1cGRhdGUiOjEyMDAwMDAwMDAwMH19",
          "dependencies": [
            "module.networking.aws_internet_gateway.igw",
            "module.networking.aws_route_table.public",
            "module.networking.aws_ssm_parameter.igw_id",
            "module.networking.aws_ssm_parameter.public_rt_id",
            "module.networking.aws_ssm_parameter.vpc_id",
            "module.networking.aws_subnet.public",
            "module.networking.aws_vpc.main",
            "module.networking.data.aws_availability_zones.available"
          ],
          "create_before_destroy": true
        },
        {
          "index_key": 1,
          "schema_version": 0,
          "attributes": {
            "gateway_id": "",
            "id": "rtbassoc-09d322f4aeffd0d2b",
            "route_table_id": "rtb-0d694bf2b278cee62",
            "subnet_id": "subnet-0831b80cf45437aa9",
            "timeouts": null
          },
          "sensitive_attributes": [
            [
              {
                "type": "get_attr",
                "value": "route_table_id"
              }
            ]
          ],
          "private": "eyJlMmJmYjczMC1lY2FhLTExZTYtOGY4OC0zNDM2M2JjN2M0YzAiOnsiY3JlYXRlIjozMDAwMDAwMDAwMDAsImRlbGV0ZSI6MzAwMDAwMDAwMDAwLCJ1cGRhdGUiOjEyMDAwMDAwMDAwMH19",
          "dependencies": [
            "module.networking.aws_internet_gateway.igw",
            "module.networking.aws_route_table.public",
            "module.networking.aws_ssm_parameter.igw_id",
            "module.networking.aws_ssm_parameter.public_rt_id",
            "module.networking.aws_ssm_parameter.vpc_id",
            "module.networking.aws_subnet.public",
            "module.networking.aws_vpc.main",
            "module.networking.data.aws_availability_zones.available"
          ],
          "create_before_destroy": true
        },
        {
          "index_key": 2,
          "schema_version": 0,
          "attributes": {
            "gateway_id": "",
            "id": "rtbassoc-08cc72668bbfe6888",
            "route_table_id": "rtb-0d694bf2b278cee62",
            "subnet_id": "subnet-05a52d8863a3f6005",
            "timeouts": null
          },
          "sensitive_attributes": [
            [
              {
                "type": "get_attr",
                "value": "route_table_id"
              }
            ]
          ],
          "private": "eyJlMmJmYjczMC1lY2FhLTExZTYtOGY4OC0zNDM2M2JjN2M0YzAiOnsiY3JlYXRlIjozMDAwMDAwMDAwMDAsImRlbGV0ZSI6MzAwMDAwMDAwMDAwLCJ1cGRhdGUiOjEyMDAwMDAwMDAwMH19",
          "dependencies": [
            "module.networking.aws_internet_gateway.igw",
            "module.networking.aws_route_table.public",
            "module.networking.aws_ssm_parameter.igw_id",
            "module.networking.aws_ssm_parameter.public_rt_id",
            "module.networking.aws_ssm_parameter.vpc_id",
            "module.networking.aws_subnet.public",
            "module.networking.aws_vpc.main",
            "module.networking.data.aws_availability_zones.available"
          ],
          "create_before_destroy": true
        }
      ]
    },
    {
      "module": "module.networking",
      "mode": "managed",
      "type": "aws_ssm_parameter",
      "name": "igw_id",
      "provider": "provider[\"registry.terraform.io/hashicorp/aws\"]",
      "instances": [
        {
          "schema_version": 0,
          "attributes": {
            "allowed_pattern": "",
            "arn": "arn:aws:ssm:us-east-1:975050283031:parameter/payjack-dev-us-east-1/igw_id",
            "data_type": "text",
            "description": "",
            "has_value_wo": null,
            "id": "/payjack-dev-us-east-1/igw_id",
            "insecure_value": null,
            "key_id": "",
            "name": "/payjack-dev-us-east-1/igw_id",
            "overwrite": null,
            "tags": {
              "Environment": "dev",
              "Managed_by": "terraform",
              "Owner": "mimi",
              "Project": "payjack"
            },
            "tags_all": {
              "Environment": "dev",
              "Managed_by": "terraform",
              "Owner": "mimi",
              "Project": "payjack"
            },
            "tier": "Standard",
            "type": "String",
            "value": "igw-04fe91a88ed642765",
            "value_wo": null,
            "value_wo_version": null,
            "version": 1
          },
          "sensitive_attributes": [
            [
              {
                "type": "get_attr",
                "value": "value"
              }
            ],
            [
              {
                "type": "get_attr",
                "value": "value_wo"
              }
            ]
          ],
          "private": "bnVsbA==",
          "dependencies": [
            "module.networking.aws_internet_gateway.igw",
            "module.networking.aws_ssm_parameter.vpc_id",
            "module.networking.aws_vpc.main"
          ],
          "create_before_destroy": true
        }
      ]
    },
    {
      "module": "module.networking",
      "mode": "managed",
      "type": "aws_ssm_parameter",
      "name": "nat_id",
      "provider": "provider[\"registry.terraform.io/hashicorp/aws\"]",
      "instances": [
        {
          "schema_version": 0,
          "attributes": {
            "allowed_pattern": "",
            "arn": "arn:aws:ssm:us-east-1:975050283031:parameter/payjack-dev-us-east-1/nat_id",
            "data_type": "text",
            "description": "",
            "has_value_wo": null,
            "id": "/payjack-dev-us-east-1/nat_id",
            "insecure_value": null,
            "key_id": "",
            "name": "/payjack-dev-us-east-1/nat_id",
            "overwrite": null,
            "tags": {
              "Environment": "dev",
              "Managed_by": "terraform",
              "Owner": "mimi",
              "Project": "payjack"
            },
            "tags_all": {
              "Environment": "dev",
              "Managed_by": "terraform",
              "Owner": "mimi",
              "Project": "payjack"
            },
            "tier": "Standard",
            "type": "String",
            "value": "nat-0d8a9f754e4b3d303,nat-01ac09aa26b26f68e,nat-0e3b108907ea23f60",
            "value_wo": null,
            "value_wo_version": null,
            "version": 1
          },
          "sensitive_attributes": [
            [
              {
                "type": "get_attr",
                "value": "value"
              }
            ],
            [
              {
                "type": "get_attr",
                "value": "value_wo"
              }
            ]
          ],
          "private": "bnVsbA==",
          "dependencies": [
            "module.networking.aws_eip.nat_eip",
            "module.networking.aws_nat_gateway.nat",
            "module.networking.aws_subnet.public",
            "module.networking.aws_vpc.main",
            "module.networking.data.aws_availability_zones.available"
          ],
          "create_before_destroy": true
        }
      ]
    },
    {
      "module": "module.networking",
      "mode": "managed",
      "type": "aws_ssm_parameter",
      "name": "private_rt_id",
      "provider": "provider[\"registry.terraform.io/hashicorp/aws\"]",
      "instances": [
        {
          "schema_version": 0,
          "attributes": {
            "allowed_pattern": "",
            "arn": "arn:aws:ssm:us-east-1:975050283031:parameter/payjack-dev-us-east-1/private_rt_id",
            "data_type": "text",
            "description": "",
            "has_value_wo": null,
            "id": "/payjack-dev-us-east-1/private_rt_id",
            "insecure_value": null,
            "key_id": "",
            "name": "/payjack-dev-us-east-1/private_rt_id",
            "overwrite": null,
            "tags": {
              "Environment": "dev",
              "Managed_by": "terraform",
              "Owner": "mimi",
              "Project": "payjack"
            },
            "tags_all": {
              "Environment": "dev",
              "Managed_by": "terraform",
              "Owner": "mimi",
              "Project": "payjack"
            },
            "tier": "Standard",
            "type": "String",
            "value": "rtb-0a4476f86f654de9f,rtb-04c89aff225b41c66,rtb-0073b059485445f45",
            "value_wo": null,
            "value_wo_version": null,
            "version": 1
          },
          "sensitive_attributes": [
            [
              {
                "type": "get_attr",
                "value": "value_wo"
              }
            ],
            [
              {
                "type": "get_attr",
                "value": "value"
              }
            ]
          ],
          "private": "bnVsbA==",
          "dependencies": [
            "module.networking.aws_eip.nat_eip",
            "module.networking.aws_nat_gateway.nat",
            "module.networking.aws_route_table.private",
            "module.networking.aws_subnet.public",
            "module.networking.aws_vpc.main",
            "module.networking.data.aws_availability_zones.available"
          ],
          "create_before_destroy": true
        }
      ]
    },
    {
      "module": "module.networking",
      "mode": "managed",
      "type": "aws_ssm_parameter",
      "name": "private_subnet_ids",
      "provider": "provider[\"registry.terraform.io/hashicorp/aws\"]",
      "instances": [
        {
          "schema_version": 0,
          "attributes": {
            "allowed_pattern": "",
            "arn": "arn:aws:ssm:us-east-1:975050283031:parameter/payjack-dev-us-east-1/private_subnet_ids",
            "data_type": "text",
            "description": "",
            "has_value_wo": null,
            "id": "/payjack-dev-us-east-1/private_subnet_ids",
            "insecure_value": null,
            "key_id": "",
            "name": "/payjack-dev-us-east-1/private_subnet_ids",
            "overwrite": null,
            "tags": {
              "Environment": "dev",
              "Managed_by": "terraform",
              "Owner": "mimi",
              "Project": "payjack"
            },
            "tags_all": {
              "Environment": "dev",
              "Managed_by": "terraform",
              "Owner": "mimi",
              "Project": "payjack"
            },
            "tier": "Standard",
            "type": "StringList",
            "value": "subnet-04724e4dd10ec5c76,subnet-060f6afa91d17c624,subnet-026f9bfa770db9321",
            "value_wo": null,
            "value_wo_version": null,
            "version": 1
          },
          "sensitive_attributes": [
            [
              {
                "type": "get_attr",
                "value": "value_wo"
              }
            ],
            [
              {
                "type": "get_attr",
                "value": "value"
              }
            ]
          ],
          "private": "bnVsbA==",
          "dependencies": [
            "module.networking.aws_subnet.private",
            "module.networking.aws_vpc.main",
            "module.networking.data.aws_availability_zones.available"
          ],
          "create_before_destroy": true
        }
      ]
    },
    {
      "module": "module.networking",
      "mode": "managed",
      "type": "aws_ssm_parameter",
      "name": "public_rt_id",
      "provider": "provider[\"registry.terraform.io/hashicorp/aws\"]",
      "instances": [
        {
          "schema_version": 0,
          "attributes": {
            "allowed_pattern": "",
            "arn": "arn:aws:ssm:us-east-1:975050283031:parameter/payjack-dev-us-east-1/public_rt_id",
            "data_type": "text",
            "description": "",
            "has_value_wo": null,
            "id": "/payjack-dev-us-east-1/public_rt_id",
            "insecure_value": null,
            "key_id": "",
            "name": "/payjack-dev-us-east-1/public_rt_id",
            "overwrite": null,
            "tags": {
              "Environment": "dev",
              "Managed_by": "terraform",
              "Owner": "mimi",
              "Project": "payjack"
            },
            "tags_all": {
              "Environment": "dev",
              "Managed_by": "terraform",
              "Owner": "mimi",
              "Project": "payjack"
            },
            "tier": "Standard",
            "type": "String",
            "value": "rtb-0d694bf2b278cee62",
            "value_wo": null,
            "value_wo_version": null,
            "version": 1
          },
          "sensitive_attributes": [
            [
              {
                "type": "get_attr",
                "value": "value"
              }
            ],
            [
              {
                "type": "get_attr",
                "value": "value_wo"
              }
            ]
          ],
          "private": "bnVsbA==",
          "dependencies": [
            "module.networking.aws_internet_gateway.igw",
            "module.networking.aws_route_table.public",
            "module.networking.aws_ssm_parameter.igw_id",
            "module.networking.aws_ssm_parameter.vpc_id",
            "module.networking.aws_vpc.main"
          ],
          "create_before_destroy": true
        }
      ]
    },
    {
      "module": "module.networking",
      "mode": "managed",
      "type": "aws_ssm_parameter",
      "name": "public_subnet_ids",
      "provider": "provider[\"registry.terraform.io/hashicorp/aws\"]",
      "instances": [
        {
          "schema_version": 0,
          "attributes": {
            "allowed_pattern": "",
            "arn": "arn:aws:ssm:us-east-1:975050283031:parameter/payjack-dev-us-east-1/public_subnet_ids",
            "data_type": "text",
            "description": "",
            "has_value_wo": null,
            "id": "/payjack-dev-us-east-1/public_subnet_ids",
            "insecure_value": null,
            "key_id": "",
            "name": "/payjack-dev-us-east-1/public_subnet_ids",
            "overwrite": null,
            "tags": {
              "Environment": "dev",
              "Managed_by": "terraform",
              "Owner": "mimi",
              "Project": "payjack"
            },
            "tags_all": {
              "Environment": "dev",
              "Managed_by": "terraform",
              "Owner": "mimi",
              "Project": "payjack"
            },
            "tier": "Standard",
            "type": "StringList",
            "value": "subnet-05a52d8863a3f6005,subnet-0831b80cf45437aa9",
            "value_wo": null,
            "value_wo_version": null,
            "version": 1
          },
          "sensitive_attributes": [
            [
              {
                "type": "get_attr",
                "value": "value"
              }
            ],
            [
              {
                "type": "get_attr",
                "value": "value_wo"
              }
            ]
          ],
          "private": "bnVsbA==",
          "dependencies": [
            "module.networking.aws_subnet.public",
            "module.networking.aws_vpc.main",
            "module.networking.data.aws_availability_zones.available"
          ],
          "create_before_destroy": true
        }
      ]
    },
    {
      "module": "module.networking",
      "mode": "managed",
      "type": "aws_ssm_parameter",
      "name": "vpc_id",
      "provider": "provider[\"registry.terraform.io/hashicorp/aws\"]",
      "instances": [
        {
          "schema_version": 0,
          "attributes": {
            "allowed_pattern": "",
            "arn": "arn:aws:ssm:us-east-1:975050283031:parameter/payjack-dev-us-east-1/vpc_id",
            "data_type": "text",
            "description": "",
            "has_value_wo": null,
            "id": "/payjack-dev-us-east-1/vpc_id",
            "insecure_value": null,
            "key_id": "alias/aws/ssm",
            "name": "/payjack-dev-us-east-1/vpc_id",
            "overwrite": null,
            "tags": {
              "Environment": "dev",
              "Managed_by": "terraform",
              "Owner": "mimi",
              "Project": "payjack"
            },
            "tags_all": {
              "Environment": "dev",
              "Managed_by": "terraform",
              "Owner": "mimi",
              "Project": "payjack"
            },
            "tier": "Standard",
            "type": "SecureString",
            "value": "vpc-04da810f698d50a30",
            "value_wo": null,
            "value_wo_version": null,
            "version": 1
          },
          "sensitive_attributes": [
            [
              {
                "type": "get_attr",
                "value": "value_wo"
              }
            ],
            [
              {
                "type": "get_attr",
                "value": "value"
              }
            ]
          ],
          "private": "bnVsbA==",
          "dependencies": [
            "module.networking.aws_vpc.main"
          ],
          "create_before_destroy": true
        }
      ]
    },
    {
      "module": "module.networking",
      "mode": "managed",
      "type": "aws_subnet",
      "name": "app",
      "provider": "provider[\"registry.terraform.io/hashicorp/aws\"]",
      "instances": [
        {
          "index_key": 0,
          "schema_version": 1,
          "attributes": {
            "arn": "arn:aws:ec2:us-east-1:975050283031:subnet/subnet-0c6d87d1bf89fc364",
            "assign_ipv6_address_on_creation": false,
            "availability_zone": "us-east-1a",
            "availability_zone_id": "use1-az1",
            "cidr_block": "10.0.6.0/24",
            "customer_owned_ipv4_pool": "",
            "enable_dns64": false,
            "enable_lni_at_device_index": 0,
            "enable_resource_name_dns_a_record_on_launch": false,
            "enable_resource_name_dns_aaaa_record_on_launch": false,
            "id": "subnet-0c6d87d1bf89fc364",
            "ipv6_cidr_block": "",
            "ipv6_cidr_block_association_id": "",
            "ipv6_native": false,
            "map_customer_owned_ip_on_launch": false,
            "map_public_ip_on_launch": false,
            "outpost_arn": "",
            "owner_id": "975050283031",
            "private_dns_hostname_type_on_launch": "ip-name",
            "tags": {
              "Environment": "dev",
              "Managed_by": "terraform",
              "Name": "payjack-dev-us-east-1-app-subnet-1",
              "Owner": "mimi",
              "Project": "payjack",
              "Type": "Private",
              "kubernetes.io/role/elb": "1"
            },
            "tags_all": {
              "Environment": "dev",
              "Managed_by": "terraform",
              "Name": "payjack-dev-us-east-1-app-subnet-1",
              "Owner": "mimi",
              "Project": "payjack",
              "Type": "Private",
              "kubernetes.io/role/elb": "1"
            },
            "timeouts": null,
            "vpc_id": "vpc-04da810f698d50a30"
          },
          "sensitive_attributes": [],
          "private": "eyJlMmJmYjczMC1lY2FhLTExZTYtOGY4OC0zNDM2M2JjN2M0YzAiOnsiY3JlYXRlIjo2MDAwMDAwMDAwMDAsImRlbGV0ZSI6MTIwMDAwMDAwMDAwMH0sInNjaGVtYV92ZXJzaW9uIjoiMSJ9",
          "dependencies": [
            "module.networking.aws_vpc.main",
            "module.networking.data.aws_availability_zones.available"
          ],
          "create_before_destroy": true
        },
        {
          "index_key": 1,
          "schema_version": 1,
          "attributes": {
            "arn": "arn:aws:ec2:us-east-1:975050283031:subnet/subnet-05ef20bc90d8e47fc",
            "assign_ipv6_address_on_creation": false,
            "availability_zone": "us-east-1b",
            "availability_zone_id": "use1-az2",
            "cidr_block": "10.0.7.0/24",
            "customer_owned_ipv4_pool": "",
            "enable_dns64": false,
            "enable_lni_at_device_index": 0,
            "enable_resource_name_dns_a_record_on_launch": false,
            "enable_resource_name_dns_aaaa_record_on_launch": false,
            "id": "subnet-05ef20bc90d8e47fc",
            "ipv6_cidr_block": "",
            "ipv6_cidr_block_association_id": "",
            "ipv6_native": false,
            "map_customer_owned_ip_on_launch": false,
            "map_public_ip_on_launch": false,
            "outpost_arn": "",
            "owner_id": "975050283031",
            "private_dns_hostname_type_on_launch": "ip-name",
            "tags": {
              "Environment": "dev",
              "Managed_by": "terraform",
              "Name": "payjack-dev-us-east-1-app-subnet-2",
              "Owner": "mimi",
              "Project": "payjack",
              "Type": "Private",
              "kubernetes.io/role/elb": "1"
            },
            "tags_all": {
              "Environment": "dev",
              "Managed_by": "terraform",
              "Name": "payjack-dev-us-east-1-app-subnet-2",
              "Owner": "mimi",
              "Project": "payjack",
              "Type": "Private",
              "kubernetes.io/role/elb": "1"
            },
            "timeouts": null,
            "vpc_id": "vpc-04da810f698d50a30"
          },
          "sensitive_attributes": [],
          "private": "eyJlMmJmYjczMC1lY2FhLTExZTYtOGY4OC0zNDM2M2JjN2M0YzAiOnsiY3JlYXRlIjo2MDAwMDAwMDAwMDAsImRlbGV0ZSI6MTIwMDAwMDAwMDAwMH0sInNjaGVtYV92ZXJzaW9uIjoiMSJ9",
          "dependencies": [
            "module.networking.aws_vpc.main",
            "module.networking.data.aws_availability_zones.available"
          ],
          "create_before_destroy": true
        },
        {
          "index_key": 2,
          "schema_version": 1,
          "attributes": {
            "arn": "arn:aws:ec2:us-east-1:975050283031:subnet/subnet-02db799b59d824f86",
            "assign_ipv6_address_on_creation": false,
            "availability_zone": "us-east-1c",
            "availability_zone_id": "use1-az4",
            "cidr_block": "10.0.8.0/24",
            "customer_owned_ipv4_pool": "",
            "enable_dns64": false,
            "enable_lni_at_device_index": 0,
            "enable_resource_name_dns_a_record_on_launch": false,
            "enable_resource_name_dns_aaaa_record_on_launch": false,
            "id": "subnet-02db799b59d824f86",
            "ipv6_cidr_block": "",
            "ipv6_cidr_block_association_id": "",
            "ipv6_native": false,
            "map_customer_owned_ip_on_launch": false,
            "map_public_ip_on_launch": false,
            "outpost_arn": "",
            "owner_id": "975050283031",
            "private_dns_hostname_type_on_launch": "ip-name",
            "tags": {
              "Environment": "dev",
              "Managed_by": "terraform",
              "Name": "payjack-dev-us-east-1-app-subnet-3",
              "Owner": "mimi",
              "Project": "payjack",
              "Type": "Private",
              "kubernetes.io/role/elb": "1"
            },
            "tags_all": {
              "Environment": "dev",
              "Managed_by": "terraform",
              "Name": "payjack-dev-us-east-1-app-subnet-3",
              "Owner": "mimi",
              "Project": "payjack",
              "Type": "Private",
              "kubernetes.io/role/elb": "1"
            },
            "timeouts": null,
            "vpc_id": "vpc-04da810f698d50a30"
          },
          "sensitive_attributes": [],
          "private": "eyJlMmJmYjczMC1lY2FhLTExZTYtOGY4OC0zNDM2M2JjN2M0YzAiOnsiY3JlYXRlIjo2MDAwMDAwMDAwMDAsImRlbGV0ZSI6MTIwMDAwMDAwMDAwMH0sInNjaGVtYV92ZXJzaW9uIjoiMSJ9",
          "dependencies": [
            "module.networking.aws_vpc.main",
            "module.networking.data.aws_availability_zones.available"
          ],
          "create_before_destroy": true
        }
      ]
    },
    {
      "module": "module.networking",
      "mode": "managed",
      "type": "aws_subnet",
      "name": "private",
      "provider": "provider[\"registry.terraform.io/hashicorp/aws\"]",
      "instances": [
        {
          "index_key": 0,
          "schema_version": 1,
          "attributes": {
            "arn": "arn:aws:ec2:us-east-1:975050283031:subnet/subnet-04724e4dd10ec5c76",
            "assign_ipv6_address_on_creation": false,
            "availability_zone": "us-east-1a",
            "availability_zone_id": "use1-az1",
            "cidr_block": "10.0.3.0/24",
            "customer_owned_ipv4_pool": "",
            "enable_dns64": false,
            "enable_lni_at_device_index": 0,
            "enable_resource_name_dns_a_record_on_launch": false,
            "enable_resource_name_dns_aaaa_record_on_launch": false,
            "id": "subnet-04724e4dd10ec5c76",
            "ipv6_cidr_block": "",
            "ipv6_cidr_block_association_id": "",
            "ipv6_native": false,
            "map_customer_owned_ip_on_launch": false,
            "map_public_ip_on_launch": false,
            "outpost_arn": "",
            "owner_id": "975050283031",
            "private_dns_hostname_type_on_launch": "ip-name",
            "tags": {
              "Environment": "dev",
              "Managed_by": "terraform",
              "Name": "payjack-dev-us-east-1-private-subnet-1",
              "Owner": "mimi",
              "Project": "payjack",
              "Type": "Private",
              "kubernetes.io/role/elb": "1"
            },
            "tags_all": {
              "Environment": "dev",
              "Managed_by": "terraform",
              "Name": "payjack-dev-us-east-1-private-subnet-1",
              "Owner": "mimi",
              "Project": "payjack",
              "Type": "Private",
              "kubernetes.io/role/elb": "1"
            },
            "timeouts": null,
            "vpc_id": "vpc-04da810f698d50a30"
          },
          "sensitive_attributes": [],
          "private": "eyJlMmJmYjczMC1lY2FhLTExZTYtOGY4OC0zNDM2M2JjN2M0YzAiOnsiY3JlYXRlIjo2MDAwMDAwMDAwMDAsImRlbGV0ZSI6MTIwMDAwMDAwMDAwMH0sInNjaGVtYV92ZXJzaW9uIjoiMSJ9",
          "dependencies": [
            "module.networking.aws_vpc.main",
            "module.networking.data.aws_availability_zones.available"
          ],
          "create_before_destroy": true
        },
        {
          "index_key": 1,
          "schema_version": 1,
          "attributes": {
            "arn": "arn:aws:ec2:us-east-1:975050283031:subnet/subnet-060f6afa91d17c624",
            "assign_ipv6_address_on_creation": false,
            "availability_zone": "us-east-1b",
            "availability_zone_id": "use1-az2",
            "cidr_block": "10.0.4.0/24",
            "customer_owned_ipv4_pool": "",
            "enable_dns64": false,
            "enable_lni_at_device_index": 0,
            "enable_resource_name_dns_a_record_on_launch": false,
            "enable_resource_name_dns_aaaa_record_on_launch": false,
            "id": "subnet-060f6afa91d17c624",
            "ipv6_cidr_block": "",
            "ipv6_cidr_block_association_id": "",
            "ipv6_native": false,
            "map_customer_owned_ip_on_launch": false,
            "map_public_ip_on_launch": false,
            "outpost_arn": "",
            "owner_id": "975050283031",
            "private_dns_hostname_type_on_launch": "ip-name",
            "tags": {
              "Environment": "dev",
              "Managed_by": "terraform",
              "Name": "payjack-dev-us-east-1-private-subnet-2",
              "Owner": "mimi",
              "Project": "payjack",
              "Type": "Private",
              "kubernetes.io/role/elb": "1"
            },
            "tags_all": {
              "Environment": "dev",
              "Managed_by": "terraform",
              "Name": "payjack-dev-us-east-1-private-subnet-2",
              "Owner": "mimi",
              "Project": "payjack",
              "Type": "Private",
              "kubernetes.io/role/elb": "1"
            },
            "timeouts": null,
            "vpc_id": "vpc-04da810f698d50a30"
          },
          "sensitive_attributes": [],
          "private": "eyJlMmJmYjczMC1lY2FhLTExZTYtOGY4OC0zNDM2M2JjN2M0YzAiOnsiY3JlYXRlIjo2MDAwMDAwMDAwMDAsImRlbGV0ZSI6MTIwMDAwMDAwMDAwMH0sInNjaGVtYV92ZXJzaW9uIjoiMSJ9",
          "dependencies": [
            "module.networking.aws_vpc.main",
            "module.networking.data.aws_availability_zones.available"
          ],
          "create_before_destroy": true
        },
        {
          "index_key": 2,
          "schema_version": 1,
          "attributes": {
            "arn": "arn:aws:ec2:us-east-1:975050283031:subnet/subnet-026f9bfa770db9321",
            "assign_ipv6_address_on_creation": false,
            "availability_zone": "us-east-1c",
            "availability_zone_id": "use1-az4",
            "cidr_block": "10.0.5.0/24",
            "customer_owned_ipv4_pool": "",
            "enable_dns64": false,
            "enable_lni_at_device_index": 0,
            "enable_resource_name_dns_a_record_on_launch": false,
            "enable_resource_name_dns_aaaa_record_on_launch": false,
            "id": "subnet-026f9bfa770db9321",
            "ipv6_cidr_block": "",
            "ipv6_cidr_block_association_id": "",
            "ipv6_native": false,
            "map_customer_owned_ip_on_launch": false,
            "map_public_ip_on_launch": false,
            "outpost_arn": "",
            "owner_id": "975050283031",
            "private_dns_hostname_type_on_launch": "ip-name",
            "tags": {
              "Environment": "dev",
              "Managed_by": "terraform",
              "Name": "payjack-dev-us-east-1-private-subnet-3",
              "Owner": "mimi",
              "Project": "payjack",
              "Type": "Private",
              "kubernetes.io/role/elb": "1"
            },
            "tags_all": {
              "Environment": "dev",
              "Managed_by": "terraform",
              "Name": "payjack-dev-us-east-1-private-subnet-3",
              "Owner": "mimi",
              "Project": "payjack",
              "Type": "Private",
              "kubernetes.io/role/elb": "1"
            },
            "timeouts": null,
            "vpc_id": "vpc-04da810f698d50a30"
          },
          "sensitive_attributes": [],
          "private": "eyJlMmJmYjczMC1lY2FhLTExZTYtOGY4OC0zNDM2M2JjN2M0YzAiOnsiY3JlYXRlIjo2MDAwMDAwMDAwMDAsImRlbGV0ZSI6MTIwMDAwMDAwMDAwMH0sInNjaGVtYV92ZXJzaW9uIjoiMSJ9",
          "dependencies": [
            "module.networking.aws_vpc.main",
            "module.networking.data.aws_availability_zones.available"
          ],
          "create_before_destroy": true
        }
      ]
    },
    {
      "module": "module.networking",
      "mode": "managed",
      "type": "aws_subnet",
      "name": "public",
      "provider": "provider[\"registry.terraform.io/hashicorp/aws\"]",
      "instances": [
        {
          "index_key": 0,
          "schema_version": 1,
          "attributes": {
            "arn": "arn:aws:ec2:us-east-1:975050283031:subnet/subnet-05a52d8863a3f6005",
            "assign_ipv6_address_on_creation": false,
            "availability_zone": "us-east-1a",
            "availability_zone_id": "use1-az1",
            "cidr_block": "10.0.0.0/24",
            "customer_owned_ipv4_pool": "",
            "enable_dns64": false,
            "enable_lni_at_device_index": 0,
            "enable_resource_name_dns_a_record_on_launch": false,
            "enable_resource_name_dns_aaaa_record_on_launch": false,
            "id": "subnet-05a52d8863a3f6005",
            "ipv6_cidr_block": "",
            "ipv6_cidr_block_association_id": "",
            "ipv6_native": false,
            "map_customer_owned_ip_on_launch": false,
            "map_public_ip_on_launch": true,
            "outpost_arn": "",
            "owner_id": "975050283031",
            "private_dns_hostname_type_on_launch": "ip-name",
            "tags": {
              "Environment": "dev",
              "Managed_by": "terraform",
              "Name": "payjack-dev-us-east-1-public-subnet-1",
              "Owner": "mimi",
              "Project": "payjack",
              "Type": "Public",
              "kubernetes.io/role/elb": "1"
            },
            "tags_all": {
              "Environment": "dev",
              "Managed_by": "terraform",
              "Name": "payjack-dev-us-east-1-public-subnet-1",
              "Owner": "mimi",
              "Project": "payjack",
              "Type": "Public",
              "kubernetes.io/role/elb": "1"
            },
            "timeouts": null,
            "vpc_id": "vpc-04da810f698d50a30"
          },
          "sensitive_attributes": [],
          "private": "eyJlMmJmYjczMC1lY2FhLTExZTYtOGY4OC0zNDM2M2JjN2M0YzAiOnsiY3JlYXRlIjo2MDAwMDAwMDAwMDAsImRlbGV0ZSI6MTIwMDAwMDAwMDAwMH0sInNjaGVtYV92ZXJzaW9uIjoiMSJ9",
          "dependencies": [
            "module.networking.aws_vpc.main",
            "module.networking.data.aws_availability_zones.available"
          ],
          "create_before_destroy": true
        },
        {
          "index_key": 1,
          "schema_version": 1,
          "attributes": {
            "arn": "arn:aws:ec2:us-east-1:975050283031:subnet/subnet-0831b80cf45437aa9",
            "assign_ipv6_address_on_creation": false,
            "availability_zone": "us-east-1b",
            "availability_zone_id": "use1-az2",
            "cidr_block": "10.0.1.0/24",
            "customer_owned_ipv4_pool": "",
            "enable_dns64": false,
            "enable_lni_at_device_index": 0,
            "enable_resource_name_dns_a_record_on_launch": false,
            "enable_resource_name_dns_aaaa_record_on_launch": false,
            "id": "subnet-0831b80cf45437aa9",
            "ipv6_cidr_block": "",
            "ipv6_cidr_block_association_id": "",
            "ipv6_native": false,
            "map_customer_owned_ip_on_launch": false,
            "map_public_ip_on_launch": true,
            "outpost_arn": "",
            "owner_id": "975050283031",
            "private_dns_hostname_type_on_launch": "ip-name",
            "tags": {
              "Environment": "dev",
              "Managed_by": "terraform",
              "Name": "payjack-dev-us-east-1-public-subnet-2",
              "Owner": "mimi",
              "Project": "payjack",
              "Type": "Public",
              "kubernetes.io/role/elb": "1"
            },
            "tags_all": {
              "Environment": "dev",
              "Managed_by": "terraform",
              "Name": "payjack-dev-us-east-1-public-subnet-2",
              "Owner": "mimi",
              "Project": "payjack",
              "Type": "Public",
              "kubernetes.io/role/elb": "1"
            },
            "timeouts": null,
            "vpc_id": "vpc-04da810f698d50a30"
          },
          "sensitive_attributes": [],
          "private": "eyJlMmJmYjczMC1lY2FhLTExZTYtOGY4OC0zNDM2M2JjN2M0YzAiOnsiY3JlYXRlIjo2MDAwMDAwMDAwMDAsImRlbGV0ZSI6MTIwMDAwMDAwMDAwMH0sInNjaGVtYV92ZXJzaW9uIjoiMSJ9",
          "dependencies": [
            "module.networking.aws_vpc.main",
            "module.networking.data.aws_availability_zones.available"
          ],
          "create_before_destroy": true
        }
      ]
    },
    {
      "module": "module.networking",
      "mode": "managed",
      "type": "aws_vpc",
      "name": "main",
      "provider": "provider[\"registry.terraform.io/hashicorp/aws\"]",
      "instances": [
        {
          "schema_version": 1,
          "attributes": {
            "arn": "arn:aws:ec2:us-east-1:975050283031:vpc/vpc-04da810f698d50a30",
            "assign_generated_ipv6_cidr_block": false,
            "cidr_block": "10.0.0.0/16",
            "default_network_acl_id": "acl-0676c0207cf8b4979",
            "default_route_table_id": "rtb-0e63936eb9de314dd",
            "default_security_group_id": "sg-00fa6b64aa3084db8",
            "dhcp_options_id": "dopt-0d229bc838471357d",
            "enable_dns_hostnames": true,
            "enable_dns_support": true,
            "enable_network_address_usage_metrics": false,
            "id": "vpc-04da810f698d50a30",
            "instance_tenancy": "default",
            "ipv4_ipam_pool_id": null,
            "ipv4_netmask_length": null,
            "ipv6_association_id": "",
            "ipv6_cidr_block": "",
            "ipv6_cidr_block_network_border_group": "",
            "ipv6_ipam_pool_id": "",
            "ipv6_netmask_length": 0,
            "main_route_table_id": "rtb-0e63936eb9de314dd",
            "owner_id": "975050283031",
            "tags": {
              "Environment": "dev",
              "Managed_by": "terraform",
              "Name": "payjack-dev-us-east-1-vpc",
              "Owner": "mimi",
              "Project": "payjack"
            },
            "tags_all": {
              "Environment": "dev",
              "Managed_by": "terraform",
              "Name": "payjack-dev-us-east-1-vpc",
              "Owner": "mimi",
              "Project": "payjack"
            }
          },
          "sensitive_attributes": [],
          "private": "eyJzY2hlbWFfdmVyc2lvbiI6IjEifQ==",
          "create_before_destroy": true
        }
      ]
    },
    {
      "module": "module.security",
      "mode": "data",
      "type": "aws_ssm_parameter",
      "name": "vpc_id",
      "provider": "provider[\"registry.terraform.io/hashicorp/aws\"]",
      "instances": [
        {
          "schema_version": 0,
          "attributes": {
            "arn": "arn:aws:ssm:us-east-1:975050283031:parameter/payjack-dev-us-east-1/vpc_id",
            "id": "/payjack-dev-us-east-1/vpc_id",
            "insecure_value": "",
            "name": "/payjack-dev-us-east-1/vpc_id",
            "type": "SecureString",
            "value": "vpc-04da810f698d50a30",
            "version": 1,
            "with_decryption": true
          },
          "sensitive_attributes": [
            [
              {
                "type": "get_attr",
                "value": "value"
              }
            ]
          ]
        }
      ]
    },
    {
      "module": "module.security",
      "mode": "managed",
      "type": "aws_security_group",
      "name": "admin_sg",
      "provider": "provider[\"registry.terraform.io/hashicorp/aws\"]",
      "instances": [
        {
          "schema_version": 1,
          "attributes": {
            "arn": "arn:aws:ec2:us-east-1:975050283031:security-group/sg-0c47e7868e2fa6c90",
            "description": "Security group for Bastion Host",
            "egress": [
              {
                "cidr_blocks": [
                  "0.0.0.0/0"
                ],
                "description": "Allow traffic to anywhere",
                "from_port": 0,
                "ipv6_cidr_blocks": [],
                "prefix_list_ids": [],
                "protocol": "-1",
                "security_groups": [],
                "self": false,
                "to_port": 0
              }
            ],
            "id": "sg-0c47e7868e2fa6c90",
            "ingress": [],
            "name": "payjack-dev-us-east-1-admin-sg",
            "name_prefix": "",
            "owner_id": "975050283031",
            "revoke_rules_on_delete": false,
            "tags": null,
            "tags_all": {},
            "timeouts": null,
            "vpc_id": "vpc-04da810f698d50a30"
          },
          "sensitive_attributes": [
            [
              {
                "type": "get_attr",
                "value": "vpc_id"
              }
            ]
          ],
          "private": "eyJlMmJmYjczMC1lY2FhLTExZTYtOGY4OC0zNDM2M2JjN2M0YzAiOnsiY3JlYXRlIjo2MDAwMDAwMDAwMDAsImRlbGV0ZSI6OTAwMDAwMDAwMDAwfSwic2NoZW1hX3ZlcnNpb24iOiIxIn0=",
          "dependencies": [
            "module.networking.aws_eip.nat_eip",
            "module.networking.aws_internet_gateway.igw",
            "module.networking.aws_nat_gateway.nat",
            "module.networking.aws_route_table.private",
            "module.networking.aws_route_table.public",
            "module.networking.aws_route_table_association.private",
            "module.networking.aws_route_table_association.public",
            "module.networking.aws_ssm_parameter.igw_id",
            "module.networking.aws_ssm_parameter.nat_id",
            "module.networking.aws_ssm_parameter.private_rt_id",
            "module.networking.aws_ssm_parameter.private_subnet_ids",
            "module.networking.aws_ssm_parameter.public_rt_id",
            "module.networking.aws_ssm_parameter.public_subnet_ids",
            "module.networking.aws_ssm_parameter.vpc_id",
            "module.networking.aws_subnet.app",
            "module.networking.aws_subnet.private",
            "module.networking.aws_subnet.public",
            "module.networking.aws_vpc.main",
            "module.networking.data.aws_availability_zones.available",
            "module.networking.data.aws_ssm_parameter.private_subnet_ids",
            "module.networking.data.aws_ssm_parameter.public_subnet_ids",
            "module.networking.data.aws_ssm_parameter.vpc_id",
            "module.security.data.aws_ssm_parameter.vpc_id"
          ],
          "create_before_destroy": true
        }
      ]
    },
    {
      "module": "module.security",
      "mode": "managed",
      "type": "aws_security_group",
      "name": "alb_sg",
      "provider": "provider[\"registry.terraform.io/hashicorp/aws\"]",
      "instances": [
        {
          "schema_version": 1,
          "attributes": {
            "arn": "arn:aws:ec2:us-east-1:975050283031:security-group/sg-04a5d6c67502fc970",
            "description": "Security group for ALB",
            "egress": [
              {
                "cidr_blocks": [
                  "0.0.0.0/0"
                ],
                "description": "Allow all traffic to anywhere",
                "from_port": 0,
                "ipv6_cidr_blocks": [],
                "prefix_list_ids": [],
                "protocol": "-1",
                "security_groups": [],
                "self": false,
                "to_port": 0
              }
            ],
            "id": "sg-04a5d6c67502fc970",
            "ingress": [
              {
                "cidr_blocks": [
                  "0.0.0.0/0"
                ],
                "description": "Allow HTTPS traffic to ALB",
                "from_port": 443,
                "ipv6_cidr_blocks": [],
                "prefix_list_ids": [],
                "protocol": "tcp",
                "security_groups": [],
                "self": false,
                "to_port": 443
              }
            ],
            "name": "payjack-dev-us-east-1-alb-sg",
            "name_prefix": "",
            "owner_id": "975050283031",
            "revoke_rules_on_delete": false,
            "tags": {
              "Environment": "dev",
              "Managed_by": "terraform",
              "Name": "payjack-dev-us-east-1-alb-sg",
              "Owner": "mimi",
              "Project": "payjack"
            },
            "tags_all": {
              "Environment": "dev",
              "Managed_by": "terraform",
              "Name": "payjack-dev-us-east-1-alb-sg",
              "Owner": "mimi",
              "Project": "payjack"
            },
            "timeouts": null,
            "vpc_id": "vpc-04da810f698d50a30"
          },
          "sensitive_attributes": [
            [
              {
                "type": "get_attr",
                "value": "vpc_id"
              }
            ]
          ],
          "private": "eyJlMmJmYjczMC1lY2FhLTExZTYtOGY4OC0zNDM2M2JjN2M0YzAiOnsiY3JlYXRlIjo2MDAwMDAwMDAwMDAsImRlbGV0ZSI6OTAwMDAwMDAwMDAwfSwic2NoZW1hX3ZlcnNpb24iOiIxIn0=",
          "dependencies": [
            "module.networking.aws_eip.nat_eip",
            "module.networking.aws_internet_gateway.igw",
            "module.networking.aws_nat_gateway.nat",
            "module.networking.aws_route_table.private",
            "module.networking.aws_route_table.public",
            "module.networking.aws_route_table_association.private",
            "module.networking.aws_route_table_association.public",
            "module.networking.aws_ssm_parameter.igw_id",
            "module.networking.aws_ssm_parameter.nat_id",
            "module.networking.aws_ssm_parameter.private_rt_id",
            "module.networking.aws_ssm_parameter.private_subnet_ids",
            "module.networking.aws_ssm_parameter.public_rt_id",
            "module.networking.aws_ssm_parameter.public_subnet_ids",
            "module.networking.aws_ssm_parameter.vpc_id",
            "module.networking.aws_subnet.app",
            "module.networking.aws_subnet.private",
            "module.networking.aws_subnet.public",
            "module.networking.aws_vpc.main",
            "module.networking.data.aws_availability_zones.available",
            "module.networking.data.aws_ssm_parameter.private_subnet_ids",
            "module.networking.data.aws_ssm_parameter.public_subnet_ids",
            "module.networking.data.aws_ssm_parameter.vpc_id",
            "module.security.data.aws_ssm_parameter.vpc_id"
          ],
          "create_before_destroy": true
        }
      ]
    },
    {
      "module": "module.security",
      "mode": "managed",
      "type": "aws_security_group",
      "name": "asg_sg",
      "provider": "provider[\"registry.terraform.io/hashicorp/aws\"]",
      "instances": [
        {
          "schema_version": 1,
          "attributes": {
            "arn": "arn:aws:ec2:us-east-1:975050283031:security-group/sg-0ac42e3052a35fba4",
            "description": "Security group for ASG",
            "egress": [
              {
                "cidr_blocks": [
                  "0.0.0.0/0"
                ],
                "description": "Allow all traffic to anywhere",
                "from_port": 0,
                "ipv6_cidr_blocks": [],
                "prefix_list_ids": [],
                "protocol": "-1",
                "security_groups": [],
                "self": false,
                "to_port": 0
              }
            ],
            "id": "sg-0ac42e3052a35fba4",
            "ingress": [
              {
                "cidr_blocks": [
                  "0.0.0.0/0"
                ],
                "description": "Allow SSH traffic from anywhere",
                "from_port": 5000,
                "ipv6_cidr_blocks": [],
                "prefix_list_ids": [],
                "protocol": "tcp",
                "security_groups": [],
                "self": false,
                "to_port": 5000
              }
            ],
            "name": "payjack-dev-us-east-1-asg-sg",
            "name_prefix": "",
            "owner_id": "975050283031",
            "revoke_rules_on_delete": false,
            "tags": {
              "Environment": "dev",
              "Managed_by": "terraform",
              "Name": "payjack-dev-us-east-1-asg-sg",
              "Owner": "mimi",
              "Project": "payjack"
            },
            "tags_all": {
              "Environment": "dev",
              "Managed_by": "terraform",
              "Name": "payjack-dev-us-east-1-asg-sg",
              "Owner": "mimi",
              "Project": "payjack"
            },
            "timeouts": null,
            "vpc_id": "vpc-04da810f698d50a30"
          },
          "sensitive_attributes": [
            [
              {
                "type": "get_attr",
                "value": "vpc_id"
              }
            ]
          ],
          "private": "eyJlMmJmYjczMC1lY2FhLTExZTYtOGY4OC0zNDM2M2JjN2M0YzAiOnsiY3JlYXRlIjo2MDAwMDAwMDAwMDAsImRlbGV0ZSI6OTAwMDAwMDAwMDAwfSwic2NoZW1hX3ZlcnNpb24iOiIxIn0=",
          "dependencies": [
            "module.networking.aws_eip.nat_eip",
            "module.networking.aws_internet_gateway.igw",
            "module.networking.aws_nat_gateway.nat",
            "module.networking.aws_route_table.private",
            "module.networking.aws_route_table.public",
            "module.networking.aws_route_table_association.private",
            "module.networking.aws_route_table_association.public",
            "module.networking.aws_ssm_parameter.igw_id",
            "module.networking.aws_ssm_parameter.nat_id",
            "module.networking.aws_ssm_parameter.private_rt_id",
            "module.networking.aws_ssm_parameter.private_subnet_ids",
            "module.networking.aws_ssm_parameter.public_rt_id",
            "module.networking.aws_ssm_parameter.public_subnet_ids",
            "module.networking.aws_ssm_parameter.vpc_id",
            "module.networking.aws_subnet.app",
            "module.networking.aws_subnet.private",
            "module.networking.aws_subnet.public",
            "module.networking.aws_vpc.main",
            "module.networking.data.aws_availability_zones.available",
            "module.networking.data.aws_ssm_parameter.private_subnet_ids",
            "module.networking.data.aws_ssm_parameter.public_subnet_ids",
            "module.networking.data.aws_ssm_parameter.vpc_id",
            "module.security.data.aws_ssm_parameter.vpc_id"
          ],
          "create_before_destroy": true
        }
      ]
    },
    {
      "module": "module.security",
      "mode": "managed",
      "type": "aws_security_group",
      "name": "elasticache_sg",
      "provider": "provider[\"registry.terraform.io/hashicorp/aws\"]",
      "instances": [
        {
          "schema_version": 1,
          "attributes": {
            "arn": "arn:aws:ec2:us-east-1:975050283031:security-group/sg-00d75094025a57465",
            "description": "Security group for ElastiCache",
            "egress": [
              {
                "cidr_blocks": [
                  "0.0.0.0/0"
                ],
                "description": "Allow all traffic to anywhere",
                "from_port": 0,
                "ipv6_cidr_blocks": [],
                "prefix_list_ids": [],
                "protocol": "-1",
                "security_groups": [],
                "self": false,
                "to_port": 0
              }
            ],
            "id": "sg-00d75094025a57465",
            "ingress": [
              {
                "cidr_blocks": [
                  "0.0.0.0/0"
                ],
                "description": "Allow traffic from anywhere",
                "from_port": 6379,
                "ipv6_cidr_blocks": [],
                "prefix_list_ids": [],
                "protocol": "tcp",
                "security_groups": [],
                "self": false,
                "to_port": 6379
              }
            ],
            "name": "payjack-dev-us-east-1-elasticache-sg",
            "name_prefix": "",
            "owner_id": "975050283031",
            "revoke_rules_on_delete": false,
            "tags": {
              "Environment": "dev",
              "Managed_by": "terraform",
              "Name": "payjack-dev-us-east-1-elasticache-sg",
              "Owner": "mimi",
              "Project": "payjack"
            },
            "tags_all": {
              "Environment": "dev",
              "Managed_by": "terraform",
              "Name": "payjack-dev-us-east-1-elasticache-sg",
              "Owner": "mimi",
              "Project": "payjack"
            },
            "timeouts": null,
            "vpc_id": "vpc-04da810f698d50a30"
          },
          "sensitive_attributes": [
            [
              {
                "type": "get_attr",
                "value": "vpc_id"
              }
            ]
          ],
          "private": "eyJlMmJmYjczMC1lY2FhLTExZTYtOGY4OC0zNDM2M2JjN2M0YzAiOnsiY3JlYXRlIjo2MDAwMDAwMDAwMDAsImRlbGV0ZSI6OTAwMDAwMDAwMDAwfSwic2NoZW1hX3ZlcnNpb24iOiIxIn0=",
          "dependencies": [
            "module.networking.aws_eip.nat_eip",
            "module.networking.aws_internet_gateway.igw",
            "module.networking.aws_nat_gateway.nat",
            "module.networking.aws_route_table.private",
            "module.networking.aws_route_table.public",
            "module.networking.aws_route_table_association.private",
            "module.networking.aws_route_table_association.public",
            "module.networking.aws_ssm_parameter.igw_id",
            "module.networking.aws_ssm_parameter.nat_id",
            "module.networking.aws_ssm_parameter.private_rt_id",
            "module.networking.aws_ssm_parameter.private_subnet_ids",
            "module.networking.aws_ssm_parameter.public_rt_id",
            "module.networking.aws_ssm_parameter.public_subnet_ids",
            "module.networking.aws_ssm_parameter.vpc_id",
            "module.networking.aws_subnet.app",
            "module.networking.aws_subnet.private",
            "module.networking.aws_subnet.public",
            "module.networking.aws_vpc.main",
            "module.networking.data.aws_availability_zones.available",
            "module.networking.data.aws_ssm_parameter.private_subnet_ids",
            "module.networking.data.aws_ssm_parameter.public_subnet_ids",
            "module.networking.data.aws_ssm_parameter.vpc_id",
            "module.security.data.aws_ssm_parameter.vpc_id"
          ],
          "create_before_destroy": true
        }
      ]
    },
    {
      "module": "module.security",
      "mode": "managed",
      "type": "aws_security_group",
      "name": "kafka_sg",
      "provider": "provider[\"registry.terraform.io/hashicorp/aws\"]",
      "instances": [
        {
          "schema_version": 1,
          "attributes": {
            "arn": "arn:aws:ec2:us-east-1:975050283031:security-group/sg-0e54019c5bab90554",
            "description": "Security group for Kafka",
            "egress": [
              {
                "cidr_blocks": [
                  "0.0.0.0/0"
                ],
                "description": "Allow all traffic to anywhere",
                "from_port": 0,
                "ipv6_cidr_blocks": [],
                "prefix_list_ids": [],
                "protocol": "-1",
                "security_groups": [],
                "self": false,
                "to_port": 0
              }
            ],
            "id": "sg-0e54019c5bab90554",
            "ingress": [
              {
                "cidr_blocks": [
                  "0.0.0.0/0"
                ],
                "description": "Allow traffic from anywhere",
                "from_port": 9092,
                "ipv6_cidr_blocks": [],
                "prefix_list_ids": [],
                "protocol": "tcp",
                "security_groups": [],
                "self": false,
                "to_port": 9092
              }
            ],
            "name": "payjack-dev-us-east-1-kafka-sg",
            "name_prefix": "",
            "owner_id": "975050283031",
            "revoke_rules_on_delete": false,
            "tags": {
              "Environment": "dev",
              "Managed_by": "terraform",
              "Name": "payjack-dev-us-east-1-kafka-sg",
              "Owner": "mimi",
              "Project": "payjack"
            },
            "tags_all": {
              "Environment": "dev",
              "Managed_by": "terraform",
              "Name": "payjack-dev-us-east-1-kafka-sg",
              "Owner": "mimi",
              "Project": "payjack"
            },
            "timeouts": null,
            "vpc_id": "vpc-04da810f698d50a30"
          },
          "sensitive_attributes": [
            [
              {
                "type": "get_attr",
                "value": "vpc_id"
              }
            ]
          ],
          "private": "eyJlMmJmYjczMC1lY2FhLTExZTYtOGY4OC0zNDM2M2JjN2M0YzAiOnsiY3JlYXRlIjo2MDAwMDAwMDAwMDAsImRlbGV0ZSI6OTAwMDAwMDAwMDAwfSwic2NoZW1hX3ZlcnNpb24iOiIxIn0=",
          "dependencies": [
            "module.networking.aws_eip.nat_eip",
            "module.networking.aws_internet_gateway.igw",
            "module.networking.aws_nat_gateway.nat",
            "module.networking.aws_route_table.private",
            "module.networking.aws_route_table.public",
            "module.networking.aws_route_table_association.private",
            "module.networking.aws_route_table_association.public",
            "module.networking.aws_ssm_parameter.igw_id",
            "module.networking.aws_ssm_parameter.nat_id",
            "module.networking.aws_ssm_parameter.private_rt_id",
            "module.networking.aws_ssm_parameter.private_subnet_ids",
            "module.networking.aws_ssm_parameter.public_rt_id",
            "module.networking.aws_ssm_parameter.public_subnet_ids",
            "module.networking.aws_ssm_parameter.vpc_id",
            "module.networking.aws_subnet.app",
            "module.networking.aws_subnet.private",
            "module.networking.aws_subnet.public",
            "module.networking.aws_vpc.main",
            "module.networking.data.aws_availability_zones.available",
            "module.networking.data.aws_ssm_parameter.private_subnet_ids",
            "module.networking.data.aws_ssm_parameter.public_subnet_ids",
            "module.networking.data.aws_ssm_parameter.vpc_id",
            "module.security.data.aws_ssm_parameter.vpc_id"
          ],
          "create_before_destroy": true
        }
      ]
    },
    {
      "module": "module.security",
      "mode": "managed",
      "type": "aws_security_group",
      "name": "rds_sg",
      "provider": "provider[\"registry.terraform.io/hashicorp/aws\"]",
      "instances": [
        {
          "schema_version": 1,
          "attributes": {
            "arn": "arn:aws:ec2:us-east-1:975050283031:security-group/sg-05e5b8826517b5f2f",
            "description": "Allow MySQL",
            "egress": [
              {
                "cidr_blocks": [
                  "0.0.0.0/0"
                ],
                "description": "",
                "from_port": 0,
                "ipv6_cidr_blocks": [],
                "prefix_list_ids": [],
                "protocol": "-1",
                "security_groups": [],
                "self": false,
                "to_port": 0
              }
            ],
            "id": "sg-05e5b8826517b5f2f",
            "ingress": [
              {
                "cidr_blocks": [
                  "0.0.0.0/0"
                ],
                "description": "",
                "from_port": 3306,
                "ipv6_cidr_blocks": [],
                "prefix_list_ids": [],
                "protocol": "tcp",
                "security_groups": [],
                "self": false,
                "to_port": 3306
              }
            ],
            "name": "payjack-dev-us-east-1-rds-sg",
            "name_prefix": "",
            "owner_id": "975050283031",
            "revoke_rules_on_delete": false,
            "tags": {
              "Environment": "dev",
              "Managed_by": "terraform",
              "Name": "payjack-dev-us-east-1-rds-sg",
              "Owner": "mimi",
              "Project": "payjack"
            },
            "tags_all": {
              "Environment": "dev",
              "Managed_by": "terraform",
              "Name": "payjack-dev-us-east-1-rds-sg",
              "Owner": "mimi",
              "Project": "payjack"
            },
            "timeouts": null,
            "vpc_id": "vpc-04da810f698d50a30"
          },
          "sensitive_attributes": [
            [
              {
                "type": "get_attr",
                "value": "vpc_id"
              }
            ]
          ],
          "private": "eyJlMmJmYjczMC1lY2FhLTExZTYtOGY4OC0zNDM2M2JjN2M0YzAiOnsiY3JlYXRlIjo2MDAwMDAwMDAwMDAsImRlbGV0ZSI6OTAwMDAwMDAwMDAwfSwic2NoZW1hX3ZlcnNpb24iOiIxIn0=",
          "dependencies": [
            "module.networking.aws_eip.nat_eip",
            "module.networking.aws_internet_gateway.igw",
            "module.networking.aws_nat_gateway.nat",
            "module.networking.aws_route_table.private",
            "module.networking.aws_route_table.public",
            "module.networking.aws_route_table_association.private",
            "module.networking.aws_route_table_association.public",
            "module.networking.aws_ssm_parameter.igw_id",
            "module.networking.aws_ssm_parameter.nat_id",
            "module.networking.aws_ssm_parameter.private_rt_id",
            "module.networking.aws_ssm_parameter.private_subnet_ids",
            "module.networking.aws_ssm_parameter.public_rt_id",
            "module.networking.aws_ssm_parameter.public_subnet_ids",
            "module.networking.aws_ssm_parameter.vpc_id",
            "module.networking.aws_subnet.app",
            "module.networking.aws_subnet.private",
            "module.networking.aws_subnet.public",
            "module.networking.aws_vpc.main",
            "module.networking.data.aws_availability_zones.available",
            "module.networking.data.aws_ssm_parameter.private_subnet_ids",
            "module.networking.data.aws_ssm_parameter.public_subnet_ids",
            "module.networking.data.aws_ssm_parameter.vpc_id",
            "module.security.data.aws_ssm_parameter.vpc_id"
          ],
          "create_before_destroy": true
        }
      ]
    },
    {
      "module": "module.security",
      "mode": "managed",
      "type": "aws_ssm_parameter",
      "name": "admin_sg_id",
      "provider": "provider[\"registry.terraform.io/hashicorp/aws\"]",
      "instances": [
        {
          "schema_version": 0,
          "attributes": {
            "allowed_pattern": "",
            "arn": "arn:aws:ssm:us-east-1:975050283031:parameter/payjack-dev-us-east-1/admin_sg_id",
            "data_type": "text",
            "description": "",
            "has_value_wo": null,
            "id": "/payjack-dev-us-east-1/admin_sg_id",
            "insecure_value": null,
            "key_id": "",
            "name": "/payjack-dev-us-east-1/admin_sg_id",
            "overwrite": null,
            "tags": {
              "Environment": "dev",
              "Managed_by": "terraform",
              "Owner": "mimi",
              "Project": "payjack"
            },
            "tags_all": {
              "Environment": "dev",
              "Managed_by": "terraform",
              "Owner": "mimi",
              "Project": "payjack"
            },
            "tier": "Standard",
            "type": "String",
            "value": "sg-0c47e7868e2fa6c90",
            "value_wo": null,
            "value_wo_version": null,
            "version": 1
          },
          "sensitive_attributes": [
            [
              {
                "type": "get_attr",
                "value": "value_wo"
              }
            ],
            [
              {
                "type": "get_attr",
                "value": "value"
              }
            ]
          ],
          "private": "bnVsbA==",
          "dependencies": [
            "module.networking.aws_eip.nat_eip",
            "module.networking.aws_internet_gateway.igw",
            "module.networking.aws_nat_gateway.nat",
            "module.networking.aws_route_table.private",
            "module.networking.aws_route_table.public",
            "module.networking.aws_route_table_association.private",
            "module.networking.aws_route_table_association.public",
            "module.networking.aws_ssm_parameter.igw_id",
            "module.networking.aws_ssm_parameter.nat_id",
            "module.networking.aws_ssm_parameter.private_rt_id",
            "module.networking.aws_ssm_parameter.private_subnet_ids",
            "module.networking.aws_ssm_parameter.public_rt_id",
            "module.networking.aws_ssm_parameter.public_subnet_ids",
            "module.networking.aws_ssm_parameter.vpc_id",
            "module.networking.aws_subnet.app",
            "module.networking.aws_subnet.private",
            "module.networking.aws_subnet.public",
            "module.networking.aws_vpc.main",
            "module.networking.data.aws_availability_zones.available",
            "module.networking.data.aws_ssm_parameter.private_subnet_ids",
            "module.networking.data.aws_ssm_parameter.public_subnet_ids",
            "module.networking.data.aws_ssm_parameter.vpc_id",
            "module.security.aws_security_group.admin_sg",
            "module.security.data.aws_ssm_parameter.vpc_id"
          ],
          "create_before_destroy": true
        }
      ]
    },
    {
      "module": "module.security",
      "mode": "managed",
      "type": "aws_ssm_parameter",
      "name": "alb_sg_id",
      "provider": "provider[\"registry.terraform.io/hashicorp/aws\"]",
      "instances": [
        {
          "schema_version": 0,
          "attributes": {
            "allowed_pattern": "",
            "arn": "arn:aws:ssm:us-east-1:975050283031:parameter/payjack-dev-us-east-1/alb_sg_id",
            "data_type": "text",
            "description": "",
            "has_value_wo": null,
            "id": "/payjack-dev-us-east-1/alb_sg_id",
            "insecure_value": null,
            "key_id": "",
            "name": "/payjack-dev-us-east-1/alb_sg_id",
            "overwrite": null,
            "tags": {
              "Environment": "dev",
              "Managed_by": "terraform",
              "Owner": "mimi",
              "Project": "payjack"
            },
            "tags_all": {
              "Environment": "dev",
              "Managed_by": "terraform",
              "Owner": "mimi",
              "Project": "payjack"
            },
            "tier": "Standard",
            "type": "String",
            "value": "sg-04a5d6c67502fc970",
            "value_wo": null,
            "value_wo_version": null,
            "version": 1
          },
          "sensitive_attributes": [
            [
              {
                "type": "get_attr",
                "value": "value_wo"
              }
            ],
            [
              {
                "type": "get_attr",
                "value": "value"
              }
            ]
          ],
          "private": "bnVsbA==",
          "dependencies": [
            "module.networking.aws_eip.nat_eip",
            "module.networking.aws_internet_gateway.igw",
            "module.networking.aws_nat_gateway.nat",
            "module.networking.aws_route_table.private",
            "module.networking.aws_route_table.public",
            "module.networking.aws_route_table_association.private",
            "module.networking.aws_route_table_association.public",
            "module.networking.aws_ssm_parameter.igw_id",
            "module.networking.aws_ssm_parameter.nat_id",
            "module.networking.aws_ssm_parameter.private_rt_id",
            "module.networking.aws_ssm_parameter.private_subnet_ids",
            "module.networking.aws_ssm_parameter.public_rt_id",
            "module.networking.aws_ssm_parameter.public_subnet_ids",
            "module.networking.aws_ssm_parameter.vpc_id",
            "module.networking.aws_subnet.app",
            "module.networking.aws_subnet.private",
            "module.networking.aws_subnet.public",
            "module.networking.aws_vpc.main",
            "module.networking.data.aws_availability_zones.available",
            "module.networking.data.aws_ssm_parameter.private_subnet_ids",
            "module.networking.data.aws_ssm_parameter.public_subnet_ids",
            "module.networking.data.aws_ssm_parameter.vpc_id",
            "module.security.aws_security_group.alb_sg",
            "module.security.data.aws_ssm_parameter.vpc_id"
          ],
          "create_before_destroy": true
        }
      ]
    },
    {
      "module": "module.security",
      "mode": "managed",
      "type": "aws_ssm_parameter",
      "name": "asg_sg_id",
      "provider": "provider[\"registry.terraform.io/hashicorp/aws\"]",
      "instances": [
        {
          "schema_version": 0,
          "attributes": {
            "allowed_pattern": "",
            "arn": "arn:aws:ssm:us-east-1:975050283031:parameter/payjack-dev-us-east-1/asg_sg_id",
            "data_type": "text",
            "description": "",
            "has_value_wo": null,
            "id": "/payjack-dev-us-east-1/asg_sg_id",
            "insecure_value": null,
            "key_id": "",
            "name": "/payjack-dev-us-east-1/asg_sg_id",
            "overwrite": null,
            "tags": {
              "Environment": "dev",
              "Managed_by": "terraform",
              "Owner": "mimi",
              "Project": "payjack"
            },
            "tags_all": {
              "Environment": "dev",
              "Managed_by": "terraform",
              "Owner": "mimi",
              "Project": "payjack"
            },
            "tier": "Standard",
            "type": "String",
            "value": "sg-0c47e7868e2fa6c90",
            "value_wo": null,
            "value_wo_version": null,
            "version": 1
          },
          "sensitive_attributes": [
            [
              {
                "type": "get_attr",
                "value": "value_wo"
              }
            ],
            [
              {
                "type": "get_attr",
                "value": "value"
              }
            ]
          ],
          "private": "bnVsbA==",
          "dependencies": [
            "module.networking.aws_eip.nat_eip",
            "module.networking.aws_internet_gateway.igw",
            "module.networking.aws_nat_gateway.nat",
            "module.networking.aws_route_table.private",
            "module.networking.aws_route_table.public",
            "module.networking.aws_route_table_association.private",
            "module.networking.aws_route_table_association.public",
            "module.networking.aws_ssm_parameter.igw_id",
            "module.networking.aws_ssm_parameter.nat_id",
            "module.networking.aws_ssm_parameter.private_rt_id",
            "module.networking.aws_ssm_parameter.private_subnet_ids",
            "module.networking.aws_ssm_parameter.public_rt_id",
            "module.networking.aws_ssm_parameter.public_subnet_ids",
            "module.networking.aws_ssm_parameter.vpc_id",
            "module.networking.aws_subnet.app",
            "module.networking.aws_subnet.private",
            "module.networking.aws_subnet.public",
            "module.networking.aws_vpc.main",
            "module.networking.data.aws_availability_zones.available",
            "module.networking.data.aws_ssm_parameter.private_subnet_ids",
            "module.networking.data.aws_ssm_parameter.public_subnet_ids",
            "module.networking.data.aws_ssm_parameter.vpc_id",
            "module.security.aws_security_group.admin_sg",
            "module.security.aws_security_group.asg_sg",
            "module.security.data.aws_ssm_parameter.vpc_id"
          ],
          "create_before_destroy": true
        }
      ]
    },
    {
      "module": "module.security",
      "mode": "managed",
      "type": "aws_ssm_parameter",
      "name": "elasticache_sg_id",
      "provider": "provider[\"registry.terraform.io/hashicorp/aws\"]",
      "instances": [
        {
          "schema_version": 0,
          "attributes": {
            "allowed_pattern": "",
            "arn": "arn:aws:ssm:us-east-1:975050283031:parameter/payjack-dev-us-east-1/elasticache_sg_id",
            "data_type": "text",
            "description": "",
            "has_value_wo": null,
            "id": "/payjack-dev-us-east-1/elasticache_sg_id",
            "insecure_value": null,
            "key_id": "",
            "name": "/payjack-dev-us-east-1/elasticache_sg_id",
            "overwrite": null,
            "tags": {
              "Environment": "dev",
              "Managed_by": "terraform",
              "Owner": "mimi",
              "Project": "payjack"
            },
            "tags_all": {
              "Environment": "dev",
              "Managed_by": "terraform",
              "Owner": "mimi",
              "Project": "payjack"
            },
            "tier": "Standard",
            "type": "String",
            "value": "sg-00d75094025a57465",
            "value_wo": null,
            "value_wo_version": null,
            "version": 1
          },
          "sensitive_attributes": [
            [
              {
                "type": "get_attr",
                "value": "value_wo"
              }
            ],
            [
              {
                "type": "get_attr",
                "value": "value"
              }
            ]
          ],
          "private": "bnVsbA==",
          "dependencies": [
            "module.networking.aws_eip.nat_eip",
            "module.networking.aws_internet_gateway.igw",
            "module.networking.aws_nat_gateway.nat",
            "module.networking.aws_route_table.private",
            "module.networking.aws_route_table.public",
            "module.networking.aws_route_table_association.private",
            "module.networking.aws_route_table_association.public",
            "module.networking.aws_ssm_parameter.igw_id",
            "module.networking.aws_ssm_parameter.nat_id",
            "module.networking.aws_ssm_parameter.private_rt_id",
            "module.networking.aws_ssm_parameter.private_subnet_ids",
            "module.networking.aws_ssm_parameter.public_rt_id",
            "module.networking.aws_ssm_parameter.public_subnet_ids",
            "module.networking.aws_ssm_parameter.vpc_id",
            "module.networking.aws_subnet.app",
            "module.networking.aws_subnet.private",
            "module.networking.aws_subnet.public",
            "module.networking.aws_vpc.main",
            "module.networking.data.aws_availability_zones.available",
            "module.networking.data.aws_ssm_parameter.private_subnet_ids",
            "module.networking.data.aws_ssm_parameter.public_subnet_ids",
            "module.networking.data.aws_ssm_parameter.vpc_id",
            "module.security.aws_security_group.elasticache_sg",
            "module.security.data.aws_ssm_parameter.vpc_id"
          ],
          "create_before_destroy": true
        }
      ]
    },
    {
      "module": "module.security",
      "mode": "managed",
      "type": "aws_ssm_parameter",
      "name": "kafka_sg_id",
      "provider": "provider[\"registry.terraform.io/hashicorp/aws\"]",
      "instances": [
        {
          "schema_version": 0,
          "attributes": {
            "allowed_pattern": "",
            "arn": "arn:aws:ssm:us-east-1:975050283031:parameter/payjack-dev-us-east-1/kafka_sg_id",
            "data_type": "text",
            "description": "",
            "has_value_wo": null,
            "id": "/payjack-dev-us-east-1/kafka_sg_id",
            "insecure_value": null,
            "key_id": "",
            "name": "/payjack-dev-us-east-1/kafka_sg_id",
            "overwrite": null,
            "tags": {
              "Environment": "dev",
              "Managed_by": "terraform",
              "Owner": "mimi",
              "Project": "payjack"
            },
            "tags_all": {
              "Environment": "dev",
              "Managed_by": "terraform",
              "Owner": "mimi",
              "Project": "payjack"
            },
            "tier": "Standard",
            "type": "String",
            "value": "sg-0e54019c5bab90554",
            "value_wo": null,
            "value_wo_version": null,
            "version": 1
          },
          "sensitive_attributes": [
            [
              {
                "type": "get_attr",
                "value": "value"
              }
            ],
            [
              {
                "type": "get_attr",
                "value": "value_wo"
              }
            ]
          ],
          "private": "bnVsbA==",
          "dependencies": [
            "module.networking.aws_eip.nat_eip",
            "module.networking.aws_internet_gateway.igw",
            "module.networking.aws_nat_gateway.nat",
            "module.networking.aws_route_table.private",
            "module.networking.aws_route_table.public",
            "module.networking.aws_route_table_association.private",
            "module.networking.aws_route_table_association.public",
            "module.networking.aws_ssm_parameter.igw_id",
            "module.networking.aws_ssm_parameter.nat_id",
            "module.networking.aws_ssm_parameter.private_rt_id",
            "module.networking.aws_ssm_parameter.private_subnet_ids",
            "module.networking.aws_ssm_parameter.public_rt_id",
            "module.networking.aws_ssm_parameter.public_subnet_ids",
            "module.networking.aws_ssm_parameter.vpc_id",
            "module.networking.aws_subnet.app",
            "module.networking.aws_subnet.private",
            "module.networking.aws_subnet.public",
            "module.networking.aws_vpc.main",
            "module.networking.data.aws_availability_zones.available",
            "module.networking.data.aws_ssm_parameter.private_subnet_ids",
            "module.networking.data.aws_ssm_parameter.public_subnet_ids",
            "module.networking.data.aws_ssm_parameter.vpc_id",
            "module.security.aws_security_group.kafka_sg",
            "module.security.data.aws_ssm_parameter.vpc_id"
          ],
          "create_before_destroy": true
        }
      ]
    },
    {
      "module": "module.security",
      "mode": "managed",
      "type": "aws_ssm_parameter",
      "name": "rds_sg_id",
      "provider": "provider[\"registry.terraform.io/hashicorp/aws\"]",
      "instances": [
        {
          "schema_version": 0,
          "attributes": {
            "allowed_pattern": "",
            "arn": "arn:aws:ssm:us-east-1:975050283031:parameter/payjack-dev-us-east-1/rds_sg_id",
            "data_type": "text",
            "description": "",
            "has_value_wo": null,
            "id": "/payjack-dev-us-east-1/rds_sg_id",
            "insecure_value": null,
            "key_id": "",
            "name": "/payjack-dev-us-east-1/rds_sg_id",
            "overwrite": null,
            "tags": {
              "Environment": "dev",
              "Managed_by": "terraform",
              "Owner": "mimi",
              "Project": "payjack"
            },
            "tags_all": {
              "Environment": "dev",
              "Managed_by": "terraform",
              "Owner": "mimi",
              "Project": "payjack"
            },
            "tier": "Standard",
            "type": "String",
            "value": "sg-05e5b8826517b5f2f",
            "value_wo": null,
            "value_wo_version": null,
            "version": 1
          },
          "sensitive_attributes": [
            [
              {
                "type": "get_attr",
                "value": "value"
              }
            ],
            [
              {
                "type": "get_attr",
                "value": "value_wo"
              }
            ]
          ],
          "private": "bnVsbA==",
          "dependencies": [
            "module.networking.aws_eip.nat_eip",
            "module.networking.aws_internet_gateway.igw",
            "module.networking.aws_nat_gateway.nat",
            "module.networking.aws_route_table.private",
            "module.networking.aws_route_table.public",
            "module.networking.aws_route_table_association.private",
            "module.networking.aws_route_table_association.public",
            "module.networking.aws_ssm_parameter.igw_id",
            "module.networking.aws_ssm_parameter.nat_id",
            "module.networking.aws_ssm_parameter.private_rt_id",
            "module.networking.aws_ssm_parameter.private_subnet_ids",
            "module.networking.aws_ssm_parameter.public_rt_id",
            "module.networking.aws_ssm_parameter.public_subnet_ids",
            "module.networking.aws_ssm_parameter.vpc_id",
            "module.networking.aws_subnet.app",
            "module.networking.aws_subnet.private",
            "module.networking.aws_subnet.public",
            "module.networking.aws_vpc.main",
            "module.networking.data.aws_availability_zones.available",
            "module.networking.data.aws_ssm_parameter.private_subnet_ids",
            "module.networking.data.aws_ssm_parameter.public_subnet_ids",
            "module.networking.data.aws_ssm_parameter.vpc_id",
            "module.security.aws_security_group.rds_sg",
            "module.security.data.aws_ssm_parameter.vpc_id"
          ],
          "create_before_destroy": true
        }
      ]
    },
    {
      "module": "module.services",
      "mode": "data",
      "type": "aws_ssm_parameter",
      "name": "elasticache_sg_id",
      "provider": "provider[\"registry.terraform.io/hashicorp/aws\"]",
      "instances": [
        {
          "schema_version": 0,
          "attributes": {
            "arn": "arn:aws:ssm:us-east-1:975050283031:parameter/payjack-dev-us-east-1/elasticache_sg_id",
            "id": "/payjack-dev-us-east-1/elasticache_sg_id",
            "insecure_value": "sg-00d75094025a57465",
            "name": "/payjack-dev-us-east-1/elasticache_sg_id",
            "type": "String",
            "value": "sg-00d75094025a57465",
            "version": 1,
            "with_decryption": true
          },
          "sensitive_attributes": [
            [
              {
                "type": "get_attr",
                "value": "value"
              }
            ]
          ]
        }
      ]
    },
    {
      "module": "module.services",
      "mode": "data",
      "type": "aws_ssm_parameter",
      "name": "kafa_sg_id",
      "provider": "provider[\"registry.terraform.io/hashicorp/aws\"]",
      "instances": [
        {
          "schema_version": 0,
          "attributes": {
            "arn": "arn:aws:ssm:us-east-1:975050283031:parameter/payjack-dev-us-east-1/kafka_sg_id",
            "id": "/payjack-dev-us-east-1/kafka_sg_id",
            "insecure_value": "sg-0e54019c5bab90554",
            "name": "/payjack-dev-us-east-1/kafka_sg_id",
            "type": "String",
            "value": "sg-0e54019c5bab90554",
            "version": 1,
            "with_decryption": true
          },
          "sensitive_attributes": [
            [
              {
                "type": "get_attr",
                "value": "value"
              }
            ]
          ]
        }
      ]
    },
    {
      "module": "module.services",
      "mode": "data",
      "type": "aws_ssm_parameter",
      "name": "kafka_sg_id",
      "provider": "provider[\"registry.terraform.io/hashicorp/aws\"]",
      "instances": [
        {
          "schema_version": 0,
          "attributes": {
            "arn": "arn:aws:ssm:us-east-1:975050283031:parameter/payjack-dev-us-east-1/kafka_sg_id",
            "id": "/payjack-dev-us-east-1/kafka_sg_id",
            "insecure_value": "sg-0e54019c5bab90554",
            "name": "/payjack-dev-us-east-1/kafka_sg_id",
            "type": "String",
            "value": "sg-0e54019c5bab90554",
            "version": 1,
            "with_decryption": true
          },
          "sensitive_attributes": [
            [
              {
                "type": "get_attr",
                "value": "value"
              }
            ]
          ]
        }
      ]
    },
    {
      "module": "module.services",
      "mode": "data",
      "type": "aws_ssm_parameter",
      "name": "private_subnet_ids",
      "provider": "provider[\"registry.terraform.io/hashicorp/aws\"]",
      "instances": [
        {
          "schema_version": 0,
          "attributes": {
            "arn": "arn:aws:ssm:us-east-1:975050283031:parameter/payjack-dev-us-east-1/private_subnet_ids",
            "id": "/payjack-dev-us-east-1/private_subnet_ids",
            "insecure_value": "subnet-04724e4dd10ec5c76,subnet-060f6afa91d17c624,subnet-026f9bfa770db9321",
            "name": "/payjack-dev-us-east-1/private_subnet_ids",
            "type": "StringList",
            "value": "subnet-04724e4dd10ec5c76,subnet-060f6afa91d17c624,subnet-026f9bfa770db9321",
            "version": 1,
            "with_decryption": true
          },
          "sensitive_attributes": [
            [
              {
                "type": "get_attr",
                "value": "value"
              }
            ]
          ]
        }
      ]
    },
    {
      "module": "module.services",
      "mode": "data",
      "type": "aws_ssm_parameter",
      "name": "public_subnet_ids",
      "provider": "provider[\"registry.terraform.io/hashicorp/aws\"]",
      "instances": [
        {
          "schema_version": 0,
          "attributes": {
            "arn": "arn:aws:ssm:us-east-1:975050283031:parameter/payjack-dev-us-east-1/public_subnet_ids",
            "id": "/payjack-dev-us-east-1/public_subnet_ids",
            "insecure_value": "subnet-05a52d8863a3f6005,subnet-0831b80cf45437aa9",
            "name": "/payjack-dev-us-east-1/public_subnet_ids",
            "type": "StringList",
            "value": "subnet-05a52d8863a3f6005,subnet-0831b80cf45437aa9",
            "version": 1,
            "with_decryption": true
          },
          "sensitive_attributes": [
            [
              {
                "type": "get_attr",
                "value": "value"
              }
            ]
          ]
        }
      ]
    },
    {
      "module": "module.services",
      "mode": "managed",
      "type": "aws_elasticache_cluster",
      "name": "redis",
      "provider": "provider[\"registry.terraform.io/hashicorp/aws\"]",
      "instances": [
        {
          "schema_version": 0,
          "attributes": {
            "apply_immediately": null,
            "arn": "arn:aws:elasticache:us-east-1:975050283031:cluster:payjack-dev-us-east-1-redis-cluster",
            "auto_minor_version_upgrade": "true",
            "availability_zone": "us-east-1b",
            "az_mode": "single-az",
            "cache_nodes": [
              {
                "address": "payjack-dev-us-east-1-redis-cluster.zykqzl.0001.use1.cache.amazonaws.com",
                "availability_zone": "us-east-1b",
                "id": "0001",
                "outpost_arn": "",
                "port": 6379
              }
            ],
            "cluster_address": null,
            "cluster_id": "payjack-dev-us-east-1-redis-cluster",
            "configuration_endpoint": null,
            "engine": "redis",
            "engine_version": "7.1",
            "engine_version_actual": "7.1.0",
            "final_snapshot_identifier": null,
            "id": "payjack-dev-us-east-1-redis-cluster",
            "ip_discovery": "ipv4",
            "log_delivery_configuration": [],
            "maintenance_window": "mon:03:30-mon:04:30",
            "network_type": "ipv4",
            "node_type": "cache.t3.medium",
            "notification_topic_arn": null,
            "num_cache_nodes": 1,
            "outpost_mode": null,
            "parameter_group_name": "default.redis7",
            "port": 6379,
            "preferred_availability_zones": null,
            "preferred_outpost_arn": "",
            "replication_group_id": "",
            "security_group_ids": [
              "sg-00d75094025a57465"
            ],
            "snapshot_arns": null,
            "snapshot_name": null,
            "snapshot_retention_limit": 0,
            "snapshot_window": "08:30-09:30",
            "subnet_group_name": "payjack-dev-us-east-1-subnet-group",
            "tags": null,
            "tags_all": {},
            "timeouts": null,
            "transit_encryption_enabled": false
          },
          "sensitive_attributes": [
            [
              {
                "type": "get_attr",
                "value": "security_group_ids"
              }
            ]
          ],
          "private": "eyJlMmJmYjczMC1lY2FhLTExZTYtOGY4OC0zNDM2M2JjN2M0YzAiOnsiY3JlYXRlIjoyNDAwMDAwMDAwMDAwLCJkZWxldGUiOjI0MDAwMDAwMDAwMDAsInVwZGF0ZSI6NDgwMDAwMDAwMDAwMH19",
          "dependencies": [
            "module.networking.aws_eip.nat_eip",
            "module.networking.aws_internet_gateway.igw",
            "module.networking.aws_nat_gateway.nat",
            "module.networking.aws_route_table.private",
            "module.networking.aws_route_table.public",
            "module.networking.aws_route_table_association.private",
            "module.networking.aws_route_table_association.public",
            "module.networking.aws_ssm_parameter.igw_id",
            "module.networking.aws_ssm_parameter.nat_id",
            "module.networking.aws_ssm_parameter.private_rt_id",
            "module.networking.aws_ssm_parameter.private_subnet_ids",
            "module.networking.aws_ssm_parameter.public_rt_id",
            "module.networking.aws_ssm_parameter.public_subnet_ids",
            "module.networking.aws_ssm_parameter.vpc_id",
            "module.networking.aws_subnet.app",
            "module.networking.aws_subnet.private",
            "module.networking.aws_subnet.public",
            "module.networking.aws_vpc.main",
            "module.networking.data.aws_availability_zones.available",
            "module.networking.data.aws_ssm_parameter.private_subnet_ids",
            "module.networking.data.aws_ssm_parameter.public_subnet_ids",
            "module.networking.data.aws_ssm_parameter.vpc_id",
            "module.security.aws_security_group.admin_sg",
            "module.security.aws_security_group.alb_sg",
            "module.security.aws_security_group.asg_sg",
            "module.security.aws_security_group.elasticache_sg",
            "module.security.aws_security_group.kafka_sg",
            "module.security.aws_security_group.rds_sg",
            "module.security.aws_ssm_parameter.admin_sg_id",
            "module.security.aws_ssm_parameter.alb_sg_id",
            "module.security.aws_ssm_parameter.asg_sg_id",
            "module.security.aws_ssm_parameter.elasticache_sg_id",
            "module.security.aws_ssm_parameter.kafka_sg_id",
            "module.security.aws_ssm_parameter.rds_sg_id",
            "module.security.data.aws_ssm_parameter.vpc_id",
            "module.services.aws_elasticache_subnet_group.redis",
            "module.services.data.aws_ssm_parameter.elasticache_sg_id",
            "module.services.data.aws_ssm_parameter.private_subnet_ids"
          ]
        }
      ]
    },
    {
      "module": "module.services",
      "mode": "managed",
      "type": "aws_elasticache_subnet_group",
      "name": "redis",
      "provider": "provider[\"registry.terraform.io/hashicorp/aws\"]",
      "instances": [
        {
          "schema_version": 0,
          "attributes": {
            "arn": "arn:aws:elasticache:us-east-1:975050283031:subnetgroup:payjack-dev-us-east-1-subnet-group",
            "description": "Managed by Terraform",
            "id": "payjack-dev-us-east-1-subnet-group",
            "name": "payjack-dev-us-east-1-subnet-group",
            "subnet_ids": [
              "subnet-026f9bfa770db9321",
              "subnet-04724e4dd10ec5c76",
              "subnet-060f6afa91d17c624"
            ],
            "tags": {
              "Environment": "dev",
              "Managed_by": "terraform",
              "Name": "payjack-dev-us-east-1-subnet-group",
              "Owner": "mimi",
              "Project": "payjack"
            },
            "tags_all": {
              "Environment": "dev",
              "Managed_by": "terraform",
              "Name": "payjack-dev-us-east-1-subnet-group",
              "Owner": "mimi",
              "Project": "payjack"
            },
            "vpc_id": "vpc-04da810f698d50a30"
          },
          "sensitive_attributes": [
            [
              {
                "type": "get_attr",
                "value": "subnet_ids"
              }
            ]
          ],
          "private": "bnVsbA==",
          "dependencies": [
            "module.networking.aws_eip.nat_eip",
            "module.networking.aws_internet_gateway.igw",
            "module.networking.aws_nat_gateway.nat",
            "module.networking.aws_route_table.private",
            "module.networking.aws_route_table.public",
            "module.networking.aws_route_table_association.private",
            "module.networking.aws_route_table_association.public",
            "module.networking.aws_ssm_parameter.igw_id",
            "module.networking.aws_ssm_parameter.nat_id",
            "module.networking.aws_ssm_parameter.private_rt_id",
            "module.networking.aws_ssm_parameter.private_subnet_ids",
            "module.networking.aws_ssm_parameter.public_rt_id",
            "module.networking.aws_ssm_parameter.public_subnet_ids",
            "module.networking.aws_ssm_parameter.vpc_id",
            "module.networking.aws_subnet.app",
            "module.networking.aws_subnet.private",
            "module.networking.aws_subnet.public",
            "module.networking.aws_vpc.main",
            "module.networking.data.aws_availability_zones.available",
            "module.networking.data.aws_ssm_parameter.private_subnet_ids",
            "module.networking.data.aws_ssm_parameter.public_subnet_ids",
            "module.networking.data.aws_ssm_parameter.vpc_id",
            "module.security.aws_security_group.admin_sg",
            "module.security.aws_security_group.alb_sg",
            "module.security.aws_security_group.asg_sg",
            "module.security.aws_security_group.elasticache_sg",
            "module.security.aws_security_group.kafka_sg",
            "module.security.aws_security_group.rds_sg",
            "module.security.aws_ssm_parameter.admin_sg_id",
            "module.security.aws_ssm_parameter.alb_sg_id",
            "module.security.aws_ssm_parameter.asg_sg_id",
            "module.security.aws_ssm_parameter.elasticache_sg_id",
            "module.security.aws_ssm_parameter.kafka_sg_id",
            "module.security.aws_ssm_parameter.rds_sg_id",
            "module.security.data.aws_ssm_parameter.vpc_id",
            "module.services.data.aws_ssm_parameter.private_subnet_ids"
          ],
          "create_before_destroy": true
        }
      ]
    },
    {
      "module": "module.services",
      "mode": "managed",
      "type": "aws_msk_cluster",
      "name": "kafka",
      "provider": "provider[\"registry.terraform.io/hashicorp/aws\"]",
      "instances": [
        {
          "schema_version": 0,
          "attributes": {
            "arn": "arn:aws:kafka:us-east-1:975050283031:cluster/payjack-dev-us-east-1-kafka-cluster/afe0919c-8e82-4177-8178-4d292fbff9f3-1",
            "bootstrap_brokers": "",
            "bootstrap_brokers_public_sasl_iam": "",
            "bootstrap_brokers_public_sasl_scram": "",
            "bootstrap_brokers_public_tls": "",
            "bootstrap_brokers_sasl_iam": "",
            "bootstrap_brokers_sasl_scram": "",
            "bootstrap_brokers_tls": "b-1.payjackdevuseast1kafka.hdohp5.c1.kafka.us-east-1.amazonaws.com:9094,b-2.payjackdevuseast1kafka.hdohp5.c1.kafka.us-east-1.amazonaws.com:9094,b-3.payjackdevuseast1kafka.hdohp5.c1.kafka.us-east-1.amazonaws.com:9094",
            "bootstrap_brokers_vpc_connectivity_sasl_iam": "",
            "bootstrap_brokers_vpc_connectivity_sasl_scram": "",
            "bootstrap_brokers_vpc_connectivity_tls": "",
            "broker_node_group_info": [
              {
                "az_distribution": "DEFAULT",
                "client_subnets": [
                  "subnet-026f9bfa770db9321",
                  "subnet-04724e4dd10ec5c76",
                  "subnet-060f6afa91d17c624"
                ],
                "connectivity_info": [
                  {
                    "public_access": [
                      {
                        "type": "DISABLED"
                      }
                    ],
                    "vpc_connectivity": [
                      {
                        "client_authentication": [
                          {
                            "sasl": [
                              {
                                "iam": false,
                                "scram": false
                              }
                            ],
                            "tls": false
                          }
                        ]
                      }
                    ]
                  }
                ],
                "instance_type": "kafka.t3.small",
                "security_groups": [
                  "sg-0e54019c5bab90554"
                ],
                "storage_info": [
                  {
                    "ebs_storage_info": [
                      {
                        "provisioned_throughput": [],
                        "volume_size": 1000
                      }
                    ]
                  }
                ]
              }
            ],
            "client_authentication": [],
            "cluster_name": "payjack-dev-us-east-1-kafka-cluster",
            "cluster_uuid": "afe0919c-8e82-4177-8178-4d292fbff9f3-1",
            "configuration_info": [],
            "current_version": "K3P5ROKL5A1OLE",
            "encryption_info": [
              {
                "encryption_at_rest_kms_key_arn": "arn:aws:kms:us-east-1:975050283031:key/86605963-65d3-4c36-9611-6ad37adb5300",
                "encryption_in_transit": [
                  {
                    "client_broker": "TLS",
                    "in_cluster": true
                  }
                ]
              }
            ],
            "enhanced_monitoring": "DEFAULT",
            "id": "arn:aws:kafka:us-east-1:975050283031:cluster/payjack-dev-us-east-1-kafka-cluster/afe0919c-8e82-4177-8178-4d292fbff9f3-1",
            "kafka_version": "2.8.0",
            "logging_info": [],
            "number_of_broker_nodes": 3,
            "open_monitoring": [
              {
                "prometheus": [
                  {
                    "jmx_exporter": [
                      {
                        "enabled_in_broker": false
                      }
                    ],
                    "node_exporter": [
                      {
                        "enabled_in_broker": false
                      }
                    ]
                  }
                ]
              }
            ],
            "storage_mode": "LOCAL",
            "tags": null,
            "tags_all": {},
            "timeouts": null,
            "zookeeper_connect_string": "z-1.payjackdevuseast1kafka.hdohp5.c1.kafka.us-east-1.amazonaws.com:2181,z-2.payjackdevuseast1kafka.hdohp5.c1.kafka.us-east-1.amazonaws.com:2181,z-3.payjackdevuseast1kafka.hdohp5.c1.kafka.us-east-1.amazonaws.com:2181",
            "zookeeper_connect_string_tls": "z-1.payjackdevuseast1kafka.hdohp5.c1.kafka.us-east-1.amazonaws.com:2182,z-2.payjackdevuseast1kafka.hdohp5.c1.kafka.us-east-1.amazonaws.com:2182,z-3.payjackdevuseast1kafka.hdohp5.c1.kafka.us-east-1.amazonaws.com:2182"
          },
          "sensitive_attributes": [
            [
              {
                "type": "get_attr",
                "value": "broker_node_group_info"
              },
              {
                "type": "index",
                "value": {
                  "value": 0,
                  "type": "number"
                }
              },
              {
                "type": "get_attr",
                "value": "client_subnets"
              }
            ],
            [
              {
                "type": "get_attr",
                "value": "broker_node_group_info"
              },
              {
                "type": "index",
                "value": {
                  "value": 0,
                  "type": "number"
                }
              },
              {
                "type": "get_attr",
                "value": "security_groups"
              }
            ]
          ],
          "private": "eyJlMmJmYjczMC1lY2FhLTExZTYtOGY4OC0zNDM2M2JjN2M0YzAiOnsiY3JlYXRlIjo3MjAwMDAwMDAwMDAwLCJkZWxldGUiOjcyMDAwMDAwMDAwMDAsInVwZGF0ZSI6NzIwMDAwMDAwMDAwMH19",
          "dependencies": [
            "module.networking.aws_eip.nat_eip",
            "module.networking.aws_internet_gateway.igw",
            "module.networking.aws_nat_gateway.nat",
            "module.networking.aws_route_table.private",
            "module.networking.aws_route_table.public",
            "module.networking.aws_route_table_association.private",
            "module.networking.aws_route_table_association.public",
            "module.networking.aws_ssm_parameter.igw_id",
            "module.networking.aws_ssm_parameter.nat_id",
            "module.networking.aws_ssm_parameter.private_rt_id",
            "module.networking.aws_ssm_parameter.private_subnet_ids",
            "module.networking.aws_ssm_parameter.public_rt_id",
            "module.networking.aws_ssm_parameter.public_subnet_ids",
            "module.networking.aws_ssm_parameter.vpc_id",
            "module.networking.aws_subnet.app",
            "module.networking.aws_subnet.private",
            "module.networking.aws_subnet.public",
            "module.networking.aws_vpc.main",
            "module.networking.data.aws_availability_zones.available",
            "module.networking.data.aws_ssm_parameter.private_subnet_ids",
            "module.networking.data.aws_ssm_parameter.public_subnet_ids",
            "module.networking.data.aws_ssm_parameter.vpc_id",
            "module.security.aws_security_group.admin_sg",
            "module.security.aws_security_group.alb_sg",
            "module.security.aws_security_group.asg_sg",
            "module.security.aws_security_group.elasticache_sg",
            "module.security.aws_security_group.kafka_sg",
            "module.security.aws_security_group.rds_sg",
            "module.security.aws_ssm_parameter.admin_sg_id",
            "module.security.aws_ssm_parameter.alb_sg_id",
            "module.security.aws_ssm_parameter.asg_sg_id",
            "module.security.aws_ssm_parameter.elasticache_sg_id",
            "module.security.aws_ssm_parameter.kafka_sg_id",
            "module.security.aws_ssm_parameter.rds_sg_id",
            "module.security.data.aws_ssm_parameter.vpc_id",
            "module.services.data.aws_ssm_parameter.kafka_sg_id",
            "module.services.data.aws_ssm_parameter.private_subnet_ids"
          ]
        }
      ]
    },
    {
      "module": "module.storage",
      "mode": "data",
      "type": "aws_elb_service_account",
      "name": "main",
      "provider": "provider[\"registry.terraform.io/hashicorp/aws\"]",
      "instances": [
        {
          "schema_version": 0,
          "attributes": {
            "arn": "arn:aws:iam::127311923021:root",
            "id": "127311923021",
            "region": null
          },
          "sensitive_attributes": []
        }
      ]
    },
    {
      "module": "module.storage",
      "mode": "managed",
      "type": "aws_s3_bucket",
      "name": "alb_logs",
      "provider": "provider[\"registry.terraform.io/hashicorp/aws\"]",
      "instances": [
        {
          "schema_version": 0,
          "attributes": {
            "acceleration_status": "",
            "acl": null,
            "arn": "arn:aws:s3:::payjack-dev-us-east-1-alb-logs",
            "bucket": "payjack-dev-us-east-1-alb-logs",
            "bucket_domain_name": "payjack-dev-us-east-1-alb-logs.s3.amazonaws.com",
            "bucket_prefix": "",
            "bucket_regional_domain_name": "payjack-dev-us-east-1-alb-logs.s3.us-east-1.amazonaws.com",
            "cors_rule": [],
            "force_destroy": true,
            "grant": [
              {
                "id": "344a7778fb74e84db3f8d7d1d03595818422b120cc55f5777dd565bea85d9d77",
                "permissions": [
                  "FULL_CONTROL"
                ],
                "type": "CanonicalUser",
                "uri": ""
              }
            ],
            "hosted_zone_id": "Z3AQBSTGFYJSTF",
            "id": "payjack-dev-us-east-1-alb-logs",
            "lifecycle_rule": [],
            "logging": [],
            "object_lock_configuration": [],
            "object_lock_enabled": false,
            "policy": "",
            "region": "us-east-1",
            "replication_configuration": [],
            "request_payer": "BucketOwner",
            "server_side_encryption_configuration": [
              {
                "rule": [
                  {
                    "apply_server_side_encryption_by_default": [
                      {
                        "kms_master_key_id": "",
                        "sse_algorithm": "AES256"
                      }
                    ],
                    "bucket_key_enabled": false
                  }
                ]
              }
            ],
            "tags": {
              "Environment": "dev",
              "Managed_by": "terraform",
              "Name": "payjack-dev-us-east-1-alb-logs",
              "Owner": "mimi",
              "Project": "payjack"
            },
            "tags_all": {
              "Environment": "dev",
              "Managed_by": "terraform",
              "Name": "payjack-dev-us-east-1-alb-logs",
              "Owner": "mimi",
              "Project": "payjack"
            },
            "timeouts": null,
            "versioning": [
              {
                "enabled": false,
                "mfa_delete": false
              }
            ],
            "website": [],
            "website_domain": null,
            "website_endpoint": null
          },
          "sensitive_attributes": [],
          "private": "eyJlMmJmYjczMC1lY2FhLTExZTYtOGY4OC0zNDM2M2JjN2M0YzAiOnsiY3JlYXRlIjoxMjAwMDAwMDAwMDAwLCJkZWxldGUiOjM2MDAwMDAwMDAwMDAsInJlYWQiOjEyMDAwMDAwMDAwMDAsInVwZGF0ZSI6MTIwMDAwMDAwMDAwMH19"
        }
      ]
    },
    {
      "module": "module.storage",
      "mode": "managed",
      "type": "aws_s3_bucket_logging",
      "name": "alb_logs",
      "provider": "provider[\"registry.terraform.io/hashicorp/aws\"]",
      "instances": [
        {
          "schema_version": 0,
          "attributes": {
            "bucket": "payjack-dev-us-east-1-alb-logs",
            "expected_bucket_owner": "",
            "id": "payjack-dev-us-east-1-alb-logs",
            "target_bucket": "payjack-dev-us-east-1-alb-logs",
            "target_grant": [],
            "target_object_key_format": [],
            "target_prefix": "logs/"
          },
          "sensitive_attributes": [],
          "private": "bnVsbA==",
          "dependencies": [
            "module.storage.aws_s3_bucket.alb_logs"
          ]
        }
      ]
    },
    {
      "module": "module.storage",
      "mode": "managed",
      "type": "aws_s3_bucket_notification",
      "name": "alb_logs",
      "provider": "provider[\"registry.terraform.io/hashicorp/aws\"]",
      "instances": [
        {
          "schema_version": 0,
          "attributes": {
            "bucket": "payjack-dev-us-east-1-alb-logs",
            "eventbridge": true,
            "id": "payjack-dev-us-east-1-alb-logs",
            "lambda_function": [],
            "queue": [],
            "topic": []
          },
          "sensitive_attributes": [],
          "private": "bnVsbA==",
          "dependencies": [
            "module.storage.aws_s3_bucket.alb_logs"
          ]
        }
      ]
    },
    {
      "module": "module.storage",
      "mode": "managed",
      "type": "aws_s3_bucket_policy",
      "name": "alb_logs",
      "provider": "provider[\"registry.terraform.io/hashicorp/aws\"]",
      "instances": [
        {
          "schema_version": 0,
          "attributes": {
            "bucket": "payjack-dev-us-east-1-alb-logs",
            "id": "payjack-dev-us-east-1-alb-logs",
            "policy": "{\"Statement\":[{\"Action\":\"s3:PutObject\",\"Effect\":\"Allow\",\"Principal\":{\"AWS\":\"arn:aws:iam::127311923021:root\"},\"Resource\":\"arn:aws:s3:::payjack-dev-us-east-1-alb-logs/*\"}],\"Version\":\"2012-10-17\"}"
          },
          "sensitive_attributes": [],
          "private": "bnVsbA==",
          "dependencies": [
            "module.storage.aws_s3_bucket.alb_logs",
            "module.storage.data.aws_elb_service_account.main"
          ]
        }
      ]
    },
    {
      "module": "module.storage",
      "mode": "managed",
      "type": "aws_s3_bucket_public_access_block",
      "name": "alb_logs",
      "provider": "provider[\"registry.terraform.io/hashicorp/aws\"]",
      "instances": [
        {
          "schema_version": 0,
          "attributes": {
            "block_public_acls": true,
            "block_public_policy": true,
            "bucket": "payjack-dev-us-east-1-alb-logs",
            "id": "payjack-dev-us-east-1-alb-logs",
            "ignore_public_acls": true,
            "restrict_public_buckets": true
          },
          "sensitive_attributes": [],
          "private": "bnVsbA==",
          "dependencies": [
            "module.storage.aws_s3_bucket.alb_logs"
          ]
        }
      ]
    },
    {
      "module": "module.storage",
      "mode": "managed",
      "type": "aws_s3_bucket_server_side_encryption_configuration",
      "name": "alb_logs",
      "provider": "provider[\"registry.terraform.io/hashicorp/aws\"]",
      "instances": [
        {
          "schema_version": 0,
          "attributes": {
            "bucket": "payjack-dev-us-east-1-alb-logs",
            "expected_bucket_owner": "",
            "id": "payjack-dev-us-east-1-alb-logs",
            "rule": [
              {
                "apply_server_side_encryption_by_default": [
                  {
                    "kms_master_key_id": "",
                    "sse_algorithm": "AES256"
                  }
                ],
                "bucket_key_enabled": null
              }
            ]
          },
          "sensitive_attributes": [],
          "private": "bnVsbA==",
          "dependencies": [
            "module.storage.aws_s3_bucket.alb_logs"
          ]
        }
      ]
    },
    {
      "module": "module.storage",
      "mode": "managed",
      "type": "aws_s3_bucket_versioning",
      "name": "alb_logs",
      "provider": "provider[\"registry.terraform.io/hashicorp/aws\"]",
      "instances": [
        {
          "schema_version": 0,
          "attributes": {
            "bucket": "payjack-dev-us-east-1-alb-logs",
            "expected_bucket_owner": "",
            "id": "payjack-dev-us-east-1-alb-logs",
            "mfa": null,
            "versioning_configuration": [
              {
                "mfa_delete": "",
                "status": "Enabled"
              }
            ]
          },
          "sensitive_attributes": [],
          "private": "bnVsbA==",
          "dependencies": [
            "module.storage.aws_s3_bucket.alb_logs"
          ]
        }
      ]
    },
    {
      "module": "module.storage",
      "mode": "managed",
      "type": "aws_ssm_parameter",
      "name": "alb_logs_bucket_name",
      "provider": "provider[\"registry.terraform.io/hashicorp/aws\"]",
      "instances": [
        {
          "schema_version": 0,
          "attributes": {
            "allowed_pattern": "",
            "arn": "arn:aws:ssm:us-east-1:975050283031:parameter/payjack-dev-us-east-1/alb-logs-bucket-name",
            "data_type": "text",
            "description": "",
            "has_value_wo": null,
            "id": "/payjack-dev-us-east-1/alb-logs-bucket-name",
            "insecure_value": null,
            "key_id": "",
            "name": "/payjack-dev-us-east-1/alb-logs-bucket-name",
            "overwrite": null,
            "tags": null,
            "tags_all": {},
            "tier": "Standard",
            "type": "String",
            "value": "payjack-dev-us-east-1-alb-logs",
            "value_wo": null,
            "value_wo_version": null,
            "version": 1
          },
          "sensitive_attributes": [
            [
              {
                "type": "get_attr",
                "value": "value"
              }
            ],
            [
              {
                "type": "get_attr",
                "value": "value_wo"
              }
            ]
          ],
          "private": "bnVsbA==",
          "dependencies": [
            "module.storage.aws_s3_bucket.alb_logs"
          ]
        }
      ]
    }
  ],
  "check_results": null
}
